
Microsoft Visual Studio Solution File, Format Version 12.00
# Visual Studio 14
Project("{2150E333-8FDC-42A3-9474-1A3956D46DE8}") = "examples", "examples", "{53D8728A-BF42-2701-0881-D8A6742A0556}"
EndProject
Project("{2150E333-8FDC-42A3-9474-1A3956D46DE8}") = "libs", "libs", "{7E848E0B-EA98-B6BC-B31A-5A1C1FEEB2ED}"
EndProject
Project("{2150E333-8FDC-42A3-9474-1A3956D46DE8}") = "tools", "tools", "{6559F37D-51FB-1D54-3AB6-31A826F7A4A4}"
EndProject
Project("{2150E333-8FDC-42A3-9474-1A3956D46DE8}") = "shaderc", "shaderc", "{4EAB80E7-3A79-74ED-230D-E5130F7A5052}"
EndProject
Project("{8BC9CEB8-8B4A-11D0-8D11-00A0C91BC942}") = "example-00-helloworld", "example-00-helloworld.vcxproj", "{07C26CF4-732E-28EF-3C22-C04CA84D4A57}"
	ProjectSection(ProjectDependencies) = postProject
		{A788128C-9356-0692-7CEA-76B86857E2F6} = {A788128C-9356-0692-7CEA-76B86857E2F6}
		{2B1D7912-1780-08B7-C005-416DAC47D439} = {2B1D7912-1780-08B7-C005-416DAC47D439}
		{6C90947C-58C7-950D-01B4-7B10EDC9110F} = {6C90947C-58C7-950D-01B4-7B10EDC9110F}
		{A7B931CA-136F-AABF-9C63-A4960818A1C3} = {A7B931CA-136F-AABF-9C63-A4960818A1C3}
		{C499947C-B0D0-950D-59BD-7B1045D3110F} = {C499947C-B0D0-950D-59BD-7B1045D3110F}
		{5F775900-4B03-880B-B4B1-880BA05C880B} = {5F775900-4B03-880B-B4B1-880BA05C880B}
	EndProjectSection
EndProject
Project("{8BC9CEB8-8B4A-11D0-8D11-00A0C91BC942}") = "bgfx", "bgfx.vcxproj", "{6C90947C-58C7-950D-01B4-7B10EDC9110F}"
	ProjectSection(ProjectDependencies) = postProject
		{5F775900-4B03-880B-B4B1-880BA05C880B} = {5F775900-4B03-880B-B4B1-880BA05C880B}
	EndProjectSection
EndProject
Project("{8BC9CEB8-8B4A-11D0-8D11-00A0C91BC942}") = "bx", "bx.vcxproj", "{5F775900-4B03-880B-B4B1-880BA05C880B}"
EndProject
Project("{8BC9CEB8-8B4A-11D0-8D11-00A0C91BC942}") = "bimg", "bimg.vcxproj", "{C499947C-B0D0-950D-59BD-7B1045D3110F}"
EndProject
Project("{8BC9CEB8-8B4A-11D0-8D11-00A0C91BC942}") = "bimg_decode", "bimg_decode.vcxproj", "{A7B931CA-136F-AABF-9C63-A4960818A1C3}"
EndProject
Project("{8BC9CEB8-8B4A-11D0-8D11-00A0C91BC942}") = "bimg_encode", "bimg_encode.vcxproj", "{D1BE29CD-3D74-A2C2-C668-9C99321D99C6}"
EndProject
Project("{8BC9CEB8-8B4A-11D0-8D11-00A0C91BC942}") = "example-glue", "example-glue.vcxproj", "{2B1D7912-1780-08B7-C005-416DAC47D439}"
EndProject
Project("{8BC9CEB8-8B4A-11D0-8D11-00A0C91BC942}") = "example-common", "example-common.vcxproj", "{A788128C-9356-0692-7CEA-76B86857E2F6}"
EndProject
Project("{8BC9CEB8-8B4A-11D0-8D11-00A0C91BC942}") = "example-01-cubes", "example-01-cubes.vcxproj", "{3E36238F-2A2F-42E1-5361-27663FB921ED}"
	ProjectSection(ProjectDependencies) = postProject
		{A788128C-9356-0692-7CEA-76B86857E2F6} = {A788128C-9356-0692-7CEA-76B86857E2F6}
		{2B1D7912-1780-08B7-C005-416DAC47D439} = {2B1D7912-1780-08B7-C005-416DAC47D439}
		{6C90947C-58C7-950D-01B4-7B10EDC9110F} = {6C90947C-58C7-950D-01B4-7B10EDC9110F}
		{A7B931CA-136F-AABF-9C63-A4960818A1C3} = {A7B931CA-136F-AABF-9C63-A4960818A1C3}
		{C499947C-B0D0-950D-59BD-7B1045D3110F} = {C499947C-B0D0-950D-59BD-7B1045D3110F}
		{5F775900-4B03-880B-B4B1-880BA05C880B} = {5F775900-4B03-880B-B4B1-880BA05C880B}
	EndProjectSection
EndProject
Project("{8BC9CEB8-8B4A-11D0-8D11-00A0C91BC942}") = "example-02-metaballs", "example-02-metaballs.vcxproj", "{820393EB-6E92-1CB5-17B1-30B0031F2D5B}"
	ProjectSection(ProjectDependencies) = postProject
		{A788128C-9356-0692-7CEA-76B86857E2F6} = {A788128C-9356-0692-7CEA-76B86857E2F6}
		{2B1D7912-1780-08B7-C005-416DAC47D439} = {2B1D7912-1780-08B7-C005-416DAC47D439}
		{6C90947C-58C7-950D-01B4-7B10EDC9110F} = {6C90947C-58C7-950D-01B4-7B10EDC9110F}
		{A7B931CA-136F-AABF-9C63-A4960818A1C3} = {A7B931CA-136F-AABF-9C63-A4960818A1C3}
		{C499947C-B0D0-950D-59BD-7B1045D3110F} = {C499947C-B0D0-950D-59BD-7B1045D3110F}
		{5F775900-4B03-880B-B4B1-880BA05C880B} = {5F775900-4B03-880B-B4B1-880BA05C880B}
	EndProjectSection
EndProject
Project("{8BC9CEB8-8B4A-11D0-8D11-00A0C91BC942}") = "example-03-raymarch", "example-03-raymarch.vcxproj", "{A5CF9490-1131-729E-9A9E-B85006FFA85D}"
	ProjectSection(ProjectDependencies) = postProject
		{A788128C-9356-0692-7CEA-76B86857E2F6} = {A788128C-9356-0692-7CEA-76B86857E2F6}
		{2B1D7912-1780-08B7-C005-416DAC47D439} = {2B1D7912-1780-08B7-C005-416DAC47D439}
		{6C90947C-58C7-950D-01B4-7B10EDC9110F} = {6C90947C-58C7-950D-01B4-7B10EDC9110F}
		{A7B931CA-136F-AABF-9C63-A4960818A1C3} = {A7B931CA-136F-AABF-9C63-A4960818A1C3}
		{C499947C-B0D0-950D-59BD-7B1045D3110F} = {C499947C-B0D0-950D-59BD-7B1045D3110F}
		{5F775900-4B03-880B-B4B1-880BA05C880B} = {5F775900-4B03-880B-B4B1-880BA05C880B}
	EndProjectSection
EndProject
Project("{8BC9CEB8-8B4A-11D0-8D11-00A0C91BC942}") = "example-04-mesh", "example-04-mesh.vcxproj", "{3CDC622A-A867-D0EE-B178-53E31D832CEF}"
	ProjectSection(ProjectDependencies) = postProject
		{A788128C-9356-0692-7CEA-76B86857E2F6} = {A788128C-9356-0692-7CEA-76B86857E2F6}
		{2B1D7912-1780-08B7-C005-416DAC47D439} = {2B1D7912-1780-08B7-C005-416DAC47D439}
		{6C90947C-58C7-950D-01B4-7B10EDC9110F} = {6C90947C-58C7-950D-01B4-7B10EDC9110F}
		{A7B931CA-136F-AABF-9C63-A4960818A1C3} = {A7B931CA-136F-AABF-9C63-A4960818A1C3}
		{C499947C-B0D0-950D-59BD-7B1045D3110F} = {C499947C-B0D0-950D-59BD-7B1045D3110F}
		{5F775900-4B03-880B-B4B1-880BA05C880B} = {5F775900-4B03-880B-B4B1-880BA05C880B}
	EndProjectSection
EndProject
Project("{8BC9CEB8-8B4A-11D0-8D11-00A0C91BC942}") = "example-05-instancing", "example-05-instancing.vcxproj", "{5E07E5C1-CA73-A0BC-9367-381AFF92C224}"
	ProjectSection(ProjectDependencies) = postProject
		{A788128C-9356-0692-7CEA-76B86857E2F6} = {A788128C-9356-0692-7CEA-76B86857E2F6}
		{2B1D7912-1780-08B7-C005-416DAC47D439} = {2B1D7912-1780-08B7-C005-416DAC47D439}
		{6C90947C-58C7-950D-01B4-7B10EDC9110F} = {6C90947C-58C7-950D-01B4-7B10EDC9110F}
		{A7B931CA-136F-AABF-9C63-A4960818A1C3} = {A7B931CA-136F-AABF-9C63-A4960818A1C3}
		{C499947C-B0D0-950D-59BD-7B1045D3110F} = {C499947C-B0D0-950D-59BD-7B1045D3110F}
		{5F775900-4B03-880B-B4B1-880BA05C880B} = {5F775900-4B03-880B-B4B1-880BA05C880B}
	EndProjectSection
EndProject
Project("{8BC9CEB8-8B4A-11D0-8D11-00A0C91BC942}") = "example-06-bump", "example-06-bump.vcxproj", "{A568072F-11F4-74F3-1A05-F8E7860FD1F3}"
	ProjectSection(ProjectDependencies) = postProject
		{A788128C-9356-0692-7CEA-76B86857E2F6} = {A788128C-9356-0692-7CEA-76B86857E2F6}
		{2B1D7912-1780-08B7-C005-416DAC47D439} = {2B1D7912-1780-08B7-C005-416DAC47D439}
		{6C90947C-58C7-950D-01B4-7B10EDC9110F} = {6C90947C-58C7-950D-01B4-7B10EDC9110F}
		{A7B931CA-136F-AABF-9C63-A4960818A1C3} = {A7B931CA-136F-AABF-9C63-A4960818A1C3}
		{C499947C-B0D0-950D-59BD-7B1045D3110F} = {C499947C-B0D0-950D-59BD-7B1045D3110F}
		{5F775900-4B03-880B-B4B1-880BA05C880B} = {5F775900-4B03-880B-B4B1-880BA05C880B}
	EndProjectSection
EndProject
Project("{8BC9CEB8-8B4A-11D0-8D11-00A0C91BC942}") = "example-07-callback", "example-07-callback.vcxproj", "{5FB67EAA-CB17-5CB8-5485-A26AC0E59277}"
	ProjectSection(ProjectDependencies) = postProject
		{A788128C-9356-0692-7CEA-76B86857E2F6} = {A788128C-9356-0692-7CEA-76B86857E2F6}
		{2B1D7912-1780-08B7-C005-416DAC47D439} = {2B1D7912-1780-08B7-C005-416DAC47D439}
		{6C90947C-58C7-950D-01B4-7B10EDC9110F} = {6C90947C-58C7-950D-01B4-7B10EDC9110F}
		{A7B931CA-136F-AABF-9C63-A4960818A1C3} = {A7B931CA-136F-AABF-9C63-A4960818A1C3}
		{C499947C-B0D0-950D-59BD-7B1045D3110F} = {C499947C-B0D0-950D-59BD-7B1045D3110F}
		{5F775900-4B03-880B-B4B1-880BA05C880B} = {5F775900-4B03-880B-B4B1-880BA05C880B}
	EndProjectSection
EndProject
Project("{8BC9CEB8-8B4A-11D0-8D11-00A0C91BC942}") = "example-08-update", "example-08-update.vcxproj", "{3639FA12-A24F-F8A8-EBC6-83CA571CC930}"
	ProjectSection(ProjectDependencies) = postProject
		{A788128C-9356-0692-7CEA-76B86857E2F6} = {A788128C-9356-0692-7CEA-76B86857E2F6}
		{2B1D7912-1780-08B7-C005-416DAC47D439} = {2B1D7912-1780-08B7-C005-416DAC47D439}
		{6C90947C-58C7-950D-01B4-7B10EDC9110F} = {6C90947C-58C7-950D-01B4-7B10EDC9110F}
		{A7B931CA-136F-AABF-9C63-A4960818A1C3} = {A7B931CA-136F-AABF-9C63-A4960818A1C3}
		{C499947C-B0D0-950D-59BD-7B1045D3110F} = {C499947C-B0D0-950D-59BD-7B1045D3110F}
		{5F775900-4B03-880B-B4B1-880BA05C880B} = {5F775900-4B03-880B-B4B1-880BA05C880B}
	EndProjectSection
EndProject
Project("{8BC9CEB8-8B4A-11D0-8D11-00A0C91BC942}") = "example-09-hdr", "example-09-hdr.vcxproj", "{72162711-5EE4-1A17-4778-8B3D33E5F67B}"
	ProjectSection(ProjectDependencies) = postProject
		{A788128C-9356-0692-7CEA-76B86857E2F6} = {A788128C-9356-0692-7CEA-76B86857E2F6}
		{2B1D7912-1780-08B7-C005-416DAC47D439} = {2B1D7912-1780-08B7-C005-416DAC47D439}
		{6C90947C-58C7-950D-01B4-7B10EDC9110F} = {6C90947C-58C7-950D-01B4-7B10EDC9110F}
		{A7B931CA-136F-AABF-9C63-A4960818A1C3} = {A7B931CA-136F-AABF-9C63-A4960818A1C3}
		{C499947C-B0D0-950D-59BD-7B1045D3110F} = {C499947C-B0D0-950D-59BD-7B1045D3110F}
		{5F775900-4B03-880B-B4B1-880BA05C880B} = {5F775900-4B03-880B-B4B1-880BA05C880B}
	EndProjectSection
EndProject
Project("{8BC9CEB8-8B4A-11D0-8D11-00A0C91BC942}") = "example-10-font", "example-10-font.vcxproj", "{C3C9046E-2F55-7232-3866-F526A470CE32}"
	ProjectSection(ProjectDependencies) = postProject
		{A788128C-9356-0692-7CEA-76B86857E2F6} = {A788128C-9356-0692-7CEA-76B86857E2F6}
		{2B1D7912-1780-08B7-C005-416DAC47D439} = {2B1D7912-1780-08B7-C005-416DAC47D439}
		{6C90947C-58C7-950D-01B4-7B10EDC9110F} = {6C90947C-58C7-950D-01B4-7B10EDC9110F}
		{A7B931CA-136F-AABF-9C63-A4960818A1C3} = {A7B931CA-136F-AABF-9C63-A4960818A1C3}
		{C499947C-B0D0-950D-59BD-7B1045D3110F} = {C499947C-B0D0-950D-59BD-7B1045D3110F}
		{5F775900-4B03-880B-B4B1-880BA05C880B} = {5F775900-4B03-880B-B4B1-880BA05C880B}
	EndProjectSection
EndProject
Project("{8BC9CEB8-8B4A-11D0-8D11-00A0C91BC942}") = "example-11-fontsdf", "example-11-fontsdf.vcxproj", "{617EA5C2-4D62-6618-B6C2-606BA2C5509A}"
	ProjectSection(ProjectDependencies) = postProject
		{A788128C-9356-0692-7CEA-76B86857E2F6} = {A788128C-9356-0692-7CEA-76B86857E2F6}
		{2B1D7912-1780-08B7-C005-416DAC47D439} = {2B1D7912-1780-08B7-C005-416DAC47D439}
		{6C90947C-58C7-950D-01B4-7B10EDC9110F} = {6C90947C-58C7-950D-01B4-7B10EDC9110F}
		{A7B931CA-136F-AABF-9C63-A4960818A1C3} = {A7B931CA-136F-AABF-9C63-A4960818A1C3}
		{C499947C-B0D0-950D-59BD-7B1045D3110F} = {C499947C-B0D0-950D-59BD-7B1045D3110F}
		{5F775900-4B03-880B-B4B1-880BA05C880B} = {5F775900-4B03-880B-B4B1-880BA05C880B}
	EndProjectSection
EndProject
Project("{8BC9CEB8-8B4A-11D0-8D11-00A0C91BC942}") = "example-12-lod", "example-12-lod.vcxproj", "{EDA5FD12-D973-F118-C207-623FAE74CD7D}"
	ProjectSection(ProjectDependencies) = postProject
		{A788128C-9356-0692-7CEA-76B86857E2F6} = {A788128C-9356-0692-7CEA-76B86857E2F6}
		{2B1D7912-1780-08B7-C005-416DAC47D439} = {2B1D7912-1780-08B7-C005-416DAC47D439}
		{6C90947C-58C7-950D-01B4-7B10EDC9110F} = {6C90947C-58C7-950D-01B4-7B10EDC9110F}
		{A7B931CA-136F-AABF-9C63-A4960818A1C3} = {A7B931CA-136F-AABF-9C63-A4960818A1C3}
		{C499947C-B0D0-950D-59BD-7B1045D3110F} = {C499947C-B0D0-950D-59BD-7B1045D3110F}
		{5F775900-4B03-880B-B4B1-880BA05C880B} = {5F775900-4B03-880B-B4B1-880BA05C880B}
	EndProjectSection
EndProject
Project("{8BC9CEB8-8B4A-11D0-8D11-00A0C91BC942}") = "example-13-stencil", "example-13-stencil.vcxproj", "{21D7569F-0DBB-17F5-761B-1248621E0277}"
	ProjectSection(ProjectDependencies) = postProject
		{A788128C-9356-0692-7CEA-76B86857E2F6} = {A788128C-9356-0692-7CEA-76B86857E2F6}
		{2B1D7912-1780-08B7-C005-416DAC47D439} = {2B1D7912-1780-08B7-C005-416DAC47D439}
		{6C90947C-58C7-950D-01B4-7B10EDC9110F} = {6C90947C-58C7-950D-01B4-7B10EDC9110F}
		{A7B931CA-136F-AABF-9C63-A4960818A1C3} = {A7B931CA-136F-AABF-9C63-A4960818A1C3}
		{C499947C-B0D0-950D-59BD-7B1045D3110F} = {C499947C-B0D0-950D-59BD-7B1045D3110F}
		{5F775900-4B03-880B-B4B1-880BA05C880B} = {5F775900-4B03-880B-B4B1-880BA05C880B}
	EndProjectSection
EndProject
Project("{8BC9CEB8-8B4A-11D0-8D11-00A0C91BC942}") = "example-14-shadowvolumes", "example-14-shadowvolumes.vcxproj", "{61C226E5-4DE7-7565-7632-5BF562B67483}"
	ProjectSection(ProjectDependencies) = postProject
		{A788128C-9356-0692-7CEA-76B86857E2F6} = {A788128C-9356-0692-7CEA-76B86857E2F6}
		{2B1D7912-1780-08B7-C005-416DAC47D439} = {2B1D7912-1780-08B7-C005-416DAC47D439}
		{6C90947C-58C7-950D-01B4-7B10EDC9110F} = {6C90947C-58C7-950D-01B4-7B10EDC9110F}
		{A7B931CA-136F-AABF-9C63-A4960818A1C3} = {A7B931CA-136F-AABF-9C63-A4960818A1C3}
		{C499947C-B0D0-950D-59BD-7B1045D3110F} = {C499947C-B0D0-950D-59BD-7B1045D3110F}
		{5F775900-4B03-880B-B4B1-880BA05C880B} = {5F775900-4B03-880B-B4B1-880BA05C880B}
	EndProjectSection
EndProject
Project("{8BC9CEB8-8B4A-11D0-8D11-00A0C91BC942}") = "example-15-shadowmaps-simple", "example-15-shadowmaps-simple.vcxproj", "{DFFFA668-CBBA-9614-7472-0F5F600CE1A4}"
	ProjectSection(ProjectDependencies) = postProject
		{A788128C-9356-0692-7CEA-76B86857E2F6} = {A788128C-9356-0692-7CEA-76B86857E2F6}
		{2B1D7912-1780-08B7-C005-416DAC47D439} = {2B1D7912-1780-08B7-C005-416DAC47D439}
		{6C90947C-58C7-950D-01B4-7B10EDC9110F} = {6C90947C-58C7-950D-01B4-7B10EDC9110F}
		{A7B931CA-136F-AABF-9C63-A4960818A1C3} = {A7B931CA-136F-AABF-9C63-A4960818A1C3}
		{C499947C-B0D0-950D-59BD-7B1045D3110F} = {C499947C-B0D0-950D-59BD-7B1045D3110F}
		{5F775900-4B03-880B-B4B1-880BA05C880B} = {5F775900-4B03-880B-B4B1-880BA05C880B}
	EndProjectSection
EndProject
Project("{8BC9CEB8-8B4A-11D0-8D11-00A0C91BC942}") = "example-16-shadowmaps", "example-16-shadowmaps.vcxproj", "{091FC264-758B-7D5F-3E7F-15BDAAAA9FC7}"
	ProjectSection(ProjectDependencies) = postProject
		{A788128C-9356-0692-7CEA-76B86857E2F6} = {A788128C-9356-0692-7CEA-76B86857E2F6}
		{2B1D7912-1780-08B7-C005-416DAC47D439} = {2B1D7912-1780-08B7-C005-416DAC47D439}
		{6C90947C-58C7-950D-01B4-7B10EDC9110F} = {6C90947C-58C7-950D-01B4-7B10EDC9110F}
		{A7B931CA-136F-AABF-9C63-A4960818A1C3} = {A7B931CA-136F-AABF-9C63-A4960818A1C3}
		{C499947C-B0D0-950D-59BD-7B1045D3110F} = {C499947C-B0D0-950D-59BD-7B1045D3110F}
		{5F775900-4B03-880B-B4B1-880BA05C880B} = {5F775900-4B03-880B-B4B1-880BA05C880B}
	EndProjectSection
EndProject
Project("{8BC9CEB8-8B4A-11D0-8D11-00A0C91BC942}") = "example-17-drawstress", "example-17-drawstress.vcxproj", "{2510A7A5-917C-62A0-5A70-FAFDC69B8408}"
	ProjectSection(ProjectDependencies) = postProject
		{A788128C-9356-0692-7CEA-76B86857E2F6} = {A788128C-9356-0692-7CEA-76B86857E2F6}
		{2B1D7912-1780-08B7-C005-416DAC47D439} = {2B1D7912-1780-08B7-C005-416DAC47D439}
		{6C90947C-58C7-950D-01B4-7B10EDC9110F} = {6C90947C-58C7-950D-01B4-7B10EDC9110F}
		{A7B931CA-136F-AABF-9C63-A4960818A1C3} = {A7B931CA-136F-AABF-9C63-A4960818A1C3}
		{C499947C-B0D0-950D-59BD-7B1045D3110F} = {C499947C-B0D0-950D-59BD-7B1045D3110F}
		{5F775900-4B03-880B-B4B1-880BA05C880B} = {5F775900-4B03-880B-B4B1-880BA05C880B}
	EndProjectSection
EndProject
Project("{8BC9CEB8-8B4A-11D0-8D11-00A0C91BC942}") = "example-18-ibl", "example-18-ibl.vcxproj", "{8B2A6A13-77F8-5D19-608C-CE3F4CF9397E}"
	ProjectSection(ProjectDependencies) = postProject
		{A788128C-9356-0692-7CEA-76B86857E2F6} = {A788128C-9356-0692-7CEA-76B86857E2F6}
		{2B1D7912-1780-08B7-C005-416DAC47D439} = {2B1D7912-1780-08B7-C005-416DAC47D439}
		{6C90947C-58C7-950D-01B4-7B10EDC9110F} = {6C90947C-58C7-950D-01B4-7B10EDC9110F}
		{A7B931CA-136F-AABF-9C63-A4960818A1C3} = {A7B931CA-136F-AABF-9C63-A4960818A1C3}
		{C499947C-B0D0-950D-59BD-7B1045D3110F} = {C499947C-B0D0-950D-59BD-7B1045D3110F}
		{5F775900-4B03-880B-B4B1-880BA05C880B} = {5F775900-4B03-880B-B4B1-880BA05C880B}
	EndProjectSection
EndProject
Project("{8BC9CEB8-8B4A-11D0-8D11-00A0C91BC942}") = "example-19-oit", "example-19-oit.vcxproj", "{815D7C13-6D2B-7019-56BF-E03F422C4C7E}"
	ProjectSection(ProjectDependencies) = postProject
		{A788128C-9356-0692-7CEA-76B86857E2F6} = {A788128C-9356-0692-7CEA-76B86857E2F6}
		{2B1D7912-1780-08B7-C005-416DAC47D439} = {2B1D7912-1780-08B7-C005-416DAC47D439}
		{6C90947C-58C7-950D-01B4-7B10EDC9110F} = {6C90947C-58C7-950D-01B4-7B10EDC9110F}
		{A7B931CA-136F-AABF-9C63-A4960818A1C3} = {A7B931CA-136F-AABF-9C63-A4960818A1C3}
		{C499947C-B0D0-950D-59BD-7B1045D3110F} = {C499947C-B0D0-950D-59BD-7B1045D3110F}
		{5F775900-4B03-880B-B4B1-880BA05C880B} = {5F775900-4B03-880B-B4B1-880BA05C880B}
	EndProjectSection
EndProject
Project("{8BC9CEB8-8B4A-11D0-8D11-00A0C91BC942}") = "example-20-nanovg", "example-20-nanovg.vcxproj", "{D69F8688-42B6-841E-8B2D-1040F78255A6}"
	ProjectSection(ProjectDependencies) = postProject
		{A788128C-9356-0692-7CEA-76B86857E2F6} = {A788128C-9356-0692-7CEA-76B86857E2F6}
		{2B1D7912-1780-08B7-C005-416DAC47D439} = {2B1D7912-1780-08B7-C005-416DAC47D439}
		{6C90947C-58C7-950D-01B4-7B10EDC9110F} = {6C90947C-58C7-950D-01B4-7B10EDC9110F}
		{A7B931CA-136F-AABF-9C63-A4960818A1C3} = {A7B931CA-136F-AABF-9C63-A4960818A1C3}
		{C499947C-B0D0-950D-59BD-7B1045D3110F} = {C499947C-B0D0-950D-59BD-7B1045D3110F}
		{5F775900-4B03-880B-B4B1-880BA05C880B} = {5F775900-4B03-880B-B4B1-880BA05C880B}
	EndProjectSection
EndProject
Project("{8BC9CEB8-8B4A-11D0-8D11-00A0C91BC942}") = "example-21-deferred", "example-21-deferred.vcxproj", "{4FF1AEAE-BB52-8CBC-44C0-D26EB020C37B}"
	ProjectSection(ProjectDependencies) = postProject
		{A788128C-9356-0692-7CEA-76B86857E2F6} = {A788128C-9356-0692-7CEA-76B86857E2F6}
		{2B1D7912-1780-08B7-C005-416DAC47D439} = {2B1D7912-1780-08B7-C005-416DAC47D439}
		{6C90947C-58C7-950D-01B4-7B10EDC9110F} = {6C90947C-58C7-950D-01B4-7B10EDC9110F}
		{A7B931CA-136F-AABF-9C63-A4960818A1C3} = {A7B931CA-136F-AABF-9C63-A4960818A1C3}
		{C499947C-B0D0-950D-59BD-7B1045D3110F} = {C499947C-B0D0-950D-59BD-7B1045D3110F}
		{5F775900-4B03-880B-B4B1-880BA05C880B} = {5F775900-4B03-880B-B4B1-880BA05C880B}
	EndProjectSection
EndProject
Project("{8BC9CEB8-8B4A-11D0-8D11-00A0C91BC942}") = "example-22-windows", "example-22-windows.vcxproj", "{FAC0C249-E6A4-839F-4F05-7EF23B086E21}"
	ProjectSection(ProjectDependencies) = postProject
		{A788128C-9356-0692-7CEA-76B86857E2F6} = {A788128C-9356-0692-7CEA-76B86857E2F6}
		{2B1D7912-1780-08B7-C005-416DAC47D439} = {2B1D7912-1780-08B7-C005-416DAC47D439}
		{6C90947C-58C7-950D-01B4-7B10EDC9110F} = {6C90947C-58C7-950D-01B4-7B10EDC9110F}
		{A7B931CA-136F-AABF-9C63-A4960818A1C3} = {A7B931CA-136F-AABF-9C63-A4960818A1C3}
		{C499947C-B0D0-950D-59BD-7B1045D3110F} = {C499947C-B0D0-950D-59BD-7B1045D3110F}
		{5F775900-4B03-880B-B4B1-880BA05C880B} = {5F775900-4B03-880B-B4B1-880BA05C880B}
	EndProjectSection
EndProject
Project("{8BC9CEB8-8B4A-11D0-8D11-00A0C91BC942}") = "example-23-vectordisplay", "example-23-vectordisplay.vcxproj", "{998255E0-85A7-A460-AEF2-89F09A76A37E}"
	ProjectSection(ProjectDependencies) = postProject
		{A788128C-9356-0692-7CEA-76B86857E2F6} = {A788128C-9356-0692-7CEA-76B86857E2F6}
		{2B1D7912-1780-08B7-C005-416DAC47D439} = {2B1D7912-1780-08B7-C005-416DAC47D439}
		{6C90947C-58C7-950D-01B4-7B10EDC9110F} = {6C90947C-58C7-950D-01B4-7B10EDC9110F}
		{A7B931CA-136F-AABF-9C63-A4960818A1C3} = {A7B931CA-136F-AABF-9C63-A4960818A1C3}
		{C499947C-B0D0-950D-59BD-7B1045D3110F} = {C499947C-B0D0-950D-59BD-7B1045D3110F}
		{5F775900-4B03-880B-B4B1-880BA05C880B} = {5F775900-4B03-880B-B4B1-880BA05C880B}
	EndProjectSection
EndProject
Project("{8BC9CEB8-8B4A-11D0-8D11-00A0C91BC942}") = "example-24-nbody", "example-24-nbody.vcxproj", "{CD6F524F-B968-71A1-E29A-5626CEF250AD}"
	ProjectSection(ProjectDependencies) = postProject
		{A788128C-9356-0692-7CEA-76B86857E2F6} = {A788128C-9356-0692-7CEA-76B86857E2F6}
		{2B1D7912-1780-08B7-C005-416DAC47D439} = {2B1D7912-1780-08B7-C005-416DAC47D439}
		{6C90947C-58C7-950D-01B4-7B10EDC9110F} = {6C90947C-58C7-950D-01B4-7B10EDC9110F}
		{A7B931CA-136F-AABF-9C63-A4960818A1C3} = {A7B931CA-136F-AABF-9C63-A4960818A1C3}
		{C499947C-B0D0-950D-59BD-7B1045D3110F} = {C499947C-B0D0-950D-59BD-7B1045D3110F}
		{5F775900-4B03-880B-B4B1-880BA05C880B} = {5F775900-4B03-880B-B4B1-880BA05C880B}
	EndProjectSection
EndProject
Project("{8BC9CEB8-8B4A-11D0-8D11-00A0C91BC942}") = "example-26-occlusion", "example-26-occlusion.vcxproj", "{A225CE71-8EB4-573B-37D3-6B36234168E1}"
	ProjectSection(ProjectDependencies) = postProject
		{A788128C-9356-0692-7CEA-76B86857E2F6} = {A788128C-9356-0692-7CEA-76B86857E2F6}
		{2B1D7912-1780-08B7-C005-416DAC47D439} = {2B1D7912-1780-08B7-C005-416DAC47D439}
		{6C90947C-58C7-950D-01B4-7B10EDC9110F} = {6C90947C-58C7-950D-01B4-7B10EDC9110F}
		{A7B931CA-136F-AABF-9C63-A4960818A1C3} = {A7B931CA-136F-AABF-9C63-A4960818A1C3}
		{C499947C-B0D0-950D-59BD-7B1045D3110F} = {C499947C-B0D0-950D-59BD-7B1045D3110F}
		{5F775900-4B03-880B-B4B1-880BA05C880B} = {5F775900-4B03-880B-B4B1-880BA05C880B}
	EndProjectSection
EndProject
Project("{8BC9CEB8-8B4A-11D0-8D11-00A0C91BC942}") = "example-27-terrain", "example-27-terrain.vcxproj", "{296F3DA0-1553-FEF5-7EB3-F8486AB6E877}"
	ProjectSection(ProjectDependencies) = postProject
		{A788128C-9356-0692-7CEA-76B86857E2F6} = {A788128C-9356-0692-7CEA-76B86857E2F6}
		{2B1D7912-1780-08B7-C005-416DAC47D439} = {2B1D7912-1780-08B7-C005-416DAC47D439}
		{6C90947C-58C7-950D-01B4-7B10EDC9110F} = {6C90947C-58C7-950D-01B4-7B10EDC9110F}
		{A7B931CA-136F-AABF-9C63-A4960818A1C3} = {A7B931CA-136F-AABF-9C63-A4960818A1C3}
		{C499947C-B0D0-950D-59BD-7B1045D3110F} = {C499947C-B0D0-950D-59BD-7B1045D3110F}
		{5F775900-4B03-880B-B4B1-880BA05C880B} = {5F775900-4B03-880B-B4B1-880BA05C880B}
	EndProjectSection
EndProject
Project("{8BC9CEB8-8B4A-11D0-8D11-00A0C91BC942}") = "example-28-wireframe", "example-28-wireframe.vcxproj", "{176A3B1B-03F9-C4E4-AC17-D9DF9885D58A}"
	ProjectSection(ProjectDependencies) = postProject
		{A788128C-9356-0692-7CEA-76B86857E2F6} = {A788128C-9356-0692-7CEA-76B86857E2F6}
		{2B1D7912-1780-08B7-C005-416DAC47D439} = {2B1D7912-1780-08B7-C005-416DAC47D439}
		{6C90947C-58C7-950D-01B4-7B10EDC9110F} = {6C90947C-58C7-950D-01B4-7B10EDC9110F}
		{A7B931CA-136F-AABF-9C63-A4960818A1C3} = {A7B931CA-136F-AABF-9C63-A4960818A1C3}
		{C499947C-B0D0-950D-59BD-7B1045D3110F} = {C499947C-B0D0-950D-59BD-7B1045D3110F}
		{5F775900-4B03-880B-B4B1-880BA05C880B} = {5F775900-4B03-880B-B4B1-880BA05C880B}
	EndProjectSection
EndProject
Project("{8BC9CEB8-8B4A-11D0-8D11-00A0C91BC942}") = "example-29-debugdraw", "example-29-debugdraw.vcxproj", "{CBD80DA0-B767-9769-6086-AB644CF4A70F}"
	ProjectSection(ProjectDependencies) = postProject
		{A788128C-9356-0692-7CEA-76B86857E2F6} = {A788128C-9356-0692-7CEA-76B86857E2F6}
		{2B1D7912-1780-08B7-C005-416DAC47D439} = {2B1D7912-1780-08B7-C005-416DAC47D439}
		{6C90947C-58C7-950D-01B4-7B10EDC9110F} = {6C90947C-58C7-950D-01B4-7B10EDC9110F}
		{A7B931CA-136F-AABF-9C63-A4960818A1C3} = {A7B931CA-136F-AABF-9C63-A4960818A1C3}
		{C499947C-B0D0-950D-59BD-7B1045D3110F} = {C499947C-B0D0-950D-59BD-7B1045D3110F}
		{5F775900-4B03-880B-B4B1-880BA05C880B} = {5F775900-4B03-880B-B4B1-880BA05C880B}
	EndProjectSection
EndProject
Project("{8BC9CEB8-8B4A-11D0-8D11-00A0C91BC942}") = "example-30-picking", "example-30-picking.vcxproj", "{33753949-1F59-FA9E-88B9-F4F174BCE420}"
	ProjectSection(ProjectDependencies) = postProject
		{A788128C-9356-0692-7CEA-76B86857E2F6} = {A788128C-9356-0692-7CEA-76B86857E2F6}
		{2B1D7912-1780-08B7-C005-416DAC47D439} = {2B1D7912-1780-08B7-C005-416DAC47D439}
		{6C90947C-58C7-950D-01B4-7B10EDC9110F} = {6C90947C-58C7-950D-01B4-7B10EDC9110F}
		{A7B931CA-136F-AABF-9C63-A4960818A1C3} = {A7B931CA-136F-AABF-9C63-A4960818A1C3}
		{C499947C-B0D0-950D-59BD-7B1045D3110F} = {C499947C-B0D0-950D-59BD-7B1045D3110F}
		{5F775900-4B03-880B-B4B1-880BA05C880B} = {5F775900-4B03-880B-B4B1-880BA05C880B}
	EndProjectSection
EndProject
Project("{8BC9CEB8-8B4A-11D0-8D11-00A0C91BC942}") = "example-31-rsm", "example-31-rsm.vcxproj", "{C1F89517-ADC6-891D-965A-FA4382C76582}"
	ProjectSection(ProjectDependencies) = postProject
		{A788128C-9356-0692-7CEA-76B86857E2F6} = {A788128C-9356-0692-7CEA-76B86857E2F6}
		{2B1D7912-1780-08B7-C005-416DAC47D439} = {2B1D7912-1780-08B7-C005-416DAC47D439}
		{6C90947C-58C7-950D-01B4-7B10EDC9110F} = {6C90947C-58C7-950D-01B4-7B10EDC9110F}
		{A7B931CA-136F-AABF-9C63-A4960818A1C3} = {A7B931CA-136F-AABF-9C63-A4960818A1C3}
		{C499947C-B0D0-950D-59BD-7B1045D3110F} = {C499947C-B0D0-950D-59BD-7B1045D3110F}
		{5F775900-4B03-880B-B4B1-880BA05C880B} = {5F775900-4B03-880B-B4B1-880BA05C880B}
	EndProjectSection
EndProject
Project("{8BC9CEB8-8B4A-11D0-8D11-00A0C91BC942}") = "example-32-particles", "example-32-particles.vcxproj", "{F768B8BD-E3F7-4187-8C16-56827884522D}"
	ProjectSection(ProjectDependencies) = postProject
		{A788128C-9356-0692-7CEA-76B86857E2F6} = {A788128C-9356-0692-7CEA-76B86857E2F6}
		{2B1D7912-1780-08B7-C005-416DAC47D439} = {2B1D7912-1780-08B7-C005-416DAC47D439}
		{6C90947C-58C7-950D-01B4-7B10EDC9110F} = {6C90947C-58C7-950D-01B4-7B10EDC9110F}
		{A7B931CA-136F-AABF-9C63-A4960818A1C3} = {A7B931CA-136F-AABF-9C63-A4960818A1C3}
		{C499947C-B0D0-950D-59BD-7B1045D3110F} = {C499947C-B0D0-950D-59BD-7B1045D3110F}
		{5F775900-4B03-880B-B4B1-880BA05C880B} = {5F775900-4B03-880B-B4B1-880BA05C880B}
	EndProjectSection
EndProject
Project("{8BC9CEB8-8B4A-11D0-8D11-00A0C91BC942}") = "example-33-pom", "example-33-pom.vcxproj", "{BD20BA17-A9EE-AD1D-9282-1E447EEF8982}"
	ProjectSection(ProjectDependencies) = postProject
		{A788128C-9356-0692-7CEA-76B86857E2F6} = {A788128C-9356-0692-7CEA-76B86857E2F6}
		{2B1D7912-1780-08B7-C005-416DAC47D439} = {2B1D7912-1780-08B7-C005-416DAC47D439}
		{6C90947C-58C7-950D-01B4-7B10EDC9110F} = {6C90947C-58C7-950D-01B4-7B10EDC9110F}
		{A7B931CA-136F-AABF-9C63-A4960818A1C3} = {A7B931CA-136F-AABF-9C63-A4960818A1C3}
		{C499947C-B0D0-950D-59BD-7B1045D3110F} = {C499947C-B0D0-950D-59BD-7B1045D3110F}
		{5F775900-4B03-880B-B4B1-880BA05C880B} = {5F775900-4B03-880B-B4B1-880BA05C880B}
	EndProjectSection
EndProject
Project("{8BC9CEB8-8B4A-11D0-8D11-00A0C91BC942}") = "example-34-mvs", "example-34-mvs.vcxproj", "{682DCC17-54FB-BF1D-3D8F-304429FC9B82}"
	ProjectSection(ProjectDependencies) = postProject
		{A788128C-9356-0692-7CEA-76B86857E2F6} = {A788128C-9356-0692-7CEA-76B86857E2F6}
		{2B1D7912-1780-08B7-C005-416DAC47D439} = {2B1D7912-1780-08B7-C005-416DAC47D439}
		{6C90947C-58C7-950D-01B4-7B10EDC9110F} = {6C90947C-58C7-950D-01B4-7B10EDC9110F}
		{A7B931CA-136F-AABF-9C63-A4960818A1C3} = {A7B931CA-136F-AABF-9C63-A4960818A1C3}
		{C499947C-B0D0-950D-59BD-7B1045D3110F} = {C499947C-B0D0-950D-59BD-7B1045D3110F}
		{5F775900-4B03-880B-B4B1-880BA05C880B} = {5F775900-4B03-880B-B4B1-880BA05C880B}
	EndProjectSection
EndProject
Project("{8BC9CEB8-8B4A-11D0-8D11-00A0C91BC942}") = "example-35-dynamic", "example-35-dynamic.vcxproj", "{58FD001A-44E1-C16F-AD41-BCC29944ACF1}"
	ProjectSection(ProjectDependencies) = postProject
		{A788128C-9356-0692-7CEA-76B86857E2F6} = {A788128C-9356-0692-7CEA-76B86857E2F6}
		{2B1D7912-1780-08B7-C005-416DAC47D439} = {2B1D7912-1780-08B7-C005-416DAC47D439}
		{6C90947C-58C7-950D-01B4-7B10EDC9110F} = {6C90947C-58C7-950D-01B4-7B10EDC9110F}
		{A7B931CA-136F-AABF-9C63-A4960818A1C3} = {A7B931CA-136F-AABF-9C63-A4960818A1C3}
		{C499947C-B0D0-950D-59BD-7B1045D3110F} = {C499947C-B0D0-950D-59BD-7B1045D3110F}
		{5F775900-4B03-880B-B4B1-880BA05C880B} = {5F775900-4B03-880B-B4B1-880BA05C880B}
	EndProjectSection
EndProject
Project("{8BC9CEB8-8B4A-11D0-8D11-00A0C91BC942}") = "example-36-sky", "example-36-sky.vcxproj", "{8B76F017-7744-E41D-60D8-54444C45C082}"
	ProjectSection(ProjectDependencies) = postProject
		{A788128C-9356-0692-7CEA-76B86857E2F6} = {A788128C-9356-0692-7CEA-76B86857E2F6}
		{2B1D7912-1780-08B7-C005-416DAC47D439} = {2B1D7912-1780-08B7-C005-416DAC47D439}
		{6C90947C-58C7-950D-01B4-7B10EDC9110F} = {6C90947C-58C7-950D-01B4-7B10EDC9110F}
		{A7B931CA-136F-AABF-9C63-A4960818A1C3} = {A7B931CA-136F-AABF-9C63-A4960818A1C3}
		{C499947C-B0D0-950D-59BD-7B1045D3110F} = {C499947C-B0D0-950D-59BD-7B1045D3110F}
		{5F775900-4B03-880B-B4B1-880BA05C880B} = {5F775900-4B03-880B-B4B1-880BA05C880B}
	EndProjectSection
EndProject
Project("{8BC9CEB8-8B4A-11D0-8D11-00A0C91BC942}") = "example-37-gpudrivenrendering", "example-37-gpudrivenrendering.vcxproj", "{674B23E7-D363-0A11-9C10-9AAA08E89EAA}"
	ProjectSection(ProjectDependencies) = postProject
		{A788128C-9356-0692-7CEA-76B86857E2F6} = {A788128C-9356-0692-7CEA-76B86857E2F6}
		{2B1D7912-1780-08B7-C005-416DAC47D439} = {2B1D7912-1780-08B7-C005-416DAC47D439}
		{6C90947C-58C7-950D-01B4-7B10EDC9110F} = {6C90947C-58C7-950D-01B4-7B10EDC9110F}
		{A7B931CA-136F-AABF-9C63-A4960818A1C3} = {A7B931CA-136F-AABF-9C63-A4960818A1C3}
		{C499947C-B0D0-950D-59BD-7B1045D3110F} = {C499947C-B0D0-950D-59BD-7B1045D3110F}
		{5F775900-4B03-880B-B4B1-880BA05C880B} = {5F775900-4B03-880B-B4B1-880BA05C880B}
	EndProjectSection
EndProject
Project("{8BC9CEB8-8B4A-11D0-8D11-00A0C91BC942}") = "example-25-c99", "example-25-c99.vcxproj", "{A7EA8815-93B8-7C1B-7C4C-ED4168B95880}"
	ProjectSection(ProjectDependencies) = postProject
		{A788128C-9356-0692-7CEA-76B86857E2F6} = {A788128C-9356-0692-7CEA-76B86857E2F6}
		{2B1D7912-1780-08B7-C005-416DAC47D439} = {2B1D7912-1780-08B7-C005-416DAC47D439}
		{6C90947C-58C7-950D-01B4-7B10EDC9110F} = {6C90947C-58C7-950D-01B4-7B10EDC9110F}
		{A7B931CA-136F-AABF-9C63-A4960818A1C3} = {A7B931CA-136F-AABF-9C63-A4960818A1C3}
		{C499947C-B0D0-950D-59BD-7B1045D3110F} = {C499947C-B0D0-950D-59BD-7B1045D3110F}
		{5F775900-4B03-880B-B4B1-880BA05C880B} = {5F775900-4B03-880B-B4B1-880BA05C880B}
	EndProjectSection
EndProject
Project("{8BC9CEB8-8B4A-11D0-8D11-00A0C91BC942}") = "spirv-opt", "spirv-opt.vcxproj", "{F952D147-65BD-85BE-AEFB-36641AA56313}"
EndProject
Project("{8BC9CEB8-8B4A-11D0-8D11-00A0C91BC942}") = "glslang", "glslang.vcxproj", "{0D19B900-79F8-379C-8210-C372EE6E9EFD}"
EndProject
Project("{8BC9CEB8-8B4A-11D0-8D11-00A0C91BC942}") = "glsl-optimizer", "glsl-optimizer.vcxproj", "{4783A312-3351-9718-1CE5-073F0852737D}"
EndProject
Project("{8BC9CEB8-8B4A-11D0-8D11-00A0C91BC942}") = "fcpp", "fcpp.vcxproj", "{2EB2967C-1AE9-970D-C3D5-7D10AFEB130F}"
EndProject
Project("{8BC9CEB8-8B4A-11D0-8D11-00A0C91BC942}") = "shaderc", "shaderc.vcxproj", "{FF44D591-6B24-542D-743C-DF03E09ABA8E}"
	ProjectSection(ProjectDependencies) = postProject
		{5F775900-4B03-880B-B4B1-880BA05C880B} = {5F775900-4B03-880B-B4B1-880BA05C880B}
		{2EB2967C-1AE9-970D-C3D5-7D10AFEB130F} = {2EB2967C-1AE9-970D-C3D5-7D10AFEB130F}
		{0D19B900-79F8-379C-8210-C372EE6E9EFD} = {0D19B900-79F8-379C-8210-C372EE6E9EFD}
		{4783A312-3351-9718-1CE5-073F0852737D} = {4783A312-3351-9718-1CE5-073F0852737D}
		{F952D147-65BD-85BE-AEFB-36641AA56313} = {F952D147-65BD-85BE-AEFB-36641AA56313}
	EndProjectSection
EndProject
Project("{8BC9CEB8-8B4A-11D0-8D11-00A0C91BC942}") = "texturec", "texturec.vcxproj", "{B9F8A108-A5C5-FC13-CEDE-EABBBA0A32A2}"
	ProjectSection(ProjectDependencies) = postProject
		{A7B931CA-136F-AABF-9C63-A4960818A1C3} = {A7B931CA-136F-AABF-9C63-A4960818A1C3}
		{D1BE29CD-3D74-A2C2-C668-9C99321D99C6} = {D1BE29CD-3D74-A2C2-C668-9C99321D99C6}
		{C499947C-B0D0-950D-59BD-7B1045D3110F} = {C499947C-B0D0-950D-59BD-7B1045D3110F}
		{5F775900-4B03-880B-B4B1-880BA05C880B} = {5F775900-4B03-880B-B4B1-880BA05C880B}
	EndProjectSection
EndProject
Project("{8BC9CEB8-8B4A-11D0-8D11-00A0C91BC942}") = "texturev", "texturev.vcxproj", "{CCF8A108-B8C5-FC13-E1DE-EABBCD0A32A2}"
	ProjectSection(ProjectDependencies) = postProject
		{A788128C-9356-0692-7CEA-76B86857E2F6} = {A788128C-9356-0692-7CEA-76B86857E2F6}
		{A7B931CA-136F-AABF-9C63-A4960818A1C3} = {A7B931CA-136F-AABF-9C63-A4960818A1C3}
		{C499947C-B0D0-950D-59BD-7B1045D3110F} = {C499947C-B0D0-950D-59BD-7B1045D3110F}
		{6C90947C-58C7-950D-01B4-7B10EDC9110F} = {6C90947C-58C7-950D-01B4-7B10EDC9110F}
		{5F775900-4B03-880B-B4B1-880BA05C880B} = {5F775900-4B03-880B-B4B1-880BA05C880B}
	EndProjectSection
EndProject
Project("{8BC9CEB8-8B4A-11D0-8D11-00A0C91BC942}") = "geometryc", "geometryc.vcxproj", "{D4DE4E6C-4049-03E3-8987-B488F530E137}"
	ProjectSection(ProjectDependencies) = postProject
		{5F775900-4B03-880B-B4B1-880BA05C880B} = {5F775900-4B03-880B-B4B1-880BA05C880B}
	EndProjectSection
EndProject
Global
	GlobalSection(SolutionConfigurationPlatforms) = preSolution
		Debug|Win32 = Debug|Win32
		Debug|x64 = Debug|x64
		Release|Win32 = Release|Win32
		Release|x64 = Release|x64
	EndGlobalSection
	GlobalSection(ProjectConfigurationPlatforms) = postSolution
		{07C26CF4-732E-28EF-3C22-C04CA84D4A57}.Debug|Win32.ActiveCfg = Debug|Win32
		{07C26CF4-732E-28EF-3C22-C04CA84D4A57}.Debug|Win32.Build.0 = Debug|Win32
		{07C26CF4-732E-28EF-3C22-C04CA84D4A57}.Debug|x64.ActiveCfg = Debug|x64
		{07C26CF4-732E-28EF-3C22-C04CA84D4A57}.Debug|x64.Build.0 = Debug|x64
		{07C26CF4-732E-28EF-3C22-C04CA84D4A57}.Release|Win32.ActiveCfg = Release|Win32
		{07C26CF4-732E-28EF-3C22-C04CA84D4A57}.Release|Win32.Build.0 = Release|Win32
		{07C26CF4-732E-28EF-3C22-C04CA84D4A57}.Release|x64.ActiveCfg = Release|x64
		{07C26CF4-732E-28EF-3C22-C04CA84D4A57}.Release|x64.Build.0 = Release|x64
		{6C90947C-58C7-950D-01B4-7B10EDC9110F}.Debug|Win32.ActiveCfg = Debug|Win32
		{6C90947C-58C7-950D-01B4-7B10EDC9110F}.Debug|Win32.Build.0 = Debug|Win32
		{6C90947C-58C7-950D-01B4-7B10EDC9110F}.Debug|x64.ActiveCfg = Debug|x64
		{6C90947C-58C7-950D-01B4-7B10EDC9110F}.Debug|x64.Build.0 = Debug|x64
		{6C90947C-58C7-950D-01B4-7B10EDC9110F}.Release|Win32.ActiveCfg = Release|Win32
		{6C90947C-58C7-950D-01B4-7B10EDC9110F}.Release|Win32.Build.0 = Release|Win32
		{6C90947C-58C7-950D-01B4-7B10EDC9110F}.Release|x64.ActiveCfg = Release|x64
		{6C90947C-58C7-950D-01B4-7B10EDC9110F}.Release|x64.Build.0 = Release|x64
		{5F775900-4B03-880B-B4B1-880BA05C880B}.Debug|Win32.ActiveCfg = Debug|Win32
		{5F775900-4B03-880B-B4B1-880BA05C880B}.Debug|Win32.Build.0 = Debug|Win32
		{5F775900-4B03-880B-B4B1-880BA05C880B}.Debug|x64.ActiveCfg = Debug|x64
		{5F775900-4B03-880B-B4B1-880BA05C880B}.Debug|x64.Build.0 = Debug|x64
		{5F775900-4B03-880B-B4B1-880BA05C880B}.Release|Win32.ActiveCfg = Release|Win32
		{5F775900-4B03-880B-B4B1-880BA05C880B}.Release|Win32.Build.0 = Release|Win32
		{5F775900-4B03-880B-B4B1-880BA05C880B}.Release|x64.ActiveCfg = Release|x64
		{5F775900-4B03-880B-B4B1-880BA05C880B}.Release|x64.Build.0 = Release|x64
		{C499947C-B0D0-950D-59BD-7B1045D3110F}.Debug|Win32.ActiveCfg = Debug|Win32
		{C499947C-B0D0-950D-59BD-7B1045D3110F}.Debug|Win32.Build.0 = Debug|Win32
		{C499947C-B0D0-950D-59BD-7B1045D3110F}.Debug|x64.ActiveCfg = Debug|x64
		{C499947C-B0D0-950D-59BD-7B1045D3110F}.Debug|x64.Build.0 = Debug|x64
		{C499947C-B0D0-950D-59BD-7B1045D3110F}.Release|Win32.ActiveCfg = Release|Win32
		{C499947C-B0D0-950D-59BD-7B1045D3110F}.Release|Win32.Build.0 = Release|Win32
		{C499947C-B0D0-950D-59BD-7B1045D3110F}.Release|x64.ActiveCfg = Release|x64
		{C499947C-B0D0-950D-59BD-7B1045D3110F}.Release|x64.Build.0 = Release|x64
		{A7B931CA-136F-AABF-9C63-A4960818A1C3}.Debug|Win32.ActiveCfg = Debug|Win32
		{A7B931CA-136F-AABF-9C63-A4960818A1C3}.Debug|Win32.Build.0 = Debug|Win32
		{A7B931CA-136F-AABF-9C63-A4960818A1C3}.Debug|x64.ActiveCfg = Debug|x64
		{A7B931CA-136F-AABF-9C63-A4960818A1C3}.Debug|x64.Build.0 = Debug|x64
		{A7B931CA-136F-AABF-9C63-A4960818A1C3}.Release|Win32.ActiveCfg = Release|Win32
		{A7B931CA-136F-AABF-9C63-A4960818A1C3}.Release|Win32.Build.0 = Release|Win32
		{A7B931CA-136F-AABF-9C63-A4960818A1C3}.Release|x64.ActiveCfg = Release|x64
		{A7B931CA-136F-AABF-9C63-A4960818A1C3}.Release|x64.Build.0 = Release|x64
		{D1BE29CD-3D74-A2C2-C668-9C99321D99C6}.Debug|Win32.ActiveCfg = Debug|Win32
		{D1BE29CD-3D74-A2C2-C668-9C99321D99C6}.Debug|Win32.Build.0 = Debug|Win32
		{D1BE29CD-3D74-A2C2-C668-9C99321D99C6}.Debug|x64.ActiveCfg = Debug|x64
		{D1BE29CD-3D74-A2C2-C668-9C99321D99C6}.Debug|x64.Build.0 = Debug|x64
		{D1BE29CD-3D74-A2C2-C668-9C99321D99C6}.Release|Win32.ActiveCfg = Release|Win32
		{D1BE29CD-3D74-A2C2-C668-9C99321D99C6}.Release|Win32.Build.0 = Release|Win32
		{D1BE29CD-3D74-A2C2-C668-9C99321D99C6}.Release|x64.ActiveCfg = Release|x64
		{D1BE29CD-3D74-A2C2-C668-9C99321D99C6}.Release|x64.Build.0 = Release|x64
		{2B1D7912-1780-08B7-C005-416DAC47D439}.Debug|Win32.ActiveCfg = Debug|Win32
		{2B1D7912-1780-08B7-C005-416DAC47D439}.Debug|Win32.Build.0 = Debug|Win32
		{2B1D7912-1780-08B7-C005-416DAC47D439}.Debug|x64.ActiveCfg = Debug|x64
		{2B1D7912-1780-08B7-C005-416DAC47D439}.Debug|x64.Build.0 = Debug|x64
		{2B1D7912-1780-08B7-C005-416DAC47D439}.Release|Win32.ActiveCfg = Release|Win32
		{2B1D7912-1780-08B7-C005-416DAC47D439}.Release|Win32.Build.0 = Release|Win32
		{2B1D7912-1780-08B7-C005-416DAC47D439}.Release|x64.ActiveCfg = Release|x64
		{2B1D7912-1780-08B7-C005-416DAC47D439}.Release|x64.Build.0 = Release|x64
		{A788128C-9356-0692-7CEA-76B86857E2F6}.Debug|Win32.ActiveCfg = Debug|Win32
		{A788128C-9356-0692-7CEA-76B86857E2F6}.Debug|Win32.Build.0 = Debug|Win32
		{A788128C-9356-0692-7CEA-76B86857E2F6}.Debug|x64.ActiveCfg = Debug|x64
		{A788128C-9356-0692-7CEA-76B86857E2F6}.Debug|x64.Build.0 = Debug|x64
		{A788128C-9356-0692-7CEA-76B86857E2F6}.Release|Win32.ActiveCfg = Release|Win32
		{A788128C-9356-0692-7CEA-76B86857E2F6}.Release|Win32.Build.0 = Release|Win32
		{A788128C-9356-0692-7CEA-76B86857E2F6}.Release|x64.ActiveCfg = Release|x64
		{A788128C-9356-0692-7CEA-76B86857E2F6}.Release|x64.Build.0 = Release|x64
		{3E36238F-2A2F-42E1-5361-27663FB921ED}.Debug|Win32.ActiveCfg = Debug|Win32
		{3E36238F-2A2F-42E1-5361-27663FB921ED}.Debug|Win32.Build.0 = Debug|Win32
		{3E36238F-2A2F-42E1-5361-27663FB921ED}.Debug|x64.ActiveCfg = Debug|x64
		{3E36238F-2A2F-42E1-5361-27663FB921ED}.Debug|x64.Build.0 = Debug|x64
		{3E36238F-2A2F-42E1-5361-27663FB921ED}.Release|Win32.ActiveCfg = Release|Win32
		{3E36238F-2A2F-42E1-5361-27663FB921ED}.Release|Win32.Build.0 = Release|Win32
		{3E36238F-2A2F-42E1-5361-27663FB921ED}.Release|x64.ActiveCfg = Release|x64
		{3E36238F-2A2F-42E1-5361-27663FB921ED}.Release|x64.Build.0 = Release|x64
		{820393EB-6E92-1CB5-17B1-30B0031F2D5B}.Debug|Win32.ActiveCfg = Debug|Win32
		{820393EB-6E92-1CB5-17B1-30B0031F2D5B}.Debug|Win32.Build.0 = Debug|Win32
		{820393EB-6E92-1CB5-17B1-30B0031F2D5B}.Debug|x64.ActiveCfg = Debug|x64
		{820393EB-6E92-1CB5-17B1-30B0031F2D5B}.Debug|x64.Build.0 = Debug|x64
		{820393EB-6E92-1CB5-17B1-30B0031F2D5B}.Release|Win32.ActiveCfg = Release|Win32
		{820393EB-6E92-1CB5-17B1-30B0031F2D5B}.Release|Win32.Build.0 = Release|Win32
		{820393EB-6E92-1CB5-17B1-30B0031F2D5B}.Release|x64.ActiveCfg = Release|x64
		{820393EB-6E92-1CB5-17B1-30B0031F2D5B}.Release|x64.Build.0 = Release|x64
		{A5CF9490-1131-729E-9A9E-B85006FFA85D}.Debug|Win32.ActiveCfg = Debug|Win32
		{A5CF9490-1131-729E-9A9E-B85006FFA85D}.Debug|Win32.Build.0 = Debug|Win32
		{A5CF9490-1131-729E-9A9E-B85006FFA85D}.Debug|x64.ActiveCfg = Debug|x64
		{A5CF9490-1131-729E-9A9E-B85006FFA85D}.Debug|x64.Build.0 = Debug|x64
		{A5CF9490-1131-729E-9A9E-B85006FFA85D}.Release|Win32.ActiveCfg = Release|Win32
		{A5CF9490-1131-729E-9A9E-B85006FFA85D}.Release|Win32.Build.0 = Release|Win32
		{A5CF9490-1131-729E-9A9E-B85006FFA85D}.Release|x64.ActiveCfg = Release|x64
		{A5CF9490-1131-729E-9A9E-B85006FFA85D}.Release|x64.Build.0 = Release|x64
		{3CDC622A-A867-D0EE-B178-53E31D832CEF}.Debug|Win32.ActiveCfg = Debug|Win32
		{3CDC622A-A867-D0EE-B178-53E31D832CEF}.Debug|Win32.Build.0 = Debug|Win32
		{3CDC622A-A867-D0EE-B178-53E31D832CEF}.Debug|x64.ActiveCfg = Debug|x64
		{3CDC622A-A867-D0EE-B178-53E31D832CEF}.Debug|x64.Build.0 = Debug|x64
		{3CDC622A-A867-D0EE-B178-53E31D832CEF}.Release|Win32.ActiveCfg = Release|Win32
		{3CDC622A-A867-D0EE-B178-53E31D832CEF}.Release|Win32.Build.0 = Release|Win32
		{3CDC622A-A867-D0EE-B178-53E31D832CEF}.Release|x64.ActiveCfg = Release|x64
		{3CDC622A-A867-D0EE-B178-53E31D832CEF}.Release|x64.Build.0 = Release|x64
		{5E07E5C1-CA73-A0BC-9367-381AFF92C224}.Debug|Win32.ActiveCfg = Debug|Win32
		{5E07E5C1-CA73-A0BC-9367-381AFF92C224}.Debug|Win32.Build.0 = Debug|Win32
		{5E07E5C1-CA73-A0BC-9367-381AFF92C224}.Debug|x64.ActiveCfg = Debug|x64
		{5E07E5C1-CA73-A0BC-9367-381AFF92C224}.Debug|x64.Build.0 = Debug|x64
		{5E07E5C1-CA73-A0BC-9367-381AFF92C224}.Release|Win32.ActiveCfg = Release|Win32
		{5E07E5C1-CA73-A0BC-9367-381AFF92C224}.Release|Win32.Build.0 = Release|Win32
		{5E07E5C1-CA73-A0BC-9367-381AFF92C224}.Release|x64.ActiveCfg = Release|x64
		{5E07E5C1-CA73-A0BC-9367-381AFF92C224}.Release|x64.Build.0 = Release|x64
		{A568072F-11F4-74F3-1A05-F8E7860FD1F3}.Debug|Win32.ActiveCfg = Debug|Win32
		{A568072F-11F4-74F3-1A05-F8E7860FD1F3}.Debug|Win32.Build.0 = Debug|Win32
		{A568072F-11F4-74F3-1A05-F8E7860FD1F3}.Debug|x64.ActiveCfg = Debug|x64
		{A568072F-11F4-74F3-1A05-F8E7860FD1F3}.Debug|x64.Build.0 = Debug|x64
		{A568072F-11F4-74F3-1A05-F8E7860FD1F3}.Release|Win32.ActiveCfg = Release|Win32
		{A568072F-11F4-74F3-1A05-F8E7860FD1F3}.Release|Win32.Build.0 = Release|Win32
		{A568072F-11F4-74F3-1A05-F8E7860FD1F3}.Release|x64.ActiveCfg = Release|x64
		{A568072F-11F4-74F3-1A05-F8E7860FD1F3}.Release|x64.Build.0 = Release|x64
		{5FB67EAA-CB17-5CB8-5485-A26AC0E59277}.Debug|Win32.ActiveCfg = Debug|Win32
		{5FB67EAA-CB17-5CB8-5485-A26AC0E59277}.Debug|Win32.Build.0 = Debug|Win32
		{5FB67EAA-CB17-5CB8-5485-A26AC0E59277}.Debug|x64.ActiveCfg = Debug|x64
		{5FB67EAA-CB17-5CB8-5485-A26AC0E59277}.Debug|x64.Build.0 = Debug|x64
		{5FB67EAA-CB17-5CB8-5485-A26AC0E59277}.Release|Win32.ActiveCfg = Release|Win32
		{5FB67EAA-CB17-5CB8-5485-A26AC0E59277}.Release|Win32.Build.0 = Release|Win32
		{5FB67EAA-CB17-5CB8-5485-A26AC0E59277}.Release|x64.ActiveCfg = Release|x64
		{5FB67EAA-CB17-5CB8-5485-A26AC0E59277}.Release|x64.Build.0 = Release|x64
		{3639FA12-A24F-F8A8-EBC6-83CA571CC930}.Debug|Win32.ActiveCfg = Debug|Win32
		{3639FA12-A24F-F8A8-EBC6-83CA571CC930}.Debug|Win32.Build.0 = Debug|Win32
		{3639FA12-A24F-F8A8-EBC6-83CA571CC930}.Debug|x64.ActiveCfg = Debug|x64
		{3639FA12-A24F-F8A8-EBC6-83CA571CC930}.Debug|x64.Build.0 = Debug|x64
		{3639FA12-A24F-F8A8-EBC6-83CA571CC930}.Release|Win32.ActiveCfg = Release|Win32
		{3639FA12-A24F-F8A8-EBC6-83CA571CC930}.Release|Win32.Build.0 = Release|Win32
		{3639FA12-A24F-F8A8-EBC6-83CA571CC930}.Release|x64.ActiveCfg = Release|x64
		{3639FA12-A24F-F8A8-EBC6-83CA571CC930}.Release|x64.Build.0 = Release|x64
		{72162711-5EE4-1A17-4778-8B3D33E5F67B}.Debug|Win32.ActiveCfg = Debug|Win32
		{72162711-5EE4-1A17-4778-8B3D33E5F67B}.Debug|Win32.Build.0 = Debug|Win32
		{72162711-5EE4-1A17-4778-8B3D33E5F67B}.Debug|x64.ActiveCfg = Debug|x64
		{72162711-5EE4-1A17-4778-8B3D33E5F67B}.Debug|x64.Build.0 = Debug|x64
		{72162711-5EE4-1A17-4778-8B3D33E5F67B}.Release|Win32.ActiveCfg = Release|Win32
		{72162711-5EE4-1A17-4778-8B3D33E5F67B}.Release|Win32.Build.0 = Release|Win32
		{72162711-5EE4-1A17-4778-8B3D33E5F67B}.Release|x64.ActiveCfg = Release|x64
		{72162711-5EE4-1A17-4778-8B3D33E5F67B}.Release|x64.Build.0 = Release|x64
		{C3C9046E-2F55-7232-3866-F526A470CE32}.Debug|Win32.ActiveCfg = Debug|Win32
		{C3C9046E-2F55-7232-3866-F526A470CE32}.Debug|Win32.Build.0 = Debug|Win32
		{C3C9046E-2F55-7232-3866-F526A470CE32}.Debug|x64.ActiveCfg = Debug|x64
		{C3C9046E-2F55-7232-3866-F526A470CE32}.Debug|x64.Build.0 = Debug|x64
		{C3C9046E-2F55-7232-3866-F526A470CE32}.Release|Win32.ActiveCfg = Release|Win32
		{C3C9046E-2F55-7232-3866-F526A470CE32}.Release|Win32.Build.0 = Release|Win32
		{C3C9046E-2F55-7232-3866-F526A470CE32}.Release|x64.ActiveCfg = Release|x64
		{C3C9046E-2F55-7232-3866-F526A470CE32}.Release|x64.Build.0 = Release|x64
		{617EA5C2-4D62-6618-B6C2-606BA2C5509A}.Debug|Win32.ActiveCfg = Debug|Win32
		{617EA5C2-4D62-6618-B6C2-606BA2C5509A}.Debug|Win32.Build.0 = Debug|Win32
		{617EA5C2-4D62-6618-B6C2-606BA2C5509A}.Debug|x64.ActiveCfg = Debug|x64
		{617EA5C2-4D62-6618-B6C2-606BA2C5509A}.Debug|x64.Build.0 = Debug|x64
		{617EA5C2-4D62-6618-B6C2-606BA2C5509A}.Release|Win32.ActiveCfg = Release|Win32
		{617EA5C2-4D62-6618-B6C2-606BA2C5509A}.Release|Win32.Build.0 = Release|Win32
		{617EA5C2-4D62-6618-B6C2-606BA2C5509A}.Release|x64.ActiveCfg = Release|x64
		{617EA5C2-4D62-6618-B6C2-606BA2C5509A}.Release|x64.Build.0 = Release|x64
		{EDA5FD12-D973-F118-C207-623FAE74CD7D}.Debug|Win32.ActiveCfg = Debug|Win32
		{EDA5FD12-D973-F118-C207-623FAE74CD7D}.Debug|Win32.Build.0 = Debug|Win32
		{EDA5FD12-D973-F118-C207-623FAE74CD7D}.Debug|x64.ActiveCfg = Debug|x64
		{EDA5FD12-D973-F118-C207-623FAE74CD7D}.Debug|x64.Build.0 = Debug|x64
		{EDA5FD12-D973-F118-C207-623FAE74CD7D}.Release|Win32.ActiveCfg = Release|Win32
		{EDA5FD12-D973-F118-C207-623FAE74CD7D}.Release|Win32.Build.0 = Release|Win32
		{EDA5FD12-D973-F118-C207-623FAE74CD7D}.Release|x64.ActiveCfg = Release|x64
		{EDA5FD12-D973-F118-C207-623FAE74CD7D}.Release|x64.Build.0 = Release|x64
		{21D7569F-0DBB-17F5-761B-1248621E0277}.Debug|Win32.ActiveCfg = Debug|Win32
		{21D7569F-0DBB-17F5-761B-1248621E0277}.Debug|Win32.Build.0 = Debug|Win32
		{21D7569F-0DBB-17F5-761B-1248621E0277}.Debug|x64.ActiveCfg = Debug|x64
		{21D7569F-0DBB-17F5-761B-1248621E0277}.Debug|x64.Build.0 = Debug|x64
		{21D7569F-0DBB-17F5-761B-1248621E0277}.Release|Win32.ActiveCfg = Release|Win32
		{21D7569F-0DBB-17F5-761B-1248621E0277}.Release|Win32.Build.0 = Release|Win32
		{21D7569F-0DBB-17F5-761B-1248621E0277}.Release|x64.ActiveCfg = Release|x64
		{21D7569F-0DBB-17F5-761B-1248621E0277}.Release|x64.Build.0 = Release|x64
		{61C226E5-4DE7-7565-7632-5BF562B67483}.Debug|Win32.ActiveCfg = Debug|Win32
		{61C226E5-4DE7-7565-7632-5BF562B67483}.Debug|Win32.Build.0 = Debug|Win32
		{61C226E5-4DE7-7565-7632-5BF562B67483}.Debug|x64.ActiveCfg = Debug|x64
		{61C226E5-4DE7-7565-7632-5BF562B67483}.Debug|x64.Build.0 = Debug|x64
		{61C226E5-4DE7-7565-7632-5BF562B67483}.Release|Win32.ActiveCfg = Release|Win32
		{61C226E5-4DE7-7565-7632-5BF562B67483}.Release|Win32.Build.0 = Release|Win32
		{61C226E5-4DE7-7565-7632-5BF562B67483}.Release|x64.ActiveCfg = Release|x64
		{61C226E5-4DE7-7565-7632-5BF562B67483}.Release|x64.Build.0 = Release|x64
		{DFFFA668-CBBA-9614-7472-0F5F600CE1A4}.Debug|Win32.ActiveCfg = Debug|Win32
		{DFFFA668-CBBA-9614-7472-0F5F600CE1A4}.Debug|Win32.Build.0 = Debug|Win32
		{DFFFA668-CBBA-9614-7472-0F5F600CE1A4}.Debug|x64.ActiveCfg = Debug|x64
		{DFFFA668-CBBA-9614-7472-0F5F600CE1A4}.Debug|x64.Build.0 = Debug|x64
		{DFFFA668-CBBA-9614-7472-0F5F600CE1A4}.Release|Win32.ActiveCfg = Release|Win32
		{DFFFA668-CBBA-9614-7472-0F5F600CE1A4}.Release|Win32.Build.0 = Release|Win32
		{DFFFA668-CBBA-9614-7472-0F5F600CE1A4}.Release|x64.ActiveCfg = Release|x64
		{DFFFA668-CBBA-9614-7472-0F5F600CE1A4}.Release|x64.Build.0 = Release|x64
		{091FC264-758B-7D5F-3E7F-15BDAAAA9FC7}.Debug|Win32.ActiveCfg = Debug|Win32
		{091FC264-758B-7D5F-3E7F-15BDAAAA9FC7}.Debug|Win32.Build.0 = Debug|Win32
		{091FC264-758B-7D5F-3E7F-15BDAAAA9FC7}.Debug|x64.ActiveCfg = Debug|x64
		{091FC264-758B-7D5F-3E7F-15BDAAAA9FC7}.Debug|x64.Build.0 = Debug|x64
		{091FC264-758B-7D5F-3E7F-15BDAAAA9FC7}.Release|Win32.ActiveCfg = Release|Win32
		{091FC264-758B-7D5F-3E7F-15BDAAAA9FC7}.Release|Win32.Build.0 = Release|Win32
		{091FC264-758B-7D5F-3E7F-15BDAAAA9FC7}.Release|x64.ActiveCfg = Release|x64
		{091FC264-758B-7D5F-3E7F-15BDAAAA9FC7}.Release|x64.Build.0 = Release|x64
		{2510A7A5-917C-62A0-5A70-FAFDC69B8408}.Debug|Win32.ActiveCfg = Debug|Win32
		{2510A7A5-917C-62A0-5A70-FAFDC69B8408}.Debug|Win32.Build.0 = Debug|Win32
		{2510A7A5-917C-62A0-5A70-FAFDC69B8408}.Debug|x64.ActiveCfg = Debug|x64
		{2510A7A5-917C-62A0-5A70-FAFDC69B8408}.Debug|x64.Build.0 = Debug|x64
		{2510A7A5-917C-62A0-5A70-FAFDC69B8408}.Release|Win32.ActiveCfg = Release|Win32
		{2510A7A5-917C-62A0-5A70-FAFDC69B8408}.Release|Win32.Build.0 = Release|Win32
		{2510A7A5-917C-62A0-5A70-FAFDC69B8408}.Release|x64.ActiveCfg = Release|x64
		{2510A7A5-917C-62A0-5A70-FAFDC69B8408}.Release|x64.Build.0 = Release|x64
		{8B2A6A13-77F8-5D19-608C-CE3F4CF9397E}.Debug|Win32.ActiveCfg = Debug|Win32
		{8B2A6A13-77F8-5D19-608C-CE3F4CF9397E}.Debug|Win32.Build.0 = Debug|Win32
		{8B2A6A13-77F8-5D19-608C-CE3F4CF9397E}.Debug|x64.ActiveCfg = Debug|x64
		{8B2A6A13-77F8-5D19-608C-CE3F4CF9397E}.Debug|x64.Build.0 = Debug|x64
		{8B2A6A13-77F8-5D19-608C-CE3F4CF9397E}.Release|Win32.ActiveCfg = Release|Win32
		{8B2A6A13-77F8-5D19-608C-CE3F4CF9397E}.Release|Win32.Build.0 = Release|Win32
		{8B2A6A13-77F8-5D19-608C-CE3F4CF9397E}.Release|x64.ActiveCfg = Release|x64
		{8B2A6A13-77F8-5D19-608C-CE3F4CF9397E}.Release|x64.Build.0 = Release|x64
		{815D7C13-6D2B-7019-56BF-E03F422C4C7E}.Debug|Win32.ActiveCfg = Debug|Win32
		{815D7C13-6D2B-7019-56BF-E03F422C4C7E}.Debug|Win32.Build.0 = Debug|Win32
		{815D7C13-6D2B-7019-56BF-E03F422C4C7E}.Debug|x64.ActiveCfg = Debug|x64
		{815D7C13-6D2B-7019-56BF-E03F422C4C7E}.Debug|x64.Build.0 = Debug|x64
		{815D7C13-6D2B-7019-56BF-E03F422C4C7E}.Release|Win32.ActiveCfg = Release|Win32
		{815D7C13-6D2B-7019-56BF-E03F422C4C7E}.Release|Win32.Build.0 = Release|Win32
		{815D7C13-6D2B-7019-56BF-E03F422C4C7E}.Release|x64.ActiveCfg = Release|x64
		{815D7C13-6D2B-7019-56BF-E03F422C4C7E}.Release|x64.Build.0 = Release|x64
		{D69F8688-42B6-841E-8B2D-1040F78255A6}.Debug|Win32.ActiveCfg = Debug|Win32
		{D69F8688-42B6-841E-8B2D-1040F78255A6}.Debug|Win32.Build.0 = Debug|Win32
		{D69F8688-42B6-841E-8B2D-1040F78255A6}.Debug|x64.ActiveCfg = Debug|x64
		{D69F8688-42B6-841E-8B2D-1040F78255A6}.Debug|x64.Build.0 = Debug|x64
		{D69F8688-42B6-841E-8B2D-1040F78255A6}.Release|Win32.ActiveCfg = Release|Win32
		{D69F8688-42B6-841E-8B2D-1040F78255A6}.Release|Win32.Build.0 = Release|Win32
		{D69F8688-42B6-841E-8B2D-1040F78255A6}.Release|x64.ActiveCfg = Release|x64
		{D69F8688-42B6-841E-8B2D-1040F78255A6}.Release|x64.Build.0 = Release|x64
		{4FF1AEAE-BB52-8CBC-44C0-D26EB020C37B}.Debug|Win32.ActiveCfg = Debug|Win32
		{4FF1AEAE-BB52-8CBC-44C0-D26EB020C37B}.Debug|Win32.Build.0 = Debug|Win32
		{4FF1AEAE-BB52-8CBC-44C0-D26EB020C37B}.Debug|x64.ActiveCfg = Debug|x64
		{4FF1AEAE-BB52-8CBC-44C0-D26EB020C37B}.Debug|x64.Build.0 = Debug|x64
		{4FF1AEAE-BB52-8CBC-44C0-D26EB020C37B}.Release|Win32.ActiveCfg = Release|Win32
		{4FF1AEAE-BB52-8CBC-44C0-D26EB020C37B}.Release|Win32.Build.0 = Release|Win32
		{4FF1AEAE-BB52-8CBC-44C0-D26EB020C37B}.Release|x64.ActiveCfg = Release|x64
		{4FF1AEAE-BB52-8CBC-44C0-D26EB020C37B}.Release|x64.Build.0 = Release|x64
		{FAC0C249-E6A4-839F-4F05-7EF23B086E21}.Debug|Win32.ActiveCfg = Debug|Win32
		{FAC0C249-E6A4-839F-4F05-7EF23B086E21}.Debug|Win32.Build.0 = Debug|Win32
		{FAC0C249-E6A4-839F-4F05-7EF23B086E21}.Debug|x64.ActiveCfg = Debug|x64
		{FAC0C249-E6A4-839F-4F05-7EF23B086E21}.Debug|x64.Build.0 = Debug|x64
		{FAC0C249-E6A4-839F-4F05-7EF23B086E21}.Release|Win32.ActiveCfg = Release|Win32
		{FAC0C249-E6A4-839F-4F05-7EF23B086E21}.Release|Win32.Build.0 = Release|Win32
		{FAC0C249-E6A4-839F-4F05-7EF23B086E21}.Release|x64.ActiveCfg = Release|x64
		{FAC0C249-E6A4-839F-4F05-7EF23B086E21}.Release|x64.Build.0 = Release|x64
		{998255E0-85A7-A460-AEF2-89F09A76A37E}.Debug|Win32.ActiveCfg = Debug|Win32
		{998255E0-85A7-A460-AEF2-89F09A76A37E}.Debug|Win32.Build.0 = Debug|Win32
		{998255E0-85A7-A460-AEF2-89F09A76A37E}.Debug|x64.ActiveCfg = Debug|x64
		{998255E0-85A7-A460-AEF2-89F09A76A37E}.Debug|x64.Build.0 = Debug|x64
		{998255E0-85A7-A460-AEF2-89F09A76A37E}.Release|Win32.ActiveCfg = Release|Win32
		{998255E0-85A7-A460-AEF2-89F09A76A37E}.Release|Win32.Build.0 = Release|Win32
		{998255E0-85A7-A460-AEF2-89F09A76A37E}.Release|x64.ActiveCfg = Release|x64
		{998255E0-85A7-A460-AEF2-89F09A76A37E}.Release|x64.Build.0 = Release|x64
		{CD6F524F-B968-71A1-E29A-5626CEF250AD}.Debug|Win32.ActiveCfg = Debug|Win32
		{CD6F524F-B968-71A1-E29A-5626CEF250AD}.Debug|Win32.Build.0 = Debug|Win32
		{CD6F524F-B968-71A1-E29A-5626CEF250AD}.Debug|x64.ActiveCfg = Debug|x64
		{CD6F524F-B968-71A1-E29A-5626CEF250AD}.Debug|x64.Build.0 = Debug|x64
		{CD6F524F-B968-71A1-E29A-5626CEF250AD}.Release|Win32.ActiveCfg = Release|Win32
		{CD6F524F-B968-71A1-E29A-5626CEF250AD}.Release|Win32.Build.0 = Release|Win32
		{CD6F524F-B968-71A1-E29A-5626CEF250AD}.Release|x64.ActiveCfg = Release|x64
		{CD6F524F-B968-71A1-E29A-5626CEF250AD}.Release|x64.Build.0 = Release|x64
		{A225CE71-8EB4-573B-37D3-6B36234168E1}.Debug|Win32.ActiveCfg = Debug|Win32
		{A225CE71-8EB4-573B-37D3-6B36234168E1}.Debug|Win32.Build.0 = Debug|Win32
		{A225CE71-8EB4-573B-37D3-6B36234168E1}.Debug|x64.ActiveCfg = Debug|x64
		{A225CE71-8EB4-573B-37D3-6B36234168E1}.Debug|x64.Build.0 = Debug|x64
		{A225CE71-8EB4-573B-37D3-6B36234168E1}.Release|Win32.ActiveCfg = Release|Win32
		{A225CE71-8EB4-573B-37D3-6B36234168E1}.Release|Win32.Build.0 = Release|Win32
		{A225CE71-8EB4-573B-37D3-6B36234168E1}.Release|x64.ActiveCfg = Release|x64
		{A225CE71-8EB4-573B-37D3-6B36234168E1}.Release|x64.Build.0 = Release|x64
		{296F3DA0-1553-FEF5-7EB3-F8486AB6E877}.Debug|Win32.ActiveCfg = Debug|Win32
		{296F3DA0-1553-FEF5-7EB3-F8486AB6E877}.Debug|Win32.Build.0 = Debug|Win32
		{296F3DA0-1553-FEF5-7EB3-F8486AB6E877}.Debug|x64.ActiveCfg = Debug|x64
		{296F3DA0-1553-FEF5-7EB3-F8486AB6E877}.Debug|x64.Build.0 = Debug|x64
		{296F3DA0-1553-FEF5-7EB3-F8486AB6E877}.Release|Win32.ActiveCfg = Release|Win32
		{296F3DA0-1553-FEF5-7EB3-F8486AB6E877}.Release|Win32.Build.0 = Release|Win32
		{296F3DA0-1553-FEF5-7EB3-F8486AB6E877}.Release|x64.ActiveCfg = Release|x64
		{296F3DA0-1553-FEF5-7EB3-F8486AB6E877}.Release|x64.Build.0 = Release|x64
		{176A3B1B-03F9-C4E4-AC17-D9DF9885D58A}.Debug|Win32.ActiveCfg = Debug|Win32
		{176A3B1B-03F9-C4E4-AC17-D9DF9885D58A}.Debug|Win32.Build.0 = Debug|Win32
		{176A3B1B-03F9-C4E4-AC17-D9DF9885D58A}.Debug|x64.ActiveCfg = Debug|x64
		{176A3B1B-03F9-C4E4-AC17-D9DF9885D58A}.Debug|x64.Build.0 = Debug|x64
		{176A3B1B-03F9-C4E4-AC17-D9DF9885D58A}.Release|Win32.ActiveCfg = Release|Win32
		{176A3B1B-03F9-C4E4-AC17-D9DF9885D58A}.Release|Win32.Build.0 = Release|Win32
		{176A3B1B-03F9-C4E4-AC17-D9DF9885D58A}.Release|x64.ActiveCfg = Release|x64
		{176A3B1B-03F9-C4E4-AC17-D9DF9885D58A}.Release|x64.Build.0 = Release|x64
		{CBD80DA0-B767-9769-6086-AB644CF4A70F}.Debug|Win32.ActiveCfg = Debug|Win32
		{CBD80DA0-B767-9769-6086-AB644CF4A70F}.Debug|Win32.Build.0 = Debug|Win32
		{CBD80DA0-B767-9769-6086-AB644CF4A70F}.Debug|x64.ActiveCfg = Debug|x64
		{CBD80DA0-B767-9769-6086-AB644CF4A70F}.Debug|x64.Build.0 = Debug|x64
		{CBD80DA0-B767-9769-6086-AB644CF4A70F}.Release|Win32.ActiveCfg = Release|Win32
		{CBD80DA0-B767-9769-6086-AB644CF4A70F}.Release|Win32.Build.0 = Release|Win32
		{CBD80DA0-B767-9769-6086-AB644CF4A70F}.Release|x64.ActiveCfg = Release|x64
		{CBD80DA0-B767-9769-6086-AB644CF4A70F}.Release|x64.Build.0 = Release|x64
		{33753949-1F59-FA9E-88B9-F4F174BCE420}.Debug|Win32.ActiveCfg = Debug|Win32
		{33753949-1F59-FA9E-88B9-F4F174BCE420}.Debug|Win32.Build.0 = Debug|Win32
		{33753949-1F59-FA9E-88B9-F4F174BCE420}.Debug|x64.ActiveCfg = Debug|x64
		{33753949-1F59-FA9E-88B9-F4F174BCE420}.Debug|x64.Build.0 = Debug|x64
		{33753949-1F59-FA9E-88B9-F4F174BCE420}.Release|Win32.ActiveCfg = Release|Win32
		{33753949-1F59-FA9E-88B9-F4F174BCE420}.Release|Win32.Build.0 = Release|Win32
		{33753949-1F59-FA9E-88B9-F4F174BCE420}.Release|x64.ActiveCfg = Release|x64
		{33753949-1F59-FA9E-88B9-F4F174BCE420}.Release|x64.Build.0 = Release|x64
		{C1F89517-ADC6-891D-965A-FA4382C76582}.Debug|Win32.ActiveCfg = Debug|Win32
		{C1F89517-ADC6-891D-965A-FA4382C76582}.Debug|Win32.Build.0 = Debug|Win32
		{C1F89517-ADC6-891D-965A-FA4382C76582}.Debug|x64.ActiveCfg = Debug|x64
		{C1F89517-ADC6-891D-965A-FA4382C76582}.Debug|x64.Build.0 = Debug|x64
		{C1F89517-ADC6-891D-965A-FA4382C76582}.Release|Win32.ActiveCfg = Release|Win32
		{C1F89517-ADC6-891D-965A-FA4382C76582}.Release|Win32.Build.0 = Release|Win32
		{C1F89517-ADC6-891D-965A-FA4382C76582}.Release|x64.ActiveCfg = Release|x64
		{C1F89517-ADC6-891D-965A-FA4382C76582}.Release|x64.Build.0 = Release|x64
		{F768B8BD-E3F7-4187-8C16-56827884522D}.Debug|Win32.ActiveCfg = Debug|Win32
		{F768B8BD-E3F7-4187-8C16-56827884522D}.Debug|Win32.Build.0 = Debug|Win32
		{F768B8BD-E3F7-4187-8C16-56827884522D}.Debug|x64.ActiveCfg = Debug|x64
		{F768B8BD-E3F7-4187-8C16-56827884522D}.Debug|x64.Build.0 = Debug|x64
		{F768B8BD-E3F7-4187-8C16-56827884522D}.Release|Win32.ActiveCfg = Release|Win32
		{F768B8BD-E3F7-4187-8C16-56827884522D}.Release|Win32.Build.0 = Release|Win32
		{F768B8BD-E3F7-4187-8C16-56827884522D}.Release|x64.ActiveCfg = Release|x64
		{F768B8BD-E3F7-4187-8C16-56827884522D}.Release|x64.Build.0 = Release|x64
		{BD20BA17-A9EE-AD1D-9282-1E447EEF8982}.Debug|Win32.ActiveCfg = Debug|Win32
		{BD20BA17-A9EE-AD1D-9282-1E447EEF8982}.Debug|Win32.Build.0 = Debug|Win32
		{BD20BA17-A9EE-AD1D-9282-1E447EEF8982}.Debug|x64.ActiveCfg = Debug|x64
		{BD20BA17-A9EE-AD1D-9282-1E447EEF8982}.Debug|x64.Build.0 = Debug|x64
		{BD20BA17-A9EE-AD1D-9282-1E447EEF8982}.Release|Win32.ActiveCfg = Release|Win32
		{BD20BA17-A9EE-AD1D-9282-1E447EEF8982}.Release|Win32.Build.0 = Release|Win32
		{BD20BA17-A9EE-AD1D-9282-1E447EEF8982}.Release|x64.ActiveCfg = Release|x64
		{BD20BA17-A9EE-AD1D-9282-1E447EEF8982}.Release|x64.Build.0 = Release|x64
		{682DCC17-54FB-BF1D-3D8F-304429FC9B82}.Debug|Win32.ActiveCfg = Debug|Win32
		{682DCC17-54FB-BF1D-3D8F-304429FC9B82}.Debug|Win32.Build.0 = Debug|Win32
		{682DCC17-54FB-BF1D-3D8F-304429FC9B82}.Debug|x64.ActiveCfg = Debug|x64
		{682DCC17-54FB-BF1D-3D8F-304429FC9B82}.Debug|x64.Build.0 = Debug|x64
		{682DCC17-54FB-BF1D-3D8F-304429FC9B82}.Release|Win32.ActiveCfg = Release|Win32
		{682DCC17-54FB-BF1D-3D8F-304429FC9B82}.Release|Win32.Build.0 = Release|Win32
		{682DCC17-54FB-BF1D-3D8F-304429FC9B82}.Release|x64.ActiveCfg = Release|x64
		{682DCC17-54FB-BF1D-3D8F-304429FC9B82}.Release|x64.Build.0 = Release|x64
		{58FD001A-44E1-C16F-AD41-BCC29944ACF1}.Debug|Win32.ActiveCfg = Debug|Win32
		{58FD001A-44E1-C16F-AD41-BCC29944ACF1}.Debug|Win32.Build.0 = Debug|Win32
		{58FD001A-44E1-C16F-AD41-BCC29944ACF1}.Debug|x64.ActiveCfg = Debug|x64
		{58FD001A-44E1-C16F-AD41-BCC29944ACF1}.Debug|x64.Build.0 = Debug|x64
		{58FD001A-44E1-C16F-AD41-BCC29944ACF1}.Release|Win32.ActiveCfg = Release|Win32
		{58FD001A-44E1-C16F-AD41-BCC29944ACF1}.Release|Win32.Build.0 = Release|Win32
		{58FD001A-44E1-C16F-AD41-BCC29944ACF1}.Release|x64.ActiveCfg = Release|x64
		{58FD001A-44E1-C16F-AD41-BCC29944ACF1}.Release|x64.Build.0 = Release|x64
		{8B76F017-7744-E41D-60D8-54444C45C082}.Debug|Win32.ActiveCfg = Debug|Win32
		{8B76F017-7744-E41D-60D8-54444C45C082}.Debug|Win32.Build.0 = Debug|Win32
		{8B76F017-7744-E41D-60D8-54444C45C082}.Debug|x64.ActiveCfg = Debug|x64
		{8B76F017-7744-E41D-60D8-54444C45C082}.Debug|x64.Build.0 = Debug|x64
		{8B76F017-7744-E41D-60D8-54444C45C082}.Release|Win32.ActiveCfg = Release|Win32
		{8B76F017-7744-E41D-60D8-54444C45C082}.Release|Win32.Build.0 = Release|Win32
		{8B76F017-7744-E41D-60D8-54444C45C082}.Release|x64.ActiveCfg = Release|x64
		{8B76F017-7744-E41D-60D8-54444C45C082}.Release|x64.Build.0 = Release|x64
		{674B23E7-D363-0A11-9C10-9AAA08E89EAA}.Debug|Win32.ActiveCfg = Debug|Win32
		{674B23E7-D363-0A11-9C10-9AAA08E89EAA}.Debug|Win32.Build.0 = Debug|Win32
		{674B23E7-D363-0A11-9C10-9AAA08E89EAA}.Debug|x64.ActiveCfg = Debug|x64
		{674B23E7-D363-0A11-9C10-9AAA08E89EAA}.Debug|x64.Build.0 = Debug|x64
		{674B23E7-D363-0A11-9C10-9AAA08E89EAA}.Release|Win32.ActiveCfg = Release|Win32
		{674B23E7-D363-0A11-9C10-9AAA08E89EAA}.Release|Win32.Build.0 = Release|Win32
		{674B23E7-D363-0A11-9C10-9AAA08E89EAA}.Release|x64.ActiveCfg = Release|x64
		{674B23E7-D363-0A11-9C10-9AAA08E89EAA}.Release|x64.Build.0 = Release|x64
		{A7EA8815-93B8-7C1B-7C4C-ED4168B95880}.Debug|Win32.ActiveCfg = Debug|Win32
		{A7EA8815-93B8-7C1B-7C4C-ED4168B95880}.Debug|Win32.Build.0 = Debug|Win32
		{A7EA8815-93B8-7C1B-7C4C-ED4168B95880}.Debug|x64.ActiveCfg = Debug|x64
		{A7EA8815-93B8-7C1B-7C4C-ED4168B95880}.Debug|x64.Build.0 = Debug|x64
		{A7EA8815-93B8-7C1B-7C4C-ED4168B95880}.Release|Win32.ActiveCfg = Release|Win32
		{A7EA8815-93B8-7C1B-7C4C-ED4168B95880}.Release|Win32.Build.0 = Release|Win32
		{A7EA8815-93B8-7C1B-7C4C-ED4168B95880}.Release|x64.ActiveCfg = Release|x64
		{A7EA8815-93B8-7C1B-7C4C-ED4168B95880}.Release|x64.Build.0 = Release|x64
		{F952D147-65BD-85BE-AEFB-36641AA56313}.Debug|Win32.ActiveCfg = Debug|Win32
		{F952D147-65BD-85BE-AEFB-36641AA56313}.Debug|Win32.Build.0 = Debug|Win32
		{F952D147-65BD-85BE-AEFB-36641AA56313}.Debug|x64.ActiveCfg = Debug|x64
		{F952D147-65BD-85BE-AEFB-36641AA56313}.Debug|x64.Build.0 = Debug|x64
		{F952D147-65BD-85BE-AEFB-36641AA56313}.Release|Win32.ActiveCfg = Release|Win32
		{F952D147-65BD-85BE-AEFB-36641AA56313}.Release|Win32.Build.0 = Release|Win32
		{F952D147-65BD-85BE-AEFB-36641AA56313}.Release|x64.ActiveCfg = Release|x64
		{F952D147-65BD-85BE-AEFB-36641AA56313}.Release|x64.Build.0 = Release|x64
		{0D19B900-79F8-379C-8210-C372EE6E9EFD}.Debug|Win32.ActiveCfg = Debug|Win32
		{0D19B900-79F8-379C-8210-C372EE6E9EFD}.Debug|Win32.Build.0 = Debug|Win32
		{0D19B900-79F8-379C-8210-C372EE6E9EFD}.Debug|x64.ActiveCfg = Debug|x64
		{0D19B900-79F8-379C-8210-C372EE6E9EFD}.Debug|x64.Build.0 = Debug|x64
		{0D19B900-79F8-379C-8210-C372EE6E9EFD}.Release|Win32.ActiveCfg = Release|Win32
		{0D19B900-79F8-379C-8210-C372EE6E9EFD}.Release|Win32.Build.0 = Release|Win32
		{0D19B900-79F8-379C-8210-C372EE6E9EFD}.Release|x64.ActiveCfg = Release|x64
		{0D19B900-79F8-379C-8210-C372EE6E9EFD}.Release|x64.Build.0 = Release|x64
		{4783A312-3351-9718-1CE5-073F0852737D}.Debug|Win32.ActiveCfg = Debug|Win32
		{4783A312-3351-9718-1CE5-073F0852737D}.Debug|Win32.Build.0 = Debug|Win32
		{4783A312-3351-9718-1CE5-073F0852737D}.Debug|x64.ActiveCfg = Debug|x64
		{4783A312-3351-9718-1CE5-073F0852737D}.Debug|x64.Build.0 = Debug|x64
		{4783A312-3351-9718-1CE5-073F0852737D}.Release|Win32.ActiveCfg = Release|Win32
		{4783A312-3351-9718-1CE5-073F0852737D}.Release|Win32.Build.0 = Release|Win32
		{4783A312-3351-9718-1CE5-073F0852737D}.Release|x64.ActiveCfg = Release|x64
		{4783A312-3351-9718-1CE5-073F0852737D}.Release|x64.Build.0 = Release|x64
		{2EB2967C-1AE9-970D-C3D5-7D10AFEB130F}.Debug|Win32.ActiveCfg = Debug|Win32
		{2EB2967C-1AE9-970D-C3D5-7D10AFEB130F}.Debug|Win32.Build.0 = Debug|Win32
		{2EB2967C-1AE9-970D-C3D5-7D10AFEB130F}.Debug|x64.ActiveCfg = Debug|x64
		{2EB2967C-1AE9-970D-C3D5-7D10AFEB130F}.Debug|x64.Build.0 = Debug|x64
		{2EB2967C-1AE9-970D-C3D5-7D10AFEB130F}.Release|Win32.ActiveCfg = Release|Win32
		{2EB2967C-1AE9-970D-C3D5-7D10AFEB130F}.Release|Win32.Build.0 = Release|Win32
		{2EB2967C-1AE9-970D-C3D5-7D10AFEB130F}.Release|x64.ActiveCfg = Release|x64
		{2EB2967C-1AE9-970D-C3D5-7D10AFEB130F}.Release|x64.Build.0 = Release|x64
		{FF44D591-6B24-542D-743C-DF03E09ABA8E}.Debug|Win32.ActiveCfg = Debug|Win32
		{FF44D591-6B24-542D-743C-DF03E09ABA8E}.Debug|Win32.Build.0 = Debug|Win32
		{FF44D591-6B24-542D-743C-DF03E09ABA8E}.Debug|x64.ActiveCfg = Debug|x64
		{FF44D591-6B24-542D-743C-DF03E09ABA8E}.Debug|x64.Build.0 = Debug|x64
		{FF44D591-6B24-542D-743C-DF03E09ABA8E}.Release|Win32.ActiveCfg = Release|Win32
		{FF44D591-6B24-542D-743C-DF03E09ABA8E}.Release|Win32.Build.0 = Release|Win32
		{FF44D591-6B24-542D-743C-DF03E09ABA8E}.Release|x64.ActiveCfg = Release|x64
		{FF44D591-6B24-542D-743C-DF03E09ABA8E}.Release|x64.Build.0 = Release|x64
		{B9F8A108-A5C5-FC13-CEDE-EABBBA0A32A2}.Debug|Win32.ActiveCfg = Debug|Win32
		{B9F8A108-A5C5-FC13-CEDE-EABBBA0A32A2}.Debug|Win32.Build.0 = Debug|Win32
		{B9F8A108-A5C5-FC13-CEDE-EABBBA0A32A2}.Debug|x64.ActiveCfg = Debug|x64
		{B9F8A108-A5C5-FC13-CEDE-EABBBA0A32A2}.Debug|x64.Build.0 = Debug|x64
		{B9F8A108-A5C5-FC13-CEDE-EABBBA0A32A2}.Release|Win32.ActiveCfg = Release|Win32
		{B9F8A108-A5C5-FC13-CEDE-EABBBA0A32A2}.Release|Win32.Build.0 = Release|Win32
		{B9F8A108-A5C5-FC13-CEDE-EABBBA0A32A2}.Release|x64.ActiveCfg = Release|x64
		{B9F8A108-A5C5-FC13-CEDE-EABBBA0A32A2}.Release|x64.Build.0 = Release|x64
		{CCF8A108-B8C5-FC13-E1DE-EABBCD0A32A2}.Debug|Win32.ActiveCfg = Debug|Win32
		{CCF8A108-B8C5-FC13-E1DE-EABBCD0A32A2}.Debug|Win32.Build.0 = Debug|Win32
		{CCF8A108-B8C5-FC13-E1DE-EABBCD0A32A2}.Debug|x64.ActiveCfg = Debug|x64
		{CCF8A108-B8C5-FC13-E1DE-EABBCD0A32A2}.Debug|x64.Build.0 = Debug|x64
		{CCF8A108-B8C5-FC13-E1DE-EABBCD0A32A2}.Release|Win32.ActiveCfg = Release|Win32
		{CCF8A108-B8C5-FC13-E1DE-EABBCD0A32A2}.Release|Win32.Build.0 = Release|Win32
		{CCF8A108-B8C5-FC13-E1DE-EABBCD0A32A2}.Release|x64.ActiveCfg = Release|x64
		{CCF8A108-B8C5-FC13-E1DE-EABBCD0A32A2}.Release|x64.Build.0 = Release|x64
		{D4DE4E6C-4049-03E3-8987-B488F530E137}.Debug|Win32.ActiveCfg = Debug|Win32
		{D4DE4E6C-4049-03E3-8987-B488F530E137}.Debug|Win32.Build.0 = Debug|Win32
		{D4DE4E6C-4049-03E3-8987-B488F530E137}.Debug|x64.ActiveCfg = Debug|x64
		{D4DE4E6C-4049-03E3-8987-B488F530E137}.Debug|x64.Build.0 = Debug|x64
		{D4DE4E6C-4049-03E3-8987-B488F530E137}.Release|Win32.ActiveCfg = Release|Win32
		{D4DE4E6C-4049-03E3-8987-B488F530E137}.Release|Win32.Build.0 = Release|Win32
		{D4DE4E6C-4049-03E3-8987-B488F530E137}.Release|x64.ActiveCfg = Release|x64
		{D4DE4E6C-4049-03E3-8987-B488F530E137}.Release|x64.Build.0 = Release|x64
	EndGlobalSection
	GlobalSection(SolutionProperties) = preSolution
		HideSolutionNode = FALSE
	EndGlobalSection
	GlobalSection(NestedProjects) = preSolution
		{4EAB80E7-3A79-74ED-230D-E5130F7A5052} = {6559F37D-51FB-1D54-3AB6-31A826F7A4A4}
		{07C26CF4-732E-28EF-3C22-C04CA84D4A57} = {53D8728A-BF42-2701-0881-D8A6742A0556}
		{6C90947C-58C7-950D-01B4-7B10EDC9110F} = {7E848E0B-EA98-B6BC-B31A-5A1C1FEEB2ED}
		{5F775900-4B03-880B-B4B1-880BA05C880B} = {7E848E0B-EA98-B6BC-B31A-5A1C1FEEB2ED}
		{C499947C-B0D0-950D-59BD-7B1045D3110F} = {7E848E0B-EA98-B6BC-B31A-5A1C1FEEB2ED}
		{A7B931CA-136F-AABF-9C63-A4960818A1C3} = {7E848E0B-EA98-B6BC-B31A-5A1C1FEEB2ED}
		{D1BE29CD-3D74-A2C2-C668-9C99321D99C6} = {7E848E0B-EA98-B6BC-B31A-5A1C1FEEB2ED}
		{2B1D7912-1780-08B7-C005-416DAC47D439} = {53D8728A-BF42-2701-0881-D8A6742A0556}
		{A788128C-9356-0692-7CEA-76B86857E2F6} = {53D8728A-BF42-2701-0881-D8A6742A0556}
		{3E36238F-2A2F-42E1-5361-27663FB921ED} = {53D8728A-BF42-2701-0881-D8A6742A0556}
		{820393EB-6E92-1CB5-17B1-30B0031F2D5B} = {53D8728A-BF42-2701-0881-D8A6742A0556}
		{A5CF9490-1131-729E-9A9E-B85006FFA85D} = {53D8728A-BF42-2701-0881-D8A6742A0556}
		{3CDC622A-A867-D0EE-B178-53E31D832CEF} = {53D8728A-BF42-2701-0881-D8A6742A0556}
		{5E07E5C1-CA73-A0BC-9367-381AFF92C224} = {53D8728A-BF42-2701-0881-D8A6742A0556}
		{A568072F-11F4-74F3-1A05-F8E7860FD1F3} = {53D8728A-BF42-2701-0881-D8A6742A0556}
		{5FB67EAA-CB17-5CB8-5485-A26AC0E59277} = {53D8728A-BF42-2701-0881-D8A6742A0556}
		{3639FA12-A24F-F8A8-EBC6-83CA571CC930} = {53D8728A-BF42-2701-0881-D8A6742A0556}
		{72162711-5EE4-1A17-4778-8B3D33E5F67B} = {53D8728A-BF42-2701-0881-D8A6742A0556}
		{C3C9046E-2F55-7232-3866-F526A470CE32} = {53D8728A-BF42-2701-0881-D8A6742A0556}
		{617EA5C2-4D62-6618-B6C2-606BA2C5509A} = {53D8728A-BF42-2701-0881-D8A6742A0556}
		{EDA5FD12-D973-F118-C207-623FAE74CD7D} = {53D8728A-BF42-2701-0881-D8A6742A0556}
		{21D7569F-0DBB-17F5-761B-1248621E0277} = {53D8728A-BF42-2701-0881-D8A6742A0556}
		{61C226E5-4DE7-7565-7632-5BF562B67483} = {53D8728A-BF42-2701-0881-D8A6742A0556}
		{DFFFA668-CBBA-9614-7472-0F5F600CE1A4} = {53D8728A-BF42-2701-0881-D8A6742A0556}
		{091FC264-758B-7D5F-3E7F-15BDAAAA9FC7} = {53D8728A-BF42-2701-0881-D8A6742A0556}
		{2510A7A5-917C-62A0-5A70-FAFDC69B8408} = {53D8728A-BF42-2701-0881-D8A6742A0556}
		{8B2A6A13-77F8-5D19-608C-CE3F4CF9397E} = {53D8728A-BF42-2701-0881-D8A6742A0556}
		{815D7C13-6D2B-7019-56BF-E03F422C4C7E} = {53D8728A-BF42-2701-0881-D8A6742A0556}
		{D69F8688-42B6-841E-8B2D-1040F78255A6} = {53D8728A-BF42-2701-0881-D8A6742A0556}
		{4FF1AEAE-BB52-8CBC-44C0-D26EB020C37B} = {53D8728A-BF42-2701-0881-D8A6742A0556}
		{FAC0C249-E6A4-839F-4F05-7EF23B086E21} = {53D8728A-BF42-2701-0881-D8A6742A0556}
		{998255E0-85A7-A460-AEF2-89F09A76A37E} = {53D8728A-BF42-2701-0881-D8A6742A0556}
		{CD6F524F-B968-71A1-E29A-5626CEF250AD} = {53D8728A-BF42-2701-0881-D8A6742A0556}
		{A225CE71-8EB4-573B-37D3-6B36234168E1} = {53D8728A-BF42-2701-0881-D8A6742A0556}
		{296F3DA0-1553-FEF5-7EB3-F8486AB6E877} = {53D8728A-BF42-2701-0881-D8A6742A0556}
		{176A3B1B-03F9-C4E4-AC17-D9DF9885D58A} = {53D8728A-BF42-2701-0881-D8A6742A0556}
		{CBD80DA0-B767-9769-6086-AB644CF4A70F} = {53D8728A-BF42-2701-0881-D8A6742A0556}
		{33753949-1F59-FA9E-88B9-F4F174BCE420} = {53D8728A-BF42-2701-0881-D8A6742A0556}
		{C1F89517-ADC6-891D-965A-FA4382C76582} = {53D8728A-BF42-2701-0881-D8A6742A0556}
		{F768B8BD-E3F7-4187-8C16-56827884522D} = {53D8728A-BF42-2701-0881-D8A6742A0556}
		{BD20BA17-A9EE-AD1D-9282-1E447EEF8982} = {53D8728A-BF42-2701-0881-D8A6742A0556}
		{682DCC17-54FB-BF1D-3D8F-304429FC9B82} = {53D8728A-BF42-2701-0881-D8A6742A0556}
		{58FD001A-44E1-C16F-AD41-BCC29944ACF1} = {53D8728A-BF42-2701-0881-D8A6742A0556}
		{8B76F017-7744-E41D-60D8-54444C45C082} = {53D8728A-BF42-2701-0881-D8A6742A0556}
		{674B23E7-D363-0A11-9C10-9AAA08E89EAA} = {53D8728A-BF42-2701-0881-D8A6742A0556}
		{A7EA8815-93B8-7C1B-7C4C-ED4168B95880} = {53D8728A-BF42-2701-0881-D8A6742A0556}
		{F952D147-65BD-85BE-AEFB-36641AA56313} = {4EAB80E7-3A79-74ED-230D-E5130F7A5052}
		{0D19B900-79F8-379C-8210-C372EE6E9EFD} = {4EAB80E7-3A79-74ED-230D-E5130F7A5052}
		{4783A312-3351-9718-1CE5-073F0852737D} = {4EAB80E7-3A79-74ED-230D-E5130F7A5052}
		{2EB2967C-1AE9-970D-C3D5-7D10AFEB130F} = {4EAB80E7-3A79-74ED-230D-E5130F7A5052}
		{FF44D591-6B24-542D-743C-DF03E09ABA8E} = {4EAB80E7-3A79-74ED-230D-E5130F7A5052}
		{B9F8A108-A5C5-FC13-CEDE-EABBBA0A32A2} = {6559F37D-51FB-1D54-3AB6-31A826F7A4A4}
		{CCF8A108-B8C5-FC13-E1DE-EABBCD0A32A2} = {6559F37D-51FB-1D54-3AB6-31A826F7A4A4}
		{D4DE4E6C-4049-03E3-8987-B488F530E137} = {6559F37D-51FB-1D54-3AB6-31A826F7A4A4}
	EndGlobalSection
EndGlobal
