<?xml version="1.0" encoding="utf-8"?>
<Project ToolsVersion="14.0" xmlns="http://schemas.microsoft.com/developer/msbuild/2003">
  <ItemGroup>
    <Filter Include="examples">
      <UniqueIdentifier>{84D830B1-70A5-8BBC-99BE-796485EAC04A}</UniqueIdentifier>
    </Filter>
    <Filter Include="examples\00-helloworld">
      <UniqueIdentifier>{691AC310-5514-EC62-3E81-82732A1A52CF}</UniqueIdentifier>
    </Filter>
    <Filter Include="examples\runtime">
      <UniqueIdentifier>{642DBE38-5026-DD8A-7958-C20F65B0BC96}</UniqueIdentifier>
    </Filter>
  </ItemGroup>
  <ItemGroup>
    <None Include="..\..\..\examples\runtime\iOS-Info.plist">
      <Filter>examples\runtime</Filter>
    </None>
    <None Include="..\..\..\examples\runtime\tvOS-Info.plist">
      <Filter>examples\runtime</Filter>
    </None>
  </ItemGroup>
  <ItemGroup>
    <ClInclude Include="..\..\..\examples\00-helloworld\logo.h">
      <Filter>examples\00-helloworld</Filter>
    </ClInclude>
  </ItemGroup>
  <ItemGroup>
    <ClCompile Include="..\..\..\examples\00-helloworld\helloworld.cpp">
      <Filter>examples\00-helloworld</Filter>
    </ClCompile>
  </ItemGroup>
</Project>
