
Microsoft Visual Studio Solution File, Format Version 12.00
# Visual Studio 2013
VisualStudioVersion = 12.0.21005.1
MinimumVisualStudioVersion = 10.0.40219.1
Project("{8BC9CEB8-8B4A-11D0-8D11-00A0C91BC942}") = "HostApp", "msvc6\HostApp\HostApp.vcxproj", "{59C00650-9C74-4BB7-B61C-7D4451DDF84A}"
EndProject
Project("{8BC9CEB8-8B4A-11D0-8D11-00A0C91BC942}") = "TestRunner", "..\src\msvc6\testrunner\TestRunner.vcxproj", "{15DAF434-6B95-4D00-A8DE-B8985A11BC91}"
EndProject
Project("{8BC9CEB8-8B4A-11D0-8D11-00A0C91BC942}") = "cppunit", "..\src\cppunit\cppunit.vcxproj", "{1E49C5B5-570D-4FB7-979D-8C4CE7849EA9}"
EndProject
Project("{8BC9CEB8-8B4A-11D0-8D11-00A0C91BC942}") = "cppunit_dll", "..\src\cppunit\cppunit_dll.vcxproj", "{81A409BA-5A42-4E20-8C9E-4FFD4941DDD7}"
EndProject
Global
	GlobalSection(SolutionConfigurationPlatforms) = preSolution
		Debug DLL|Win32 = Debug DLL|Win32
		Debug No Type Info Name|Win32 = Debug No Type Info Name|Win32
		Debug NtTimer|Win32 = Debug NtTimer|Win32
		Debug Static|Win32 = Debug Static|Win32
		Debug Unicode|Win32 = Debug Unicode|Win32
		Debug|Win32 = Debug|Win32
		Release DLL|Win32 = Release DLL|Win32
		Release Static|Win32 = Release Static|Win32
		Release Unicode|Win32 = Release Unicode|Win32
		Release|Win32 = Release|Win32
		Template|Win32 = Template|Win32
	EndGlobalSection
	GlobalSection(ProjectConfigurationPlatforms) = postSolution
		{59C00650-9C74-4BB7-B61C-7D4451DDF84A}.Debug DLL|Win32.ActiveCfg = Debug No Type Info Name|Win32
		{59C00650-9C74-4BB7-B61C-7D4451DDF84A}.Debug DLL|Win32.Build.0 = Debug No Type Info Name|Win32
		{59C00650-9C74-4BB7-B61C-7D4451DDF84A}.Debug No Type Info Name|Win32.ActiveCfg = Debug No Type Info Name|Win32
		{59C00650-9C74-4BB7-B61C-7D4451DDF84A}.Debug No Type Info Name|Win32.Build.0 = Debug No Type Info Name|Win32
		{59C00650-9C74-4BB7-B61C-7D4451DDF84A}.Debug NtTimer|Win32.ActiveCfg = Debug No Type Info Name|Win32
		{59C00650-9C74-4BB7-B61C-7D4451DDF84A}.Debug NtTimer|Win32.Build.0 = Debug No Type Info Name|Win32
		{59C00650-9C74-4BB7-B61C-7D4451DDF84A}.Debug Static|Win32.ActiveCfg = Debug No Type Info Name|Win32
		{59C00650-9C74-4BB7-B61C-7D4451DDF84A}.Debug Static|Win32.Build.0 = Debug No Type Info Name|Win32
		{59C00650-9C74-4BB7-B61C-7D4451DDF84A}.Debug Unicode|Win32.ActiveCfg = Debug Unicode|Win32
		{59C00650-9C74-4BB7-B61C-7D4451DDF84A}.Debug Unicode|Win32.Build.0 = Debug Unicode|Win32
		{59C00650-9C74-4BB7-B61C-7D4451DDF84A}.Debug|Win32.ActiveCfg = Debug|Win32
		{59C00650-9C74-4BB7-B61C-7D4451DDF84A}.Debug|Win32.Build.0 = Debug|Win32
		{59C00650-9C74-4BB7-B61C-7D4451DDF84A}.Release DLL|Win32.ActiveCfg = Release Unicode|Win32
		{59C00650-9C74-4BB7-B61C-7D4451DDF84A}.Release DLL|Win32.Build.0 = Release Unicode|Win32
		{59C00650-9C74-4BB7-B61C-7D4451DDF84A}.Release Static|Win32.ActiveCfg = Release Unicode|Win32
		{59C00650-9C74-4BB7-B61C-7D4451DDF84A}.Release Static|Win32.Build.0 = Release Unicode|Win32
		{59C00650-9C74-4BB7-B61C-7D4451DDF84A}.Release Unicode|Win32.ActiveCfg = Release Unicode|Win32
		{59C00650-9C74-4BB7-B61C-7D4451DDF84A}.Release Unicode|Win32.Build.0 = Release Unicode|Win32
		{59C00650-9C74-4BB7-B61C-7D4451DDF84A}.Release|Win32.ActiveCfg = Release|Win32
		{59C00650-9C74-4BB7-B61C-7D4451DDF84A}.Release|Win32.Build.0 = Release|Win32
		{59C00650-9C74-4BB7-B61C-7D4451DDF84A}.Template|Win32.ActiveCfg = Template|Win32
		{59C00650-9C74-4BB7-B61C-7D4451DDF84A}.Template|Win32.Build.0 = Template|Win32
		{15DAF434-6B95-4D00-A8DE-B8985A11BC91}.Debug DLL|Win32.ActiveCfg = Debug Unicode|Win32
		{15DAF434-6B95-4D00-A8DE-B8985A11BC91}.Debug DLL|Win32.Build.0 = Debug Unicode|Win32
		{15DAF434-6B95-4D00-A8DE-B8985A11BC91}.Debug No Type Info Name|Win32.ActiveCfg = Debug Unicode|Win32
		{15DAF434-6B95-4D00-A8DE-B8985A11BC91}.Debug No Type Info Name|Win32.Build.0 = Debug Unicode|Win32
		{15DAF434-6B95-4D00-A8DE-B8985A11BC91}.Debug NtTimer|Win32.ActiveCfg = Debug Unicode|Win32
		{15DAF434-6B95-4D00-A8DE-B8985A11BC91}.Debug NtTimer|Win32.Build.0 = Debug Unicode|Win32
		{15DAF434-6B95-4D00-A8DE-B8985A11BC91}.Debug Static|Win32.ActiveCfg = Debug Unicode|Win32
		{15DAF434-6B95-4D00-A8DE-B8985A11BC91}.Debug Static|Win32.Build.0 = Debug Unicode|Win32
		{15DAF434-6B95-4D00-A8DE-B8985A11BC91}.Debug Unicode|Win32.ActiveCfg = Debug Unicode|Win32
		{15DAF434-6B95-4D00-A8DE-B8985A11BC91}.Debug Unicode|Win32.Build.0 = Debug Unicode|Win32
		{15DAF434-6B95-4D00-A8DE-B8985A11BC91}.Debug|Win32.ActiveCfg = Debug|Win32
		{15DAF434-6B95-4D00-A8DE-B8985A11BC91}.Debug|Win32.Build.0 = Debug|Win32
		{15DAF434-6B95-4D00-A8DE-B8985A11BC91}.Release DLL|Win32.ActiveCfg = Release Unicode|Win32
		{15DAF434-6B95-4D00-A8DE-B8985A11BC91}.Release DLL|Win32.Build.0 = Release Unicode|Win32
		{15DAF434-6B95-4D00-A8DE-B8985A11BC91}.Release Static|Win32.ActiveCfg = Release Unicode|Win32
		{15DAF434-6B95-4D00-A8DE-B8985A11BC91}.Release Static|Win32.Build.0 = Release Unicode|Win32
		{15DAF434-6B95-4D00-A8DE-B8985A11BC91}.Release Unicode|Win32.ActiveCfg = Release Unicode|Win32
		{15DAF434-6B95-4D00-A8DE-B8985A11BC91}.Release Unicode|Win32.Build.0 = Release Unicode|Win32
		{15DAF434-6B95-4D00-A8DE-B8985A11BC91}.Release|Win32.ActiveCfg = Release|Win32
		{15DAF434-6B95-4D00-A8DE-B8985A11BC91}.Release|Win32.Build.0 = Release|Win32
		{15DAF434-6B95-4D00-A8DE-B8985A11BC91}.Template|Win32.ActiveCfg = Template|Win32
		{15DAF434-6B95-4D00-A8DE-B8985A11BC91}.Template|Win32.Build.0 = Template|Win32
		{1E49C5B5-570D-4FB7-979D-8C4CE7849EA9}.Debug DLL|Win32.ActiveCfg = Debug|Win32
		{1E49C5B5-570D-4FB7-979D-8C4CE7849EA9}.Debug DLL|Win32.Build.0 = Debug|Win32
		{1E49C5B5-570D-4FB7-979D-8C4CE7849EA9}.Debug No Type Info Name|Win32.ActiveCfg = Debug|Win32
		{1E49C5B5-570D-4FB7-979D-8C4CE7849EA9}.Debug No Type Info Name|Win32.Build.0 = Debug|Win32
		{1E49C5B5-570D-4FB7-979D-8C4CE7849EA9}.Debug NtTimer|Win32.ActiveCfg = Debug|Win32
		{1E49C5B5-570D-4FB7-979D-8C4CE7849EA9}.Debug NtTimer|Win32.Build.0 = Debug|Win32
		{1E49C5B5-570D-4FB7-979D-8C4CE7849EA9}.Debug Static|Win32.ActiveCfg = Debug|Win32
		{1E49C5B5-570D-4FB7-979D-8C4CE7849EA9}.Debug Static|Win32.Build.0 = Debug|Win32
		{1E49C5B5-570D-4FB7-979D-8C4CE7849EA9}.Debug Unicode|Win32.ActiveCfg = Debug|Win32
		{1E49C5B5-570D-4FB7-979D-8C4CE7849EA9}.Debug Unicode|Win32.Build.0 = Debug|Win32
		{1E49C5B5-570D-4FB7-979D-8C4CE7849EA9}.Debug|Win32.ActiveCfg = Debug|Win32
		{1E49C5B5-570D-4FB7-979D-8C4CE7849EA9}.Debug|Win32.Build.0 = Debug|Win32
		{1E49C5B5-570D-4FB7-979D-8C4CE7849EA9}.Release DLL|Win32.ActiveCfg = Release|Win32
		{1E49C5B5-570D-4FB7-979D-8C4CE7849EA9}.Release DLL|Win32.Build.0 = Release|Win32
		{1E49C5B5-570D-4FB7-979D-8C4CE7849EA9}.Release Static|Win32.ActiveCfg = Release|Win32
		{1E49C5B5-570D-4FB7-979D-8C4CE7849EA9}.Release Static|Win32.Build.0 = Release|Win32
		{1E49C5B5-570D-4FB7-979D-8C4CE7849EA9}.Release Unicode|Win32.ActiveCfg = Release|Win32
		{1E49C5B5-570D-4FB7-979D-8C4CE7849EA9}.Release Unicode|Win32.Build.0 = Release|Win32
		{1E49C5B5-570D-4FB7-979D-8C4CE7849EA9}.Release|Win32.ActiveCfg = Release|Win32
		{1E49C5B5-570D-4FB7-979D-8C4CE7849EA9}.Release|Win32.Build.0 = Release|Win32
		{1E49C5B5-570D-4FB7-979D-8C4CE7849EA9}.Template|Win32.ActiveCfg = Template|Win32
		{1E49C5B5-570D-4FB7-979D-8C4CE7849EA9}.Template|Win32.Build.0 = Template|Win32
		{81A409BA-5A42-4E20-8C9E-4FFD4941DDD7}.Debug DLL|Win32.ActiveCfg = Debug|Win32
		{81A409BA-5A42-4E20-8C9E-4FFD4941DDD7}.Debug DLL|Win32.Build.0 = Debug|Win32
		{81A409BA-5A42-4E20-8C9E-4FFD4941DDD7}.Debug No Type Info Name|Win32.ActiveCfg = Debug|Win32
		{81A409BA-5A42-4E20-8C9E-4FFD4941DDD7}.Debug No Type Info Name|Win32.Build.0 = Debug|Win32
		{81A409BA-5A42-4E20-8C9E-4FFD4941DDD7}.Debug NtTimer|Win32.ActiveCfg = Debug|Win32
		{81A409BA-5A42-4E20-8C9E-4FFD4941DDD7}.Debug NtTimer|Win32.Build.0 = Debug|Win32
		{81A409BA-5A42-4E20-8C9E-4FFD4941DDD7}.Debug Static|Win32.ActiveCfg = Debug|Win32
		{81A409BA-5A42-4E20-8C9E-4FFD4941DDD7}.Debug Static|Win32.Build.0 = Debug|Win32
		{81A409BA-5A42-4E20-8C9E-4FFD4941DDD7}.Debug Unicode|Win32.ActiveCfg = Debug|Win32
		{81A409BA-5A42-4E20-8C9E-4FFD4941DDD7}.Debug Unicode|Win32.Build.0 = Debug|Win32
		{81A409BA-5A42-4E20-8C9E-4FFD4941DDD7}.Debug|Win32.ActiveCfg = Debug|Win32
		{81A409BA-5A42-4E20-8C9E-4FFD4941DDD7}.Debug|Win32.Build.0 = Debug|Win32
		{81A409BA-5A42-4E20-8C9E-4FFD4941DDD7}.Release DLL|Win32.ActiveCfg = Release|Win32
		{81A409BA-5A42-4E20-8C9E-4FFD4941DDD7}.Release DLL|Win32.Build.0 = Release|Win32
		{81A409BA-5A42-4E20-8C9E-4FFD4941DDD7}.Release Static|Win32.ActiveCfg = Release|Win32
		{81A409BA-5A42-4E20-8C9E-4FFD4941DDD7}.Release Static|Win32.Build.0 = Release|Win32
		{81A409BA-5A42-4E20-8C9E-4FFD4941DDD7}.Release Unicode|Win32.ActiveCfg = Release|Win32
		{81A409BA-5A42-4E20-8C9E-4FFD4941DDD7}.Release Unicode|Win32.Build.0 = Release|Win32
		{81A409BA-5A42-4E20-8C9E-4FFD4941DDD7}.Release|Win32.ActiveCfg = Release|Win32
		{81A409BA-5A42-4E20-8C9E-4FFD4941DDD7}.Release|Win32.Build.0 = Release|Win32
		{81A409BA-5A42-4E20-8C9E-4FFD4941DDD7}.Template|Win32.ActiveCfg = Template|Win32
		{81A409BA-5A42-4E20-8C9E-4FFD4941DDD7}.Template|Win32.Build.0 = Template|Win32
	EndGlobalSection
	GlobalSection(SolutionProperties) = preSolution
		HideSolutionNode = FALSE
	EndGlobalSection
EndGlobal
