
Microsoft Visual Studio Solution File, Format Version 12.00
# Visual Studio 2013
VisualStudioVersion = 12.0.21005.1
MinimumVisualStudioVersion = 10.0.40219.1
Project("{8BC9CEB8-8B4A-11D0-8D11-00A0C91BC942}") = "ClockerPlugIn", "ClockerPlugIn\ClockerPlugIn.vcxproj", "{9AEA9B22-C3F0-4E71-BD8C-A7219A63B2D2}"
EndProject
Project("{8BC9CEB8-8B4A-11D0-8D11-00A0C91BC942}") = "CppUnitTestApp", "msvc6\CppUnitTestApp\CppUnitTestApp.vcxproj", "{0D2C8694-B92B-4CCA-B1D8-6CCBACA4916E}"
EndProject
Project("{8BC9CEB8-8B4A-11D0-8D11-00A0C91BC942}") = "CppUnitTestMain", "cppunittest\CppUnitTestMain.vcxproj", "{3005FDB6-A440-4E8D-8484-00B0453A77E9}"
EndProject
Project("{8BC9CEB8-8B4A-11D0-8D11-00A0C91BC942}") = "CppUnitTestPlugIn", "cppunittest\CppUnitTestPlugIn.vcxproj", "{8AA737C7-C752-47B3-BA15-A52A7FE254CF}"
EndProject
Project("{8BC9CEB8-8B4A-11D0-8D11-00A0C91BC942}") = "DllPlugInTester", "..\src\DllPlugInTester\DllPlugInTester.vcxproj", "{1E2A3BB3-94B6-420E-B957-CA549B4B9344}"
EndProject
Project("{8BC9CEB8-8B4A-11D0-8D11-00A0C91BC942}") = "DllPlugInTesterTest", "..\src\DllPlugInTester\DllPlugInTesterTest.vcxproj", "{685E256C-0A18-437E-B294-6CC251DB9C71}"
EndProject
Project("{8BC9CEB8-8B4A-11D0-8D11-00A0C91BC942}") = "DumperPlugIn", "DumperPlugIn\DumperPlugIn.vcxproj", "{954B6AA2-602E-446E-B3D1-0E3019687B16}"
EndProject
Project("{8BC9CEB8-8B4A-11D0-8D11-00A0C91BC942}") = "HostApp", "msvc6\HostApp\HostApp.vcxproj", "{59C00650-9C74-4BB7-B61C-7D4451DDF84A}"
EndProject
Project("{8BC9CEB8-8B4A-11D0-8D11-00A0C91BC942}") = "TestPlugInRunner", "..\src\msvc6\testpluginrunner\TestPlugInRunner.vcxproj", "{FB2D4784-E336-42E2-982D-3DE269E4052C}"
EndProject
Project("{8BC9CEB8-8B4A-11D0-8D11-00A0C91BC942}") = "TestRunner", "..\src\msvc6\testrunner\TestRunner.vcxproj", "{15DAF434-6B95-4D00-A8DE-B8985A11BC91}"
EndProject
Project("{8BC9CEB8-8B4A-11D0-8D11-00A0C91BC942}") = "cppunit", "..\src\cppunit\cppunit.vcxproj", "{1E49C5B5-570D-4FB7-979D-8C4CE7849EA9}"
EndProject
Project("{8BC9CEB8-8B4A-11D0-8D11-00A0C91BC942}") = "cppunit_dll", "..\src\cppunit\cppunit_dll.vcxproj", "{81A409BA-5A42-4E20-8C9E-4FFD4941DDD7}"
EndProject
Project("{8BC9CEB8-8B4A-11D0-8D11-00A0C91BC942}") = "hierarchy", "hierarchy\hierarchy.vcxproj", "{C307CC76-B4EB-49A9-BB2C-563C127A3F95}"
EndProject
Project("{8BC9CEB8-8B4A-11D0-8D11-00A0C91BC942}") = "money", "money\money.vcxproj", "{BCA594D4-6E44-49E0-8B4C-E62871E236FB}"
EndProject
Project("{8BC9CEB8-8B4A-11D0-8D11-00A0C91BC942}") = "simple", "simple\simple.vcxproj", "{3D7CBD73-B1CE-421A-97FE-608FF0B71314}"
EndProject
Project("{8BC9CEB8-8B4A-11D0-8D11-00A0C91BC942}") = "simple_plugin", "simple\simple_plugin.vcxproj", "{8217446F-42F7-4802-8556-622B3C4C5AE7}"
EndProject
Global
	GlobalSection(SolutionConfigurationPlatforms) = preSolution
		Debug DLL|Win32 = Debug DLL|Win32
		Debug No Type Info Name|Win32 = Debug No Type Info Name|Win32
		Debug NtTimer|Win32 = Debug NtTimer|Win32
		Debug Static|Win32 = Debug Static|Win32
		Debug Unicode|Win32 = Debug Unicode|Win32
		Debug|Win32 = Debug|Win32
		Release DLL|Win32 = Release DLL|Win32
		Release Static|Win32 = Release Static|Win32
		Release Unicode|Win32 = Release Unicode|Win32
		Release|Win32 = Release|Win32
		Template|Win32 = Template|Win32
	EndGlobalSection
	GlobalSection(ProjectConfigurationPlatforms) = postSolution
		{9AEA9B22-C3F0-4E71-BD8C-A7219A63B2D2}.Debug DLL|Win32.ActiveCfg = Debug NtTimer|Win32
		{9AEA9B22-C3F0-4E71-BD8C-A7219A63B2D2}.Debug DLL|Win32.Build.0 = Debug NtTimer|Win32
		{9AEA9B22-C3F0-4E71-BD8C-A7219A63B2D2}.Debug No Type Info Name|Win32.ActiveCfg = Debug NtTimer|Win32
		{9AEA9B22-C3F0-4E71-BD8C-A7219A63B2D2}.Debug No Type Info Name|Win32.Build.0 = Debug NtTimer|Win32
		{9AEA9B22-C3F0-4E71-BD8C-A7219A63B2D2}.Debug NtTimer|Win32.ActiveCfg = Debug NtTimer|Win32
		{9AEA9B22-C3F0-4E71-BD8C-A7219A63B2D2}.Debug NtTimer|Win32.Build.0 = Debug NtTimer|Win32
		{9AEA9B22-C3F0-4E71-BD8C-A7219A63B2D2}.Debug Static|Win32.ActiveCfg = Debug NtTimer|Win32
		{9AEA9B22-C3F0-4E71-BD8C-A7219A63B2D2}.Debug Static|Win32.Build.0 = Debug NtTimer|Win32
		{9AEA9B22-C3F0-4E71-BD8C-A7219A63B2D2}.Debug Unicode|Win32.ActiveCfg = Debug NtTimer|Win32
		{9AEA9B22-C3F0-4E71-BD8C-A7219A63B2D2}.Debug Unicode|Win32.Build.0 = Debug NtTimer|Win32
		{9AEA9B22-C3F0-4E71-BD8C-A7219A63B2D2}.Debug|Win32.ActiveCfg = Debug|Win32
		{9AEA9B22-C3F0-4E71-BD8C-A7219A63B2D2}.Debug|Win32.Build.0 = Debug|Win32
		{9AEA9B22-C3F0-4E71-BD8C-A7219A63B2D2}.Release DLL|Win32.ActiveCfg = Release|Win32
		{9AEA9B22-C3F0-4E71-BD8C-A7219A63B2D2}.Release DLL|Win32.Build.0 = Release|Win32
		{9AEA9B22-C3F0-4E71-BD8C-A7219A63B2D2}.Release Static|Win32.ActiveCfg = Release|Win32
		{9AEA9B22-C3F0-4E71-BD8C-A7219A63B2D2}.Release Static|Win32.Build.0 = Release|Win32
		{9AEA9B22-C3F0-4E71-BD8C-A7219A63B2D2}.Release Unicode|Win32.ActiveCfg = Release|Win32
		{9AEA9B22-C3F0-4E71-BD8C-A7219A63B2D2}.Release Unicode|Win32.Build.0 = Release|Win32
		{9AEA9B22-C3F0-4E71-BD8C-A7219A63B2D2}.Release|Win32.ActiveCfg = Release|Win32
		{9AEA9B22-C3F0-4E71-BD8C-A7219A63B2D2}.Release|Win32.Build.0 = Release|Win32
		{9AEA9B22-C3F0-4E71-BD8C-A7219A63B2D2}.Template|Win32.ActiveCfg = Debug NtTimer|Win32
		{9AEA9B22-C3F0-4E71-BD8C-A7219A63B2D2}.Template|Win32.Build.0 = Debug NtTimer|Win32
		{0D2C8694-B92B-4CCA-B1D8-6CCBACA4916E}.Debug DLL|Win32.ActiveCfg = Debug|Win32
		{0D2C8694-B92B-4CCA-B1D8-6CCBACA4916E}.Debug DLL|Win32.Build.0 = Debug|Win32
		{0D2C8694-B92B-4CCA-B1D8-6CCBACA4916E}.Debug No Type Info Name|Win32.ActiveCfg = Debug|Win32
		{0D2C8694-B92B-4CCA-B1D8-6CCBACA4916E}.Debug No Type Info Name|Win32.Build.0 = Debug|Win32
		{0D2C8694-B92B-4CCA-B1D8-6CCBACA4916E}.Debug NtTimer|Win32.ActiveCfg = Debug|Win32
		{0D2C8694-B92B-4CCA-B1D8-6CCBACA4916E}.Debug NtTimer|Win32.Build.0 = Debug|Win32
		{0D2C8694-B92B-4CCA-B1D8-6CCBACA4916E}.Debug Static|Win32.ActiveCfg = Debug|Win32
		{0D2C8694-B92B-4CCA-B1D8-6CCBACA4916E}.Debug Static|Win32.Build.0 = Debug|Win32
		{0D2C8694-B92B-4CCA-B1D8-6CCBACA4916E}.Debug Unicode|Win32.ActiveCfg = Debug|Win32
		{0D2C8694-B92B-4CCA-B1D8-6CCBACA4916E}.Debug Unicode|Win32.Build.0 = Debug|Win32
		{0D2C8694-B92B-4CCA-B1D8-6CCBACA4916E}.Debug|Win32.ActiveCfg = Debug|Win32
		{0D2C8694-B92B-4CCA-B1D8-6CCBACA4916E}.Debug|Win32.Build.0 = Debug|Win32
		{0D2C8694-B92B-4CCA-B1D8-6CCBACA4916E}.Release DLL|Win32.ActiveCfg = Release|Win32
		{0D2C8694-B92B-4CCA-B1D8-6CCBACA4916E}.Release DLL|Win32.Build.0 = Release|Win32
		{0D2C8694-B92B-4CCA-B1D8-6CCBACA4916E}.Release Static|Win32.ActiveCfg = Release|Win32
		{0D2C8694-B92B-4CCA-B1D8-6CCBACA4916E}.Release Static|Win32.Build.0 = Release|Win32
		{0D2C8694-B92B-4CCA-B1D8-6CCBACA4916E}.Release Unicode|Win32.ActiveCfg = Release|Win32
		{0D2C8694-B92B-4CCA-B1D8-6CCBACA4916E}.Release Unicode|Win32.Build.0 = Release|Win32
		{0D2C8694-B92B-4CCA-B1D8-6CCBACA4916E}.Release|Win32.ActiveCfg = Release|Win32
		{0D2C8694-B92B-4CCA-B1D8-6CCBACA4916E}.Release|Win32.Build.0 = Release|Win32
		{0D2C8694-B92B-4CCA-B1D8-6CCBACA4916E}.Template|Win32.ActiveCfg = Template|Win32
		{0D2C8694-B92B-4CCA-B1D8-6CCBACA4916E}.Template|Win32.Build.0 = Template|Win32
		{3005FDB6-A440-4E8D-8484-00B0453A77E9}.Debug DLL|Win32.ActiveCfg = Debug DLL|Win32
		{3005FDB6-A440-4E8D-8484-00B0453A77E9}.Debug DLL|Win32.Build.0 = Debug DLL|Win32
		{3005FDB6-A440-4E8D-8484-00B0453A77E9}.Debug No Type Info Name|Win32.ActiveCfg = Debug DLL|Win32
		{3005FDB6-A440-4E8D-8484-00B0453A77E9}.Debug No Type Info Name|Win32.Build.0 = Debug DLL|Win32
		{3005FDB6-A440-4E8D-8484-00B0453A77E9}.Debug NtTimer|Win32.ActiveCfg = Debug DLL|Win32
		{3005FDB6-A440-4E8D-8484-00B0453A77E9}.Debug NtTimer|Win32.Build.0 = Debug DLL|Win32
		{3005FDB6-A440-4E8D-8484-00B0453A77E9}.Debug Static|Win32.ActiveCfg = Debug DLL|Win32
		{3005FDB6-A440-4E8D-8484-00B0453A77E9}.Debug Static|Win32.Build.0 = Debug DLL|Win32
		{3005FDB6-A440-4E8D-8484-00B0453A77E9}.Debug Unicode|Win32.ActiveCfg = Debug DLL|Win32
		{3005FDB6-A440-4E8D-8484-00B0453A77E9}.Debug Unicode|Win32.Build.0 = Debug DLL|Win32
		{3005FDB6-A440-4E8D-8484-00B0453A77E9}.Debug|Win32.ActiveCfg = Debug|Win32
		{3005FDB6-A440-4E8D-8484-00B0453A77E9}.Debug|Win32.Build.0 = Debug|Win32
		{3005FDB6-A440-4E8D-8484-00B0453A77E9}.Release DLL|Win32.ActiveCfg = Release DLL|Win32
		{3005FDB6-A440-4E8D-8484-00B0453A77E9}.Release DLL|Win32.Build.0 = Release DLL|Win32
		{3005FDB6-A440-4E8D-8484-00B0453A77E9}.Release Static|Win32.ActiveCfg = Release DLL|Win32
		{3005FDB6-A440-4E8D-8484-00B0453A77E9}.Release Static|Win32.Build.0 = Release DLL|Win32
		{3005FDB6-A440-4E8D-8484-00B0453A77E9}.Release Unicode|Win32.ActiveCfg = Release DLL|Win32
		{3005FDB6-A440-4E8D-8484-00B0453A77E9}.Release Unicode|Win32.Build.0 = Release DLL|Win32
		{3005FDB6-A440-4E8D-8484-00B0453A77E9}.Release|Win32.ActiveCfg = Release|Win32
		{3005FDB6-A440-4E8D-8484-00B0453A77E9}.Release|Win32.Build.0 = Release|Win32
		{3005FDB6-A440-4E8D-8484-00B0453A77E9}.Template|Win32.ActiveCfg = Template|Win32
		{3005FDB6-A440-4E8D-8484-00B0453A77E9}.Template|Win32.Build.0 = Template|Win32
		{8AA737C7-C752-47B3-BA15-A52A7FE254CF}.Debug DLL|Win32.ActiveCfg = Debug|Win32
		{8AA737C7-C752-47B3-BA15-A52A7FE254CF}.Debug DLL|Win32.Build.0 = Debug|Win32
		{8AA737C7-C752-47B3-BA15-A52A7FE254CF}.Debug No Type Info Name|Win32.ActiveCfg = Debug|Win32
		{8AA737C7-C752-47B3-BA15-A52A7FE254CF}.Debug No Type Info Name|Win32.Build.0 = Debug|Win32
		{8AA737C7-C752-47B3-BA15-A52A7FE254CF}.Debug NtTimer|Win32.ActiveCfg = Debug|Win32
		{8AA737C7-C752-47B3-BA15-A52A7FE254CF}.Debug NtTimer|Win32.Build.0 = Debug|Win32
		{8AA737C7-C752-47B3-BA15-A52A7FE254CF}.Debug Static|Win32.ActiveCfg = Debug|Win32
		{8AA737C7-C752-47B3-BA15-A52A7FE254CF}.Debug Static|Win32.Build.0 = Debug|Win32
		{8AA737C7-C752-47B3-BA15-A52A7FE254CF}.Debug Unicode|Win32.ActiveCfg = Debug|Win32
		{8AA737C7-C752-47B3-BA15-A52A7FE254CF}.Debug Unicode|Win32.Build.0 = Debug|Win32
		{8AA737C7-C752-47B3-BA15-A52A7FE254CF}.Debug|Win32.ActiveCfg = Debug|Win32
		{8AA737C7-C752-47B3-BA15-A52A7FE254CF}.Debug|Win32.Build.0 = Debug|Win32
		{8AA737C7-C752-47B3-BA15-A52A7FE254CF}.Release DLL|Win32.ActiveCfg = Release|Win32
		{8AA737C7-C752-47B3-BA15-A52A7FE254CF}.Release DLL|Win32.Build.0 = Release|Win32
		{8AA737C7-C752-47B3-BA15-A52A7FE254CF}.Release Static|Win32.ActiveCfg = Release|Win32
		{8AA737C7-C752-47B3-BA15-A52A7FE254CF}.Release Static|Win32.Build.0 = Release|Win32
		{8AA737C7-C752-47B3-BA15-A52A7FE254CF}.Release Unicode|Win32.ActiveCfg = Release|Win32
		{8AA737C7-C752-47B3-BA15-A52A7FE254CF}.Release Unicode|Win32.Build.0 = Release|Win32
		{8AA737C7-C752-47B3-BA15-A52A7FE254CF}.Release|Win32.ActiveCfg = Release|Win32
		{8AA737C7-C752-47B3-BA15-A52A7FE254CF}.Release|Win32.Build.0 = Release|Win32
		{8AA737C7-C752-47B3-BA15-A52A7FE254CF}.Template|Win32.ActiveCfg = Template|Win32
		{8AA737C7-C752-47B3-BA15-A52A7FE254CF}.Template|Win32.Build.0 = Template|Win32
		{1E2A3BB3-94B6-420E-B957-CA549B4B9344}.Debug DLL|Win32.ActiveCfg = Debug Static|Win32
		{1E2A3BB3-94B6-420E-B957-CA549B4B9344}.Debug DLL|Win32.Build.0 = Debug Static|Win32
		{1E2A3BB3-94B6-420E-B957-CA549B4B9344}.Debug No Type Info Name|Win32.ActiveCfg = Debug Static|Win32
		{1E2A3BB3-94B6-420E-B957-CA549B4B9344}.Debug No Type Info Name|Win32.Build.0 = Debug Static|Win32
		{1E2A3BB3-94B6-420E-B957-CA549B4B9344}.Debug NtTimer|Win32.ActiveCfg = Debug Static|Win32
		{1E2A3BB3-94B6-420E-B957-CA549B4B9344}.Debug NtTimer|Win32.Build.0 = Debug Static|Win32
		{1E2A3BB3-94B6-420E-B957-CA549B4B9344}.Debug Static|Win32.ActiveCfg = Debug Static|Win32
		{1E2A3BB3-94B6-420E-B957-CA549B4B9344}.Debug Static|Win32.Build.0 = Debug Static|Win32
		{1E2A3BB3-94B6-420E-B957-CA549B4B9344}.Debug Unicode|Win32.ActiveCfg = Debug Unicode|Win32
		{1E2A3BB3-94B6-420E-B957-CA549B4B9344}.Debug Unicode|Win32.Build.0 = Debug Unicode|Win32
		{1E2A3BB3-94B6-420E-B957-CA549B4B9344}.Debug|Win32.ActiveCfg = Debug|Win32
		{1E2A3BB3-94B6-420E-B957-CA549B4B9344}.Debug|Win32.Build.0 = Debug|Win32
		{1E2A3BB3-94B6-420E-B957-CA549B4B9344}.Release DLL|Win32.ActiveCfg = Release Unicode|Win32
		{1E2A3BB3-94B6-420E-B957-CA549B4B9344}.Release DLL|Win32.Build.0 = Release Unicode|Win32
		{1E2A3BB3-94B6-420E-B957-CA549B4B9344}.Release Static|Win32.ActiveCfg = Release Static|Win32
		{1E2A3BB3-94B6-420E-B957-CA549B4B9344}.Release Static|Win32.Build.0 = Release Static|Win32
		{1E2A3BB3-94B6-420E-B957-CA549B4B9344}.Release Unicode|Win32.ActiveCfg = Release Unicode|Win32
		{1E2A3BB3-94B6-420E-B957-CA549B4B9344}.Release Unicode|Win32.Build.0 = Release Unicode|Win32
		{1E2A3BB3-94B6-420E-B957-CA549B4B9344}.Release|Win32.ActiveCfg = Release|Win32
		{1E2A3BB3-94B6-420E-B957-CA549B4B9344}.Release|Win32.Build.0 = Release|Win32
		{1E2A3BB3-94B6-420E-B957-CA549B4B9344}.Template|Win32.ActiveCfg = Template|Win32
		{1E2A3BB3-94B6-420E-B957-CA549B4B9344}.Template|Win32.Build.0 = Template|Win32
		{685E256C-0A18-437E-B294-6CC251DB9C71}.Debug DLL|Win32.ActiveCfg = Debug|Win32
		{685E256C-0A18-437E-B294-6CC251DB9C71}.Debug DLL|Win32.Build.0 = Debug|Win32
		{685E256C-0A18-437E-B294-6CC251DB9C71}.Debug No Type Info Name|Win32.ActiveCfg = Debug|Win32
		{685E256C-0A18-437E-B294-6CC251DB9C71}.Debug No Type Info Name|Win32.Build.0 = Debug|Win32
		{685E256C-0A18-437E-B294-6CC251DB9C71}.Debug NtTimer|Win32.ActiveCfg = Debug|Win32
		{685E256C-0A18-437E-B294-6CC251DB9C71}.Debug NtTimer|Win32.Build.0 = Debug|Win32
		{685E256C-0A18-437E-B294-6CC251DB9C71}.Debug Static|Win32.ActiveCfg = Debug|Win32
		{685E256C-0A18-437E-B294-6CC251DB9C71}.Debug Static|Win32.Build.0 = Debug|Win32
		{685E256C-0A18-437E-B294-6CC251DB9C71}.Debug Unicode|Win32.ActiveCfg = Debug|Win32
		{685E256C-0A18-437E-B294-6CC251DB9C71}.Debug Unicode|Win32.Build.0 = Debug|Win32
		{685E256C-0A18-437E-B294-6CC251DB9C71}.Debug|Win32.ActiveCfg = Debug|Win32
		{685E256C-0A18-437E-B294-6CC251DB9C71}.Debug|Win32.Build.0 = Debug|Win32
		{685E256C-0A18-437E-B294-6CC251DB9C71}.Release DLL|Win32.ActiveCfg = Release|Win32
		{685E256C-0A18-437E-B294-6CC251DB9C71}.Release DLL|Win32.Build.0 = Release|Win32
		{685E256C-0A18-437E-B294-6CC251DB9C71}.Release Static|Win32.ActiveCfg = Release|Win32
		{685E256C-0A18-437E-B294-6CC251DB9C71}.Release Static|Win32.Build.0 = Release|Win32
		{685E256C-0A18-437E-B294-6CC251DB9C71}.Release Unicode|Win32.ActiveCfg = Release|Win32
		{685E256C-0A18-437E-B294-6CC251DB9C71}.Release Unicode|Win32.Build.0 = Release|Win32
		{685E256C-0A18-437E-B294-6CC251DB9C71}.Release|Win32.ActiveCfg = Release|Win32
		{685E256C-0A18-437E-B294-6CC251DB9C71}.Release|Win32.Build.0 = Release|Win32
		{685E256C-0A18-437E-B294-6CC251DB9C71}.Template|Win32.ActiveCfg = Template|Win32
		{685E256C-0A18-437E-B294-6CC251DB9C71}.Template|Win32.Build.0 = Template|Win32
		{954B6AA2-602E-446E-B3D1-0E3019687B16}.Debug DLL|Win32.ActiveCfg = Debug|Win32
		{954B6AA2-602E-446E-B3D1-0E3019687B16}.Debug DLL|Win32.Build.0 = Debug|Win32
		{954B6AA2-602E-446E-B3D1-0E3019687B16}.Debug No Type Info Name|Win32.ActiveCfg = Debug|Win32
		{954B6AA2-602E-446E-B3D1-0E3019687B16}.Debug No Type Info Name|Win32.Build.0 = Debug|Win32
		{954B6AA2-602E-446E-B3D1-0E3019687B16}.Debug NtTimer|Win32.ActiveCfg = Debug|Win32
		{954B6AA2-602E-446E-B3D1-0E3019687B16}.Debug NtTimer|Win32.Build.0 = Debug|Win32
		{954B6AA2-602E-446E-B3D1-0E3019687B16}.Debug Static|Win32.ActiveCfg = Debug|Win32
		{954B6AA2-602E-446E-B3D1-0E3019687B16}.Debug Static|Win32.Build.0 = Debug|Win32
		{954B6AA2-602E-446E-B3D1-0E3019687B16}.Debug Unicode|Win32.ActiveCfg = Debug|Win32
		{954B6AA2-602E-446E-B3D1-0E3019687B16}.Debug Unicode|Win32.Build.0 = Debug|Win32
		{954B6AA2-602E-446E-B3D1-0E3019687B16}.Debug|Win32.ActiveCfg = Debug|Win32
		{954B6AA2-602E-446E-B3D1-0E3019687B16}.Debug|Win32.Build.0 = Debug|Win32
		{954B6AA2-602E-446E-B3D1-0E3019687B16}.Release DLL|Win32.ActiveCfg = Release|Win32
		{954B6AA2-602E-446E-B3D1-0E3019687B16}.Release DLL|Win32.Build.0 = Release|Win32
		{954B6AA2-602E-446E-B3D1-0E3019687B16}.Release Static|Win32.ActiveCfg = Release|Win32
		{954B6AA2-602E-446E-B3D1-0E3019687B16}.Release Static|Win32.Build.0 = Release|Win32
		{954B6AA2-602E-446E-B3D1-0E3019687B16}.Release Unicode|Win32.ActiveCfg = Release|Win32
		{954B6AA2-602E-446E-B3D1-0E3019687B16}.Release Unicode|Win32.Build.0 = Release|Win32
		{954B6AA2-602E-446E-B3D1-0E3019687B16}.Release|Win32.ActiveCfg = Release|Win32
		{954B6AA2-602E-446E-B3D1-0E3019687B16}.Release|Win32.Build.0 = Release|Win32
		{954B6AA2-602E-446E-B3D1-0E3019687B16}.Template|Win32.ActiveCfg = Template|Win32
		{954B6AA2-602E-446E-B3D1-0E3019687B16}.Template|Win32.Build.0 = Template|Win32
		{59C00650-9C74-4BB7-B61C-7D4451DDF84A}.Debug DLL|Win32.ActiveCfg = Debug No Type Info Name|Win32
		{59C00650-9C74-4BB7-B61C-7D4451DDF84A}.Debug DLL|Win32.Build.0 = Debug No Type Info Name|Win32
		{59C00650-9C74-4BB7-B61C-7D4451DDF84A}.Debug No Type Info Name|Win32.ActiveCfg = Debug No Type Info Name|Win32
		{59C00650-9C74-4BB7-B61C-7D4451DDF84A}.Debug No Type Info Name|Win32.Build.0 = Debug No Type Info Name|Win32
		{59C00650-9C74-4BB7-B61C-7D4451DDF84A}.Debug NtTimer|Win32.ActiveCfg = Debug No Type Info Name|Win32
		{59C00650-9C74-4BB7-B61C-7D4451DDF84A}.Debug NtTimer|Win32.Build.0 = Debug No Type Info Name|Win32
		{59C00650-9C74-4BB7-B61C-7D4451DDF84A}.Debug Static|Win32.ActiveCfg = Debug No Type Info Name|Win32
		{59C00650-9C74-4BB7-B61C-7D4451DDF84A}.Debug Static|Win32.Build.0 = Debug No Type Info Name|Win32
		{59C00650-9C74-4BB7-B61C-7D4451DDF84A}.Debug Unicode|Win32.ActiveCfg = Debug Unicode|Win32
		{59C00650-9C74-4BB7-B61C-7D4451DDF84A}.Debug Unicode|Win32.Build.0 = Debug Unicode|Win32
		{59C00650-9C74-4BB7-B61C-7D4451DDF84A}.Debug|Win32.ActiveCfg = Debug|Win32
		{59C00650-9C74-4BB7-B61C-7D4451DDF84A}.Debug|Win32.Build.0 = Debug|Win32
		{59C00650-9C74-4BB7-B61C-7D4451DDF84A}.Release DLL|Win32.ActiveCfg = Release Unicode|Win32
		{59C00650-9C74-4BB7-B61C-7D4451DDF84A}.Release DLL|Win32.Build.0 = Release Unicode|Win32
		{59C00650-9C74-4BB7-B61C-7D4451DDF84A}.Release Static|Win32.ActiveCfg = Release Unicode|Win32
		{59C00650-9C74-4BB7-B61C-7D4451DDF84A}.Release Static|Win32.Build.0 = Release Unicode|Win32
		{59C00650-9C74-4BB7-B61C-7D4451DDF84A}.Release Unicode|Win32.ActiveCfg = Release Unicode|Win32
		{59C00650-9C74-4BB7-B61C-7D4451DDF84A}.Release Unicode|Win32.Build.0 = Release Unicode|Win32
		{59C00650-9C74-4BB7-B61C-7D4451DDF84A}.Release|Win32.ActiveCfg = Release|Win32
		{59C00650-9C74-4BB7-B61C-7D4451DDF84A}.Release|Win32.Build.0 = Release|Win32
		{59C00650-9C74-4BB7-B61C-7D4451DDF84A}.Template|Win32.ActiveCfg = Template|Win32
		{59C00650-9C74-4BB7-B61C-7D4451DDF84A}.Template|Win32.Build.0 = Template|Win32
		{FB2D4784-E336-42E2-982D-3DE269E4052C}.Debug DLL|Win32.ActiveCfg = Debug|Win32
		{FB2D4784-E336-42E2-982D-3DE269E4052C}.Debug DLL|Win32.Build.0 = Debug|Win32
		{FB2D4784-E336-42E2-982D-3DE269E4052C}.Debug No Type Info Name|Win32.ActiveCfg = Debug|Win32
		{FB2D4784-E336-42E2-982D-3DE269E4052C}.Debug No Type Info Name|Win32.Build.0 = Debug|Win32
		{FB2D4784-E336-42E2-982D-3DE269E4052C}.Debug NtTimer|Win32.ActiveCfg = Debug|Win32
		{FB2D4784-E336-42E2-982D-3DE269E4052C}.Debug NtTimer|Win32.Build.0 = Debug|Win32
		{FB2D4784-E336-42E2-982D-3DE269E4052C}.Debug Static|Win32.ActiveCfg = Debug|Win32
		{FB2D4784-E336-42E2-982D-3DE269E4052C}.Debug Static|Win32.Build.0 = Debug|Win32
		{FB2D4784-E336-42E2-982D-3DE269E4052C}.Debug Unicode|Win32.ActiveCfg = Debug|Win32
		{FB2D4784-E336-42E2-982D-3DE269E4052C}.Debug Unicode|Win32.Build.0 = Debug|Win32
		{FB2D4784-E336-42E2-982D-3DE269E4052C}.Debug|Win32.ActiveCfg = Debug|Win32
		{FB2D4784-E336-42E2-982D-3DE269E4052C}.Debug|Win32.Build.0 = Debug|Win32
		{FB2D4784-E336-42E2-982D-3DE269E4052C}.Release DLL|Win32.ActiveCfg = Release|Win32
		{FB2D4784-E336-42E2-982D-3DE269E4052C}.Release DLL|Win32.Build.0 = Release|Win32
		{FB2D4784-E336-42E2-982D-3DE269E4052C}.Release Static|Win32.ActiveCfg = Release|Win32
		{FB2D4784-E336-42E2-982D-3DE269E4052C}.Release Static|Win32.Build.0 = Release|Win32
		{FB2D4784-E336-42E2-982D-3DE269E4052C}.Release Unicode|Win32.ActiveCfg = Release|Win32
		{FB2D4784-E336-42E2-982D-3DE269E4052C}.Release Unicode|Win32.Build.0 = Release|Win32
		{FB2D4784-E336-42E2-982D-3DE269E4052C}.Release|Win32.ActiveCfg = Release|Win32
		{FB2D4784-E336-42E2-982D-3DE269E4052C}.Release|Win32.Build.0 = Release|Win32
		{FB2D4784-E336-42E2-982D-3DE269E4052C}.Template|Win32.ActiveCfg = Template|Win32
		{FB2D4784-E336-42E2-982D-3DE269E4052C}.Template|Win32.Build.0 = Template|Win32
		{15DAF434-6B95-4D00-A8DE-B8985A11BC91}.Debug DLL|Win32.ActiveCfg = Debug Unicode|Win32
		{15DAF434-6B95-4D00-A8DE-B8985A11BC91}.Debug DLL|Win32.Build.0 = Debug Unicode|Win32
		{15DAF434-6B95-4D00-A8DE-B8985A11BC91}.Debug No Type Info Name|Win32.ActiveCfg = Debug Unicode|Win32
		{15DAF434-6B95-4D00-A8DE-B8985A11BC91}.Debug No Type Info Name|Win32.Build.0 = Debug Unicode|Win32
		{15DAF434-6B95-4D00-A8DE-B8985A11BC91}.Debug NtTimer|Win32.ActiveCfg = Debug Unicode|Win32
		{15DAF434-6B95-4D00-A8DE-B8985A11BC91}.Debug NtTimer|Win32.Build.0 = Debug Unicode|Win32
		{15DAF434-6B95-4D00-A8DE-B8985A11BC91}.Debug Static|Win32.ActiveCfg = Debug Unicode|Win32
		{15DAF434-6B95-4D00-A8DE-B8985A11BC91}.Debug Static|Win32.Build.0 = Debug Unicode|Win32
		{15DAF434-6B95-4D00-A8DE-B8985A11BC91}.Debug Unicode|Win32.ActiveCfg = Debug Unicode|Win32
		{15DAF434-6B95-4D00-A8DE-B8985A11BC91}.Debug Unicode|Win32.Build.0 = Debug Unicode|Win32
		{15DAF434-6B95-4D00-A8DE-B8985A11BC91}.Debug|Win32.ActiveCfg = Debug|Win32
		{15DAF434-6B95-4D00-A8DE-B8985A11BC91}.Debug|Win32.Build.0 = Debug|Win32
		{15DAF434-6B95-4D00-A8DE-B8985A11BC91}.Release DLL|Win32.ActiveCfg = Release Unicode|Win32
		{15DAF434-6B95-4D00-A8DE-B8985A11BC91}.Release DLL|Win32.Build.0 = Release Unicode|Win32
		{15DAF434-6B95-4D00-A8DE-B8985A11BC91}.Release Static|Win32.ActiveCfg = Release Unicode|Win32
		{15DAF434-6B95-4D00-A8DE-B8985A11BC91}.Release Static|Win32.Build.0 = Release Unicode|Win32
		{15DAF434-6B95-4D00-A8DE-B8985A11BC91}.Release Unicode|Win32.ActiveCfg = Release Unicode|Win32
		{15DAF434-6B95-4D00-A8DE-B8985A11BC91}.Release Unicode|Win32.Build.0 = Release Unicode|Win32
		{15DAF434-6B95-4D00-A8DE-B8985A11BC91}.Release|Win32.ActiveCfg = Release|Win32
		{15DAF434-6B95-4D00-A8DE-B8985A11BC91}.Release|Win32.Build.0 = Release|Win32
		{15DAF434-6B95-4D00-A8DE-B8985A11BC91}.Template|Win32.ActiveCfg = Template|Win32
		{15DAF434-6B95-4D00-A8DE-B8985A11BC91}.Template|Win32.Build.0 = Template|Win32
		{1E49C5B5-570D-4FB7-979D-8C4CE7849EA9}.Debug DLL|Win32.ActiveCfg = Debug|Win32
		{1E49C5B5-570D-4FB7-979D-8C4CE7849EA9}.Debug DLL|Win32.Build.0 = Debug|Win32
		{1E49C5B5-570D-4FB7-979D-8C4CE7849EA9}.Debug No Type Info Name|Win32.ActiveCfg = Debug|Win32
		{1E49C5B5-570D-4FB7-979D-8C4CE7849EA9}.Debug No Type Info Name|Win32.Build.0 = Debug|Win32
		{1E49C5B5-570D-4FB7-979D-8C4CE7849EA9}.Debug NtTimer|Win32.ActiveCfg = Debug|Win32
		{1E49C5B5-570D-4FB7-979D-8C4CE7849EA9}.Debug NtTimer|Win32.Build.0 = Debug|Win32
		{1E49C5B5-570D-4FB7-979D-8C4CE7849EA9}.Debug Static|Win32.ActiveCfg = Debug|Win32
		{1E49C5B5-570D-4FB7-979D-8C4CE7849EA9}.Debug Static|Win32.Build.0 = Debug|Win32
		{1E49C5B5-570D-4FB7-979D-8C4CE7849EA9}.Debug Unicode|Win32.ActiveCfg = Debug|Win32
		{1E49C5B5-570D-4FB7-979D-8C4CE7849EA9}.Debug Unicode|Win32.Build.0 = Debug|Win32
		{1E49C5B5-570D-4FB7-979D-8C4CE7849EA9}.Debug|Win32.ActiveCfg = Debug|Win32
		{1E49C5B5-570D-4FB7-979D-8C4CE7849EA9}.Debug|Win32.Build.0 = Debug|Win32
		{1E49C5B5-570D-4FB7-979D-8C4CE7849EA9}.Release DLL|Win32.ActiveCfg = Release|Win32
		{1E49C5B5-570D-4FB7-979D-8C4CE7849EA9}.Release DLL|Win32.Build.0 = Release|Win32
		{1E49C5B5-570D-4FB7-979D-8C4CE7849EA9}.Release Static|Win32.ActiveCfg = Release|Win32
		{1E49C5B5-570D-4FB7-979D-8C4CE7849EA9}.Release Static|Win32.Build.0 = Release|Win32
		{1E49C5B5-570D-4FB7-979D-8C4CE7849EA9}.Release Unicode|Win32.ActiveCfg = Release|Win32
		{1E49C5B5-570D-4FB7-979D-8C4CE7849EA9}.Release Unicode|Win32.Build.0 = Release|Win32
		{1E49C5B5-570D-4FB7-979D-8C4CE7849EA9}.Release|Win32.ActiveCfg = Release|Win32
		{1E49C5B5-570D-4FB7-979D-8C4CE7849EA9}.Release|Win32.Build.0 = Release|Win32
		{1E49C5B5-570D-4FB7-979D-8C4CE7849EA9}.Template|Win32.ActiveCfg = Template|Win32
		{1E49C5B5-570D-4FB7-979D-8C4CE7849EA9}.Template|Win32.Build.0 = Template|Win32
		{81A409BA-5A42-4E20-8C9E-4FFD4941DDD7}.Debug DLL|Win32.ActiveCfg = Debug|Win32
		{81A409BA-5A42-4E20-8C9E-4FFD4941DDD7}.Debug DLL|Win32.Build.0 = Debug|Win32
		{81A409BA-5A42-4E20-8C9E-4FFD4941DDD7}.Debug No Type Info Name|Win32.ActiveCfg = Debug|Win32
		{81A409BA-5A42-4E20-8C9E-4FFD4941DDD7}.Debug No Type Info Name|Win32.Build.0 = Debug|Win32
		{81A409BA-5A42-4E20-8C9E-4FFD4941DDD7}.Debug NtTimer|Win32.ActiveCfg = Debug|Win32
		{81A409BA-5A42-4E20-8C9E-4FFD4941DDD7}.Debug NtTimer|Win32.Build.0 = Debug|Win32
		{81A409BA-5A42-4E20-8C9E-4FFD4941DDD7}.Debug Static|Win32.ActiveCfg = Debug|Win32
		{81A409BA-5A42-4E20-8C9E-4FFD4941DDD7}.Debug Static|Win32.Build.0 = Debug|Win32
		{81A409BA-5A42-4E20-8C9E-4FFD4941DDD7}.Debug Unicode|Win32.ActiveCfg = Debug|Win32
		{81A409BA-5A42-4E20-8C9E-4FFD4941DDD7}.Debug Unicode|Win32.Build.0 = Debug|Win32
		{81A409BA-5A42-4E20-8C9E-4FFD4941DDD7}.Debug|Win32.ActiveCfg = Debug|Win32
		{81A409BA-5A42-4E20-8C9E-4FFD4941DDD7}.Debug|Win32.Build.0 = Debug|Win32
		{81A409BA-5A42-4E20-8C9E-4FFD4941DDD7}.Release DLL|Win32.ActiveCfg = Release|Win32
		{81A409BA-5A42-4E20-8C9E-4FFD4941DDD7}.Release DLL|Win32.Build.0 = Release|Win32
		{81A409BA-5A42-4E20-8C9E-4FFD4941DDD7}.Release Static|Win32.ActiveCfg = Release|Win32
		{81A409BA-5A42-4E20-8C9E-4FFD4941DDD7}.Release Static|Win32.Build.0 = Release|Win32
		{81A409BA-5A42-4E20-8C9E-4FFD4941DDD7}.Release Unicode|Win32.ActiveCfg = Release|Win32
		{81A409BA-5A42-4E20-8C9E-4FFD4941DDD7}.Release Unicode|Win32.Build.0 = Release|Win32
		{81A409BA-5A42-4E20-8C9E-4FFD4941DDD7}.Release|Win32.ActiveCfg = Release|Win32
		{81A409BA-5A42-4E20-8C9E-4FFD4941DDD7}.Release|Win32.Build.0 = Release|Win32
		{81A409BA-5A42-4E20-8C9E-4FFD4941DDD7}.Template|Win32.ActiveCfg = Template|Win32
		{81A409BA-5A42-4E20-8C9E-4FFD4941DDD7}.Template|Win32.Build.0 = Template|Win32
		{C307CC76-B4EB-49A9-BB2C-563C127A3F95}.Debug DLL|Win32.ActiveCfg = Debug|Win32
		{C307CC76-B4EB-49A9-BB2C-563C127A3F95}.Debug DLL|Win32.Build.0 = Debug|Win32
		{C307CC76-B4EB-49A9-BB2C-563C127A3F95}.Debug No Type Info Name|Win32.ActiveCfg = Debug|Win32
		{C307CC76-B4EB-49A9-BB2C-563C127A3F95}.Debug No Type Info Name|Win32.Build.0 = Debug|Win32
		{C307CC76-B4EB-49A9-BB2C-563C127A3F95}.Debug NtTimer|Win32.ActiveCfg = Debug|Win32
		{C307CC76-B4EB-49A9-BB2C-563C127A3F95}.Debug NtTimer|Win32.Build.0 = Debug|Win32
		{C307CC76-B4EB-49A9-BB2C-563C127A3F95}.Debug Static|Win32.ActiveCfg = Debug|Win32
		{C307CC76-B4EB-49A9-BB2C-563C127A3F95}.Debug Static|Win32.Build.0 = Debug|Win32
		{C307CC76-B4EB-49A9-BB2C-563C127A3F95}.Debug Unicode|Win32.ActiveCfg = Debug|Win32
		{C307CC76-B4EB-49A9-BB2C-563C127A3F95}.Debug Unicode|Win32.Build.0 = Debug|Win32
		{C307CC76-B4EB-49A9-BB2C-563C127A3F95}.Debug|Win32.ActiveCfg = Debug|Win32
		{C307CC76-B4EB-49A9-BB2C-563C127A3F95}.Debug|Win32.Build.0 = Debug|Win32
		{C307CC76-B4EB-49A9-BB2C-563C127A3F95}.Release DLL|Win32.ActiveCfg = Release|Win32
		{C307CC76-B4EB-49A9-BB2C-563C127A3F95}.Release DLL|Win32.Build.0 = Release|Win32
		{C307CC76-B4EB-49A9-BB2C-563C127A3F95}.Release Static|Win32.ActiveCfg = Release|Win32
		{C307CC76-B4EB-49A9-BB2C-563C127A3F95}.Release Static|Win32.Build.0 = Release|Win32
		{C307CC76-B4EB-49A9-BB2C-563C127A3F95}.Release Unicode|Win32.ActiveCfg = Release|Win32
		{C307CC76-B4EB-49A9-BB2C-563C127A3F95}.Release Unicode|Win32.Build.0 = Release|Win32
		{C307CC76-B4EB-49A9-BB2C-563C127A3F95}.Release|Win32.ActiveCfg = Release|Win32
		{C307CC76-B4EB-49A9-BB2C-563C127A3F95}.Release|Win32.Build.0 = Release|Win32
		{C307CC76-B4EB-49A9-BB2C-563C127A3F95}.Template|Win32.ActiveCfg = Template|Win32
		{C307CC76-B4EB-49A9-BB2C-563C127A3F95}.Template|Win32.Build.0 = Template|Win32
		{BCA594D4-6E44-49E0-8B4C-E62871E236FB}.Debug DLL|Win32.ActiveCfg = Debug|Win32
		{BCA594D4-6E44-49E0-8B4C-E62871E236FB}.Debug DLL|Win32.Build.0 = Debug|Win32
		{BCA594D4-6E44-49E0-8B4C-E62871E236FB}.Debug No Type Info Name|Win32.ActiveCfg = Debug|Win32
		{BCA594D4-6E44-49E0-8B4C-E62871E236FB}.Debug No Type Info Name|Win32.Build.0 = Debug|Win32
		{BCA594D4-6E44-49E0-8B4C-E62871E236FB}.Debug NtTimer|Win32.ActiveCfg = Debug|Win32
		{BCA594D4-6E44-49E0-8B4C-E62871E236FB}.Debug NtTimer|Win32.Build.0 = Debug|Win32
		{BCA594D4-6E44-49E0-8B4C-E62871E236FB}.Debug Static|Win32.ActiveCfg = Debug|Win32
		{BCA594D4-6E44-49E0-8B4C-E62871E236FB}.Debug Static|Win32.Build.0 = Debug|Win32
		{BCA594D4-6E44-49E0-8B4C-E62871E236FB}.Debug Unicode|Win32.ActiveCfg = Debug|Win32
		{BCA594D4-6E44-49E0-8B4C-E62871E236FB}.Debug Unicode|Win32.Build.0 = Debug|Win32
		{BCA594D4-6E44-49E0-8B4C-E62871E236FB}.Debug|Win32.ActiveCfg = Debug|Win32
		{BCA594D4-6E44-49E0-8B4C-E62871E236FB}.Debug|Win32.Build.0 = Debug|Win32
		{BCA594D4-6E44-49E0-8B4C-E62871E236FB}.Release DLL|Win32.ActiveCfg = Release|Win32
		{BCA594D4-6E44-49E0-8B4C-E62871E236FB}.Release DLL|Win32.Build.0 = Release|Win32
		{BCA594D4-6E44-49E0-8B4C-E62871E236FB}.Release Static|Win32.ActiveCfg = Release|Win32
		{BCA594D4-6E44-49E0-8B4C-E62871E236FB}.Release Static|Win32.Build.0 = Release|Win32
		{BCA594D4-6E44-49E0-8B4C-E62871E236FB}.Release Unicode|Win32.ActiveCfg = Release|Win32
		{BCA594D4-6E44-49E0-8B4C-E62871E236FB}.Release Unicode|Win32.Build.0 = Release|Win32
		{BCA594D4-6E44-49E0-8B4C-E62871E236FB}.Release|Win32.ActiveCfg = Release|Win32
		{BCA594D4-6E44-49E0-8B4C-E62871E236FB}.Release|Win32.Build.0 = Release|Win32
		{BCA594D4-6E44-49E0-8B4C-E62871E236FB}.Template|Win32.ActiveCfg = Template|Win32
		{BCA594D4-6E44-49E0-8B4C-E62871E236FB}.Template|Win32.Build.0 = Template|Win32
		{3D7CBD73-B1CE-421A-97FE-608FF0B71314}.Debug DLL|Win32.ActiveCfg = Debug|Win32
		{3D7CBD73-B1CE-421A-97FE-608FF0B71314}.Debug DLL|Win32.Build.0 = Debug|Win32
		{3D7CBD73-B1CE-421A-97FE-608FF0B71314}.Debug No Type Info Name|Win32.ActiveCfg = Debug|Win32
		{3D7CBD73-B1CE-421A-97FE-608FF0B71314}.Debug No Type Info Name|Win32.Build.0 = Debug|Win32
		{3D7CBD73-B1CE-421A-97FE-608FF0B71314}.Debug NtTimer|Win32.ActiveCfg = Debug|Win32
		{3D7CBD73-B1CE-421A-97FE-608FF0B71314}.Debug NtTimer|Win32.Build.0 = Debug|Win32
		{3D7CBD73-B1CE-421A-97FE-608FF0B71314}.Debug Static|Win32.ActiveCfg = Debug|Win32
		{3D7CBD73-B1CE-421A-97FE-608FF0B71314}.Debug Static|Win32.Build.0 = Debug|Win32
		{3D7CBD73-B1CE-421A-97FE-608FF0B71314}.Debug Unicode|Win32.ActiveCfg = Debug|Win32
		{3D7CBD73-B1CE-421A-97FE-608FF0B71314}.Debug Unicode|Win32.Build.0 = Debug|Win32
		{3D7CBD73-B1CE-421A-97FE-608FF0B71314}.Debug|Win32.ActiveCfg = Debug|Win32
		{3D7CBD73-B1CE-421A-97FE-608FF0B71314}.Debug|Win32.Build.0 = Debug|Win32
		{3D7CBD73-B1CE-421A-97FE-608FF0B71314}.Release DLL|Win32.ActiveCfg = Release|Win32
		{3D7CBD73-B1CE-421A-97FE-608FF0B71314}.Release DLL|Win32.Build.0 = Release|Win32
		{3D7CBD73-B1CE-421A-97FE-608FF0B71314}.Release Static|Win32.ActiveCfg = Release|Win32
		{3D7CBD73-B1CE-421A-97FE-608FF0B71314}.Release Static|Win32.Build.0 = Release|Win32
		{3D7CBD73-B1CE-421A-97FE-608FF0B71314}.Release Unicode|Win32.ActiveCfg = Release|Win32
		{3D7CBD73-B1CE-421A-97FE-608FF0B71314}.Release Unicode|Win32.Build.0 = Release|Win32
		{3D7CBD73-B1CE-421A-97FE-608FF0B71314}.Release|Win32.ActiveCfg = Release|Win32
		{3D7CBD73-B1CE-421A-97FE-608FF0B71314}.Release|Win32.Build.0 = Release|Win32
		{3D7CBD73-B1CE-421A-97FE-608FF0B71314}.Template|Win32.ActiveCfg = Template|Win32
		{3D7CBD73-B1CE-421A-97FE-608FF0B71314}.Template|Win32.Build.0 = Template|Win32
		{8217446F-42F7-4802-8556-622B3C4C5AE7}.Debug DLL|Win32.ActiveCfg = Debug|Win32
		{8217446F-42F7-4802-8556-622B3C4C5AE7}.Debug DLL|Win32.Build.0 = Debug|Win32
		{8217446F-42F7-4802-8556-622B3C4C5AE7}.Debug No Type Info Name|Win32.ActiveCfg = Debug|Win32
		{8217446F-42F7-4802-8556-622B3C4C5AE7}.Debug No Type Info Name|Win32.Build.0 = Debug|Win32
		{8217446F-42F7-4802-8556-622B3C4C5AE7}.Debug NtTimer|Win32.ActiveCfg = Debug|Win32
		{8217446F-42F7-4802-8556-622B3C4C5AE7}.Debug NtTimer|Win32.Build.0 = Debug|Win32
		{8217446F-42F7-4802-8556-622B3C4C5AE7}.Debug Static|Win32.ActiveCfg = Debug|Win32
		{8217446F-42F7-4802-8556-622B3C4C5AE7}.Debug Static|Win32.Build.0 = Debug|Win32
		{8217446F-42F7-4802-8556-622B3C4C5AE7}.Debug Unicode|Win32.ActiveCfg = Debug|Win32
		{8217446F-42F7-4802-8556-622B3C4C5AE7}.Debug Unicode|Win32.Build.0 = Debug|Win32
		{8217446F-42F7-4802-8556-622B3C4C5AE7}.Debug|Win32.ActiveCfg = Debug|Win32
		{8217446F-42F7-4802-8556-622B3C4C5AE7}.Debug|Win32.Build.0 = Debug|Win32
		{8217446F-42F7-4802-8556-622B3C4C5AE7}.Release DLL|Win32.ActiveCfg = Release|Win32
		{8217446F-42F7-4802-8556-622B3C4C5AE7}.Release DLL|Win32.Build.0 = Release|Win32
		{8217446F-42F7-4802-8556-622B3C4C5AE7}.Release Static|Win32.ActiveCfg = Release|Win32
		{8217446F-42F7-4802-8556-622B3C4C5AE7}.Release Static|Win32.Build.0 = Release|Win32
		{8217446F-42F7-4802-8556-622B3C4C5AE7}.Release Unicode|Win32.ActiveCfg = Release|Win32
		{8217446F-42F7-4802-8556-622B3C4C5AE7}.Release Unicode|Win32.Build.0 = Release|Win32
		{8217446F-42F7-4802-8556-622B3C4C5AE7}.Release|Win32.ActiveCfg = Release|Win32
		{8217446F-42F7-4802-8556-622B3C4C5AE7}.Release|Win32.Build.0 = Release|Win32
		{8217446F-42F7-4802-8556-622B3C4C5AE7}.Template|Win32.ActiveCfg = Template|Win32
		{8217446F-42F7-4802-8556-622B3C4C5AE7}.Template|Win32.Build.0 = Template|Win32
	EndGlobalSection
	GlobalSection(SolutionProperties) = preSolution
		HideSolutionNode = FALSE
	EndGlobalSection
EndGlobal
