<?xml version="1.0" encoding="utf-8"?>
<Project ToolsVersion="4.0" xmlns="http://schemas.microsoft.com/developer/msbuild/2003">
  <ItemGroup>
    <Filter Include="GUI">
      <UniqueIdentifier>{68688c64-11a7-4158-9576-62f956122164}</UniqueIdentifier>
    </Filter>
    <Filter Include="Resource Files">
      <UniqueIdentifier>{7ac5d667-8ffc-4e53-9b88-5af4b09b63db}</UniqueIdentifier>
      <Extensions>ico;cur;bmp;dlg;rc2;rct;bin;rgs;gif;jpg;jpeg;jpe</Extensions>
    </Filter>
    <Filter Include="DLL Dependencies">
      <UniqueIdentifier>{4dcfae76-9dce-4375-abbe-2a058bc129bc}</UniqueIdentifier>
    </Filter>
    <Filter Include="Tests">
      <UniqueIdentifier>{0010ea04-21d1-4615-b506-0da34fc869f5}</UniqueIdentifier>
    </Filter>
  </ItemGroup>
  <ItemGroup>
    <ClCompile Include="CppUnitTestApp.cpp">
      <Filter>GUI</Filter>
    </ClCompile>
    <ClCompile Include="CppUnitTestAppDlg.cpp">
      <Filter>GUI</Filter>
    </ClCompile>
    <ClCompile Include="StdAfx.cpp">
      <Filter>GUI</Filter>
    </ClCompile>
    <ClCompile Include="..\..\cppunittest\BaseTestCase.cpp">
      <Filter>Tests</Filter>
    </ClCompile>
    <ClCompile Include="..\..\cppunittest\CppUnitTestSuite.cpp">
      <Filter>Tests</Filter>
    </ClCompile>
    <ClCompile Include="..\..\cppunittest\ExceptionTest.cpp">
      <Filter>Tests</Filter>
    </ClCompile>
    <ClCompile Include="..\..\cppunittest\ExceptionTestCaseDecoratorTest.cpp">
      <Filter>Tests</Filter>
    </ClCompile>
    <ClCompile Include="..\..\cppunittest\HelperMacrosTest.cpp">
      <Filter>Tests</Filter>
    </ClCompile>
    <ClCompile Include="..\..\cppunittest\MessageTest.cpp">
      <Filter>Tests</Filter>
    </ClCompile>
    <ClCompile Include="..\..\cppunittest\MockTestCase.cpp">
      <Filter>Tests</Filter>
    </ClCompile>
    <ClCompile Include="..\..\cppunittest\MockTestListener.cpp">
      <Filter>Tests</Filter>
    </ClCompile>
    <ClCompile Include="..\..\cppunittest\OrthodoxTest.cpp">
      <Filter>Tests</Filter>
    </ClCompile>
    <ClCompile Include="..\..\cppunittest\RepeatedTestTest.cpp">
      <Filter>Tests</Filter>
    </ClCompile>
    <ClCompile Include="..\..\cppunittest\StringToolsTest.cpp">
      <Filter>Tests</Filter>
    </ClCompile>
    <ClCompile Include="..\..\cppunittest\SubclassedTestCase.cpp">
      <Filter>Tests</Filter>
    </ClCompile>
    <ClCompile Include="..\..\cppunittest\TestAssertTest.cpp">
      <Filter>Tests</Filter>
    </ClCompile>
    <ClCompile Include="..\..\cppunittest\TestCallerTest.cpp">
      <Filter>Tests</Filter>
    </ClCompile>
    <ClCompile Include="..\..\cppunittest\TestCaseTest.cpp">
      <Filter>Tests</Filter>
    </ClCompile>
    <ClCompile Include="..\..\cppunittest\TestDecoratorTest.cpp">
      <Filter>Tests</Filter>
    </ClCompile>
    <ClCompile Include="..\..\cppunittest\TestFailureTest.cpp">
      <Filter>Tests</Filter>
    </ClCompile>
    <ClCompile Include="..\..\cppunittest\TestPathTest.cpp">
      <Filter>Tests</Filter>
    </ClCompile>
    <ClCompile Include="..\..\cppunittest\TestResultCollectorTest.cpp">
      <Filter>Tests</Filter>
    </ClCompile>
    <ClCompile Include="..\..\cppunittest\TestResultTest.cpp">
      <Filter>Tests</Filter>
    </ClCompile>
    <ClCompile Include="..\..\cppunittest\TestSetUpTest.cpp">
      <Filter>Tests</Filter>
    </ClCompile>
    <ClCompile Include="..\..\cppunittest\TestSuiteTest.cpp">
      <Filter>Tests</Filter>
    </ClCompile>
    <ClCompile Include="..\..\cppunittest\TestTest.cpp">
      <Filter>Tests</Filter>
    </ClCompile>
    <ClCompile Include="..\..\cppunittest\TrackedTestCase.cpp">
      <Filter>Tests</Filter>
    </ClCompile>
    <ClCompile Include="..\..\cppunittest\XmlElementTest.cpp">
      <Filter>Tests</Filter>
    </ClCompile>
    <ClCompile Include="..\..\cppunittest\XmlOutputterTest.cpp">
      <Filter>Tests</Filter>
    </ClCompile>
    <ClCompile Include="..\..\cppunittest\XmlUniformiser.cpp">
      <Filter>Tests</Filter>
    </ClCompile>
    <ClCompile Include="..\..\cppunittest\XmlUniformiserTest.cpp">
      <Filter>Tests</Filter>
    </ClCompile>
  </ItemGroup>
  <ItemGroup>
    <ClInclude Include="CppUnitTestApp.h">
      <Filter>GUI</Filter>
    </ClInclude>
    <ClInclude Include="CppUnitTestAppDlg.h">
      <Filter>GUI</Filter>
    </ClInclude>
    <ClInclude Include="Resource.h">
      <Filter>GUI</Filter>
    </ClInclude>
    <ClInclude Include="StdAfx.h">
      <Filter>GUI</Filter>
    </ClInclude>
    <ClInclude Include="..\..\cppunittest\BaseTestCase.h">
      <Filter>Tests</Filter>
    </ClInclude>
    <ClInclude Include="..\..\cppunittest\CoreSuite.h">
      <Filter>Tests</Filter>
    </ClInclude>
    <ClInclude Include="..\..\cppunittest\ExceptionTest.h">
      <Filter>Tests</Filter>
    </ClInclude>
    <ClInclude Include="..\..\cppunittest\ExceptionTestCaseDecoratorTest.h">
      <Filter>Tests</Filter>
    </ClInclude>
    <ClInclude Include="..\..\cppunittest\ExtensionSuite.h">
      <Filter>Tests</Filter>
    </ClInclude>
    <ClInclude Include="..\..\cppunittest\FailureException.h">
      <Filter>Tests</Filter>
    </ClInclude>
    <ClInclude Include="..\..\cppunittest\HelperMacrosTest.h">
      <Filter>Tests</Filter>
    </ClInclude>
    <ClInclude Include="..\..\cppunittest\HelperSuite.h">
      <Filter>Tests</Filter>
    </ClInclude>
    <ClInclude Include="..\..\cppunittest\MessageTest.h">
      <Filter>Tests</Filter>
    </ClInclude>
    <ClInclude Include="..\..\cppunittest\MockFunctor.h">
      <Filter>Tests</Filter>
    </ClInclude>
    <ClInclude Include="..\..\cppunittest\MockProtector.h">
      <Filter>Tests</Filter>
    </ClInclude>
    <ClInclude Include="..\..\cppunittest\MockTestCase.h">
      <Filter>Tests</Filter>
    </ClInclude>
    <ClInclude Include="..\..\cppunittest\MockTestListener.h">
      <Filter>Tests</Filter>
    </ClInclude>
    <ClInclude Include="..\..\cppunittest\OrthodoxTest.h">
      <Filter>Tests</Filter>
    </ClInclude>
    <ClInclude Include="..\..\cppunittest\OutputSuite.h">
      <Filter>Tests</Filter>
    </ClInclude>
    <ClInclude Include="..\..\cppunittest\RepeatedTestTest.h">
      <Filter>Tests</Filter>
    </ClInclude>
    <ClInclude Include="..\..\cppunittest\StringToolsTest.h">
      <Filter>Tests</Filter>
    </ClInclude>
    <ClInclude Include="..\..\cppunittest\SubclassedTestCase.h">
      <Filter>Tests</Filter>
    </ClInclude>
    <ClInclude Include="..\..\cppunittest\SynchronizedTestResult.h">
      <Filter>Tests</Filter>
    </ClInclude>
    <ClInclude Include="..\..\cppunittest\TestAssertTest.h">
      <Filter>Tests</Filter>
    </ClInclude>
    <ClInclude Include="..\..\cppunittest\TestCallerTest.h">
      <Filter>Tests</Filter>
    </ClInclude>
    <ClInclude Include="..\..\cppunittest\TestCaseTest.h">
      <Filter>Tests</Filter>
    </ClInclude>
    <ClInclude Include="..\..\cppunittest\TestDecoratorTest.h">
      <Filter>Tests</Filter>
    </ClInclude>
    <ClInclude Include="..\..\cppunittest\TestFailureTest.h">
      <Filter>Tests</Filter>
    </ClInclude>
    <ClInclude Include="..\..\cppunittest\TestPathTest.h">
      <Filter>Tests</Filter>
    </ClInclude>
    <ClInclude Include="..\..\cppunittest\TestResultCollectorTest.h">
      <Filter>Tests</Filter>
    </ClInclude>
    <ClInclude Include="..\..\cppunittest\TestResultTest.h">
      <Filter>Tests</Filter>
    </ClInclude>
    <ClInclude Include="..\..\cppunittest\TestSetUpTest.h">
      <Filter>Tests</Filter>
    </ClInclude>
    <ClInclude Include="..\..\cppunittest\TestSuiteTest.h">
      <Filter>Tests</Filter>
    </ClInclude>
    <ClInclude Include="..\..\cppunittest\TestTest.h">
      <Filter>Tests</Filter>
    </ClInclude>
    <ClInclude Include="..\..\cppunittest\ToolsSuite.h">
      <Filter>Tests</Filter>
    </ClInclude>
    <ClInclude Include="..\..\cppunittest\TrackedTestCase.h">
      <Filter>Tests</Filter>
    </ClInclude>
    <ClInclude Include="..\..\cppunittest\UnitTestToolSuite.h">
      <Filter>Tests</Filter>
    </ClInclude>
    <ClInclude Include="..\..\cppunittest\XmlElementTest.h">
      <Filter>Tests</Filter>
    </ClInclude>
    <ClInclude Include="..\..\cppunittest\XmlOutputterTest.h">
      <Filter>Tests</Filter>
    </ClInclude>
    <ClInclude Include="..\..\cppunittest\XmlUniformiser.h">
      <Filter>Tests</Filter>
    </ClInclude>
    <ClInclude Include="..\..\cppunittest\XmlUniformiserTest.h">
      <Filter>Tests</Filter>
    </ClInclude>
  </ItemGroup>
  <ItemGroup>
    <ResourceCompile Include="CppUnitTestApp.rc">
      <Filter>GUI</Filter>
    </ResourceCompile>
  </ItemGroup>
  <ItemGroup>
    <Image Include="res\CppUnitTestApp.ico">
      <Filter>Resource Files</Filter>
    </Image>
  </ItemGroup>
  <ItemGroup>
    <Text Include="ReadMe.txt" />
  </ItemGroup>
  <ItemGroup>
    <CustomBuild Include="res\CppUnitTestApp.rc2">
      <Filter>Resource Files</Filter>
    </CustomBuild>
    <CustomBuild Include="..\..\..\lib\testrunner.dll">
      <Filter>DLL Dependencies</Filter>
    </CustomBuild>
    <CustomBuild Include="..\..\..\lib\testrunnerd.dll">
      <Filter>DLL Dependencies</Filter>
    </CustomBuild>
    <CustomBuild Include="..\..\cppunittest\Makefile.am" />
  </ItemGroup>
</Project>