<?xml version="1.0" encoding="utf-8"?>
<Project ToolsVersion="4.0" xmlns="http://schemas.microsoft.com/developer/msbuild/2003">
  <ItemGroup>
    <Filter Include="common">
      <UniqueIdentifier>{93995380-89BD-4b04-88EB-625FBE52EBFB}</UniqueIdentifier>
      <Extensions>h;hh;hpp;hxx;hm;inl;inc;xsd</Extensions>
    </Filter>
    <Filter Include="3rdparty">
      <UniqueIdentifier>{67DA6AB6-F800-4c08-8B7A-83BB121AAD01}</UniqueIdentifier>
      <Extensions>rc;ico;cur;bmp;dlg;rc2;rct;bin;rgs;gif;jpg;jpeg;jpe;resx;tiff;tif;png;wav;mfcribbon-ms</Extensions>
    </Filter>
    <Filter Include="common\entry">
      <UniqueIdentifier>{3c2f778c-f9cd-43c6-9d33-46aab90724e1}</UniqueIdentifier>
    </Filter>
  </ItemGroup>
  <ItemGroup>
    <ClCompile Include="..\..\examples\common\entry\entry.cpp">
      <Filter>common\entry</Filter>
    </ClCompile>
    <ClCompile Include="..\..\examples\common\entry\entry_windows.cpp">
      <Filter>common\entry</Filter>
    </ClCompile>
  </ItemGroup>
  <ItemGroup>
    <ClInclude Include="..\..\examples\common\entry\entry.h">
      <Filter>common\entry</Filter>
    </ClInclude>
    <ClInclude Include="..\..\examples\common\bgfx_utils.h">
      <Filter>common</Filter>
    </ClInclude>
    <ClInclude Include="..\..\examples\common\entry\dbg.h">
      <Filter>common\entry</Filter>
    </ClInclude>
    <ClInclude Include="..\..\examples\common\entry\entry_p.h">
      <Filter>common\entry</Filter>
    </ClInclude>
    <ClInclude Include="..\..\examples\common\common.h">
      <Filter>common</Filter>
    </ClInclude>
  </ItemGroup>
</Project>