<?xml version="1.0" encoding="utf-8"?>
<Project ToolsVersion="4.0" xmlns="http://schemas.microsoft.com/developer/msbuild/2003">
  <ItemGroup>
    <Filter Include="src">
      <UniqueIdentifier>{4FC737F1-C7A5-4376-A066-2A32D752A2FF}</UniqueIdentifier>
      <Extensions>cpp;c;cc;cxx;def;odl;idl;hpj;bat;asm;asmx</Extensions>
    </Filter>
    <Filter Include="include">
      <UniqueIdentifier>{93995380-89BD-4b04-88EB-625FBE52EBFB}</UniqueIdentifier>
      <Extensions>h;hh;hpp;hxx;hm;inl;inc;xsd</Extensions>
    </Filter>
    <Filter Include="include\bx">
      <UniqueIdentifier>{df85e5f0-f835-4aeb-9fe0-5921dc3ba40a}</UniqueIdentifier>
    </Filter>
    <Filter Include="include\bx\inline">
      <UniqueIdentifier>{c2215a57-bdc6-427f-8350-28c54467684c}</UniqueIdentifier>
    </Filter>
    <Filter Include="src\bx">
      <UniqueIdentifier>{2f24a970-afd3-48ce-b4f4-cc3a4a01275a}</UniqueIdentifier>
    </Filter>
    <Filter Include="include\compat">
      <UniqueIdentifier>{802758d0-5119-4cf6-8e87-57b8664c774b}</UniqueIdentifier>
    </Filter>
    <Filter Include="include\compat\msvc">
      <UniqueIdentifier>{f45f69a8-4fab-49b1-9b46-0ed039792553}</UniqueIdentifier>
    </Filter>
    <Filter Include="include\compat\msvc\pre1600">
      <UniqueIdentifier>{802059b4-1292-4465-a11d-991551c880be}</UniqueIdentifier>
    </Filter>
    <Filter Include="include\bimg">
      <UniqueIdentifier>{d8c44c7e-e61b-46ca-aab0-181bdd193e03}</UniqueIdentifier>
    </Filter>
    <Filter Include="src\bimg">
      <UniqueIdentifier>{969b8988-58db-4832-a978-ad337e59e20d}</UniqueIdentifier>
    </Filter>
    <Filter Include="3rdparty">
      <UniqueIdentifier>{898fc1af-046f-41ec-b79c-275e908bc0bd}</UniqueIdentifier>
    </Filter>
    <Filter Include="3rdparty\iqa">
      <UniqueIdentifier>{d7678280-b2d1-4155-92e4-2f12cbfc0e9d}</UniqueIdentifier>
    </Filter>
    <Filter Include="3rdparty\iqa\include">
      <UniqueIdentifier>{70976ca1-72f8-4515-936f-2291a77eff04}</UniqueIdentifier>
    </Filter>
    <Filter Include="3rdparty\iqa\source">
      <UniqueIdentifier>{640be43f-7af8-40fb-9288-e9229bb22ecd}</UniqueIdentifier>
    </Filter>
    <Filter Include="3rdparty\astc">
      <UniqueIdentifier>{7ce98e70-b797-4b38-8e70-1fc5b26890d4}</UniqueIdentifier>
    </Filter>
    <Filter Include="3rdparty\edtaa3">
      <UniqueIdentifier>{3a89e8bd-8a64-4a54-b8c1-32e5d799c56c}</UniqueIdentifier>
    </Filter>
    <Filter Include="3rdparty\etc1">
      <UniqueIdentifier>{9f67129a-2064-46d2-966d-55a07919717e}</UniqueIdentifier>
    </Filter>
    <Filter Include="3rdparty\etc2">
      <UniqueIdentifier>{143b6f9b-bf37-4013-814e-acb42960807a}</UniqueIdentifier>
    </Filter>
    <Filter Include="3rdparty\libsquish">
      <UniqueIdentifier>{71b1a3a1-f9f3-48a6-be6b-ab8da0ee2d53}</UniqueIdentifier>
    </Filter>
    <Filter Include="3rdparty\nvtt">
      <UniqueIdentifier>{1a6d09a1-455e-4e28-9074-35a3c2446fc9}</UniqueIdentifier>
    </Filter>
    <Filter Include="3rdparty\pvrtc">
      <UniqueIdentifier>{d5350a37-e781-4a13-b544-0d736791018a}</UniqueIdentifier>
    </Filter>
    <Filter Include="3rdparty\tinyexr">
      <UniqueIdentifier>{a3c5a31b-a4a4-4562-ab7f-a8df0b870cb4}</UniqueIdentifier>
    </Filter>
    <Filter Include="3rdparty\nvtt\bc6h">
      <UniqueIdentifier>{58e092a6-c309-453b-8e0a-9ab56ccfaffd}</UniqueIdentifier>
    </Filter>
    <Filter Include="3rdparty\nvtt\bc7">
      <UniqueIdentifier>{4aeddc35-84e5-4a1b-933f-b171379777e7}</UniqueIdentifier>
    </Filter>
    <Filter Include="3rdparty\nvtt\nvcore">
      <UniqueIdentifier>{2d9d6454-7ae2-46ed-945c-258042e278cb}</UniqueIdentifier>
    </Filter>
    <Filter Include="3rdparty\nvtt\nvmath">
      <UniqueIdentifier>{6ed9d1e3-636d-4f65-891b-a9aac3dae487}</UniqueIdentifier>
    </Filter>
    <Filter Include="include\mygfx">
      <UniqueIdentifier>{401129c9-7c33-44f4-96fd-ce83cb682dd8}</UniqueIdentifier>
    </Filter>
    <Filter Include="src\mygfx">
      <UniqueIdentifier>{722ea8b2-d046-4a3a-9f57-ebd7e542be2e}</UniqueIdentifier>
    </Filter>
  </ItemGroup>
  <ItemGroup>
    <ClCompile Include="..\..\src\bx\os.cpp">
      <Filter>src\bx</Filter>
    </ClCompile>
    <ClCompile Include="..\..\src\bx\allocator.cpp">
      <Filter>src\bx</Filter>
    </ClCompile>
    <ClCompile Include="..\..\src\bx\bx.cpp">
      <Filter>src\bx</Filter>
    </ClCompile>
    <ClCompile Include="..\..\src\bx\commandline.cpp">
      <Filter>src\bx</Filter>
    </ClCompile>
    <ClCompile Include="..\..\src\bx\crtnone.cpp">
      <Filter>src\bx</Filter>
    </ClCompile>
    <ClCompile Include="..\..\src\bx\debug.cpp">
      <Filter>src\bx</Filter>
    </ClCompile>
    <ClCompile Include="..\..\src\bx\dtoa.cpp">
      <Filter>src\bx</Filter>
    </ClCompile>
    <ClCompile Include="..\..\src\bx\easing.cpp">
      <Filter>src\bx</Filter>
    </ClCompile>
    <ClCompile Include="..\..\src\bx\file.cpp">
      <Filter>src\bx</Filter>
    </ClCompile>
    <ClCompile Include="..\..\src\bx\filepath.cpp">
      <Filter>src\bx</Filter>
    </ClCompile>
    <ClCompile Include="..\..\src\bx\hash.cpp">
      <Filter>src\bx</Filter>
    </ClCompile>
    <ClCompile Include="..\..\src\bx\math.cpp">
      <Filter>src\bx</Filter>
    </ClCompile>
    <ClCompile Include="..\..\src\bx\mutex.cpp">
      <Filter>src\bx</Filter>
    </ClCompile>
    <ClCompile Include="..\..\src\bx\process.cpp">
      <Filter>src\bx</Filter>
    </ClCompile>
    <ClCompile Include="..\..\src\bx\semaphore.cpp">
      <Filter>src\bx</Filter>
    </ClCompile>
    <ClCompile Include="..\..\src\bx\settings.cpp">
      <Filter>src\bx</Filter>
    </ClCompile>
    <ClCompile Include="..\..\src\bx\sort.cpp">
      <Filter>src\bx</Filter>
    </ClCompile>
    <ClCompile Include="..\..\src\bx\string.cpp">
      <Filter>src\bx</Filter>
    </ClCompile>
    <ClCompile Include="..\..\src\bx\thread.cpp">
      <Filter>src\bx</Filter>
    </ClCompile>
    <ClCompile Include="..\..\src\bx\timer.cpp">
      <Filter>src\bx</Filter>
    </ClCompile>
    <ClCompile Include="..\..\src\bx\url.cpp">
      <Filter>src\bx</Filter>
    </ClCompile>
    <ClCompile Include="..\..\src\bimg\image.cpp">
      <Filter>src\bimg</Filter>
    </ClCompile>
    <ClCompile Include="..\..\src\bimg\image_cubemap_filter.cpp">
      <Filter>src\bimg</Filter>
    </ClCompile>
    <ClCompile Include="..\..\src\bimg\image_decode.cpp">
      <Filter>src\bimg</Filter>
    </ClCompile>
    <ClCompile Include="..\..\src\bimg\image_encode.cpp">
      <Filter>src\bimg</Filter>
    </ClCompile>
    <ClCompile Include="..\..\src\bimg\image_gnf.cpp">
      <Filter>src\bimg</Filter>
    </ClCompile>
    <ClCompile Include="..\..\3rdparty\iqa\source\convolve.c">
      <Filter>3rdparty\iqa\source</Filter>
    </ClCompile>
    <ClCompile Include="..\..\3rdparty\iqa\source\decimate.c">
      <Filter>3rdparty\iqa\source</Filter>
    </ClCompile>
    <ClCompile Include="..\..\3rdparty\iqa\source\math_utils.c">
      <Filter>3rdparty\iqa\source</Filter>
    </ClCompile>
    <ClCompile Include="..\..\3rdparty\iqa\source\ms_ssim.c">
      <Filter>3rdparty\iqa\source</Filter>
    </ClCompile>
    <ClCompile Include="..\..\3rdparty\iqa\source\mse.c">
      <Filter>3rdparty\iqa\source</Filter>
    </ClCompile>
    <ClCompile Include="..\..\3rdparty\iqa\source\psnr.c">
      <Filter>3rdparty\iqa\source</Filter>
    </ClCompile>
    <ClCompile Include="..\..\3rdparty\iqa\source\ssim.c">
      <Filter>3rdparty\iqa\source</Filter>
    </ClCompile>
    <ClCompile Include="..\..\3rdparty\astc\astc_averages_and_directions.cpp">
      <Filter>3rdparty\astc</Filter>
    </ClCompile>
    <ClCompile Include="..\..\3rdparty\astc\astc_block_sizes2.cpp">
      <Filter>3rdparty\astc</Filter>
    </ClCompile>
    <ClCompile Include="..\..\3rdparty\astc\astc_color_quantize.cpp">
      <Filter>3rdparty\astc</Filter>
    </ClCompile>
    <ClCompile Include="..\..\3rdparty\astc\astc_color_unquantize.cpp">
      <Filter>3rdparty\astc</Filter>
    </ClCompile>
    <ClCompile Include="..\..\3rdparty\astc\astc_compress_symbolic.cpp">
      <Filter>3rdparty\astc</Filter>
    </ClCompile>
    <ClCompile Include="..\..\3rdparty\astc\astc_compute_variance.cpp">
      <Filter>3rdparty\astc</Filter>
    </ClCompile>
    <ClCompile Include="..\..\3rdparty\astc\astc_decompress_symbolic.cpp">
      <Filter>3rdparty\astc</Filter>
    </ClCompile>
    <ClCompile Include="..\..\3rdparty\astc\astc_encoding_choice_error.cpp">
      <Filter>3rdparty\astc</Filter>
    </ClCompile>
    <ClCompile Include="..\..\3rdparty\astc\astc_find_best_partitioning.cpp">
      <Filter>3rdparty\astc</Filter>
    </ClCompile>
    <ClCompile Include="..\..\3rdparty\astc\astc_ideal_endpoints_and_weights.cpp">
      <Filter>3rdparty\astc</Filter>
    </ClCompile>
    <ClCompile Include="..\..\3rdparty\astc\astc_imageblock.cpp">
      <Filter>3rdparty\astc</Filter>
    </ClCompile>
    <ClCompile Include="..\..\3rdparty\astc\astc_integer_sequence.cpp">
      <Filter>3rdparty\astc</Filter>
    </ClCompile>
    <ClCompile Include="..\..\3rdparty\astc\astc_kmeans_partitioning.cpp">
      <Filter>3rdparty\astc</Filter>
    </ClCompile>
    <ClCompile Include="..\..\3rdparty\astc\astc_lib.cpp">
      <Filter>3rdparty\astc</Filter>
    </ClCompile>
    <ClCompile Include="..\..\3rdparty\astc\astc_partition_tables.cpp">
      <Filter>3rdparty\astc</Filter>
    </ClCompile>
    <ClCompile Include="..\..\3rdparty\astc\astc_percentile_tables.cpp">
      <Filter>3rdparty\astc</Filter>
    </ClCompile>
    <ClCompile Include="..\..\3rdparty\astc\astc_pick_best_endpoint_format.cpp">
      <Filter>3rdparty\astc</Filter>
    </ClCompile>
    <ClCompile Include="..\..\3rdparty\astc\astc_quantization.cpp">
      <Filter>3rdparty\astc</Filter>
    </ClCompile>
    <ClCompile Include="..\..\3rdparty\astc\astc_symbolic_physical.cpp">
      <Filter>3rdparty\astc</Filter>
    </ClCompile>
    <ClCompile Include="..\..\3rdparty\astc\astc_weight_align.cpp">
      <Filter>3rdparty\astc</Filter>
    </ClCompile>
    <ClCompile Include="..\..\3rdparty\astc\astc_weight_quant_xfer_tables.cpp">
      <Filter>3rdparty\astc</Filter>
    </ClCompile>
    <ClCompile Include="..\..\3rdparty\astc\mathlib.cpp">
      <Filter>3rdparty\astc</Filter>
    </ClCompile>
    <ClCompile Include="..\..\3rdparty\astc\softfloat.cpp">
      <Filter>3rdparty\astc</Filter>
    </ClCompile>
    <ClCompile Include="..\..\3rdparty\edtaa3\edtaa3func.cpp">
      <Filter>3rdparty\edtaa3</Filter>
    </ClCompile>
    <ClCompile Include="..\..\3rdparty\etc1\etc1.cpp">
      <Filter>3rdparty\etc1</Filter>
    </ClCompile>
    <ClCompile Include="..\..\3rdparty\etc2\ProcessRGB.cpp">
      <Filter>3rdparty\etc2</Filter>
    </ClCompile>
    <ClCompile Include="..\..\3rdparty\etc2\Tables.cpp">
      <Filter>3rdparty\etc2</Filter>
    </ClCompile>
    <ClCompile Include="..\..\3rdparty\libsquish\alpha.cpp">
      <Filter>3rdparty\libsquish</Filter>
    </ClCompile>
    <ClCompile Include="..\..\3rdparty\libsquish\clusterfit.cpp">
      <Filter>3rdparty\libsquish</Filter>
    </ClCompile>
    <ClCompile Include="..\..\3rdparty\libsquish\colourblock.cpp">
      <Filter>3rdparty\libsquish</Filter>
    </ClCompile>
    <ClCompile Include="..\..\3rdparty\libsquish\colourfit.cpp">
      <Filter>3rdparty\libsquish</Filter>
    </ClCompile>
    <ClCompile Include="..\..\3rdparty\libsquish\colourset.cpp">
      <Filter>3rdparty\libsquish</Filter>
    </ClCompile>
    <ClCompile Include="..\..\3rdparty\libsquish\maths.cpp">
      <Filter>3rdparty\libsquish</Filter>
    </ClCompile>
    <ClCompile Include="..\..\3rdparty\libsquish\rangefit.cpp">
      <Filter>3rdparty\libsquish</Filter>
    </ClCompile>
    <ClCompile Include="..\..\3rdparty\libsquish\singlecolourfit.cpp">
      <Filter>3rdparty\libsquish</Filter>
    </ClCompile>
    <ClCompile Include="..\..\3rdparty\libsquish\squish.cpp">
      <Filter>3rdparty\libsquish</Filter>
    </ClCompile>
    <ClCompile Include="..\..\3rdparty\pvrtc\BitScale.cpp">
      <Filter>3rdparty\pvrtc</Filter>
    </ClCompile>
    <ClCompile Include="..\..\3rdparty\pvrtc\MortonTable.cpp">
      <Filter>3rdparty\pvrtc</Filter>
    </ClCompile>
    <ClCompile Include="..\..\3rdparty\pvrtc\PvrTcDecoder.cpp">
      <Filter>3rdparty\pvrtc</Filter>
    </ClCompile>
    <ClCompile Include="..\..\3rdparty\pvrtc\PvrTcEncoder.cpp">
      <Filter>3rdparty\pvrtc</Filter>
    </ClCompile>
    <ClCompile Include="..\..\3rdparty\pvrtc\PvrTcPacket.cpp">
      <Filter>3rdparty\pvrtc</Filter>
    </ClCompile>
    <ClCompile Include="..\..\3rdparty\nvtt\nvtt.cpp">
      <Filter>3rdparty\nvtt</Filter>
    </ClCompile>
    <ClCompile Include="..\..\3rdparty\nvtt\bc6h\zoh.cpp">
      <Filter>3rdparty\nvtt\bc6h</Filter>
    </ClCompile>
    <ClCompile Include="..\..\3rdparty\nvtt\bc6h\zoh_utils.cpp">
      <Filter>3rdparty\nvtt\bc6h</Filter>
    </ClCompile>
    <ClCompile Include="..\..\3rdparty\nvtt\bc6h\zohone.cpp">
      <Filter>3rdparty\nvtt\bc6h</Filter>
    </ClCompile>
    <ClCompile Include="..\..\3rdparty\nvtt\bc6h\zohtwo.cpp">
      <Filter>3rdparty\nvtt\bc6h</Filter>
    </ClCompile>
    <ClCompile Include="..\..\3rdparty\nvtt\bc7\avpcl.cpp">
      <Filter>3rdparty\nvtt\bc7</Filter>
    </ClCompile>
    <ClCompile Include="..\..\3rdparty\nvtt\bc7\avpcl_mode0.cpp">
      <Filter>3rdparty\nvtt\bc7</Filter>
    </ClCompile>
    <ClCompile Include="..\..\3rdparty\nvtt\bc7\avpcl_mode1.cpp">
      <Filter>3rdparty\nvtt\bc7</Filter>
    </ClCompile>
    <ClCompile Include="..\..\3rdparty\nvtt\bc7\avpcl_mode2.cpp">
      <Filter>3rdparty\nvtt\bc7</Filter>
    </ClCompile>
    <ClCompile Include="..\..\3rdparty\nvtt\bc7\avpcl_mode3.cpp">
      <Filter>3rdparty\nvtt\bc7</Filter>
    </ClCompile>
    <ClCompile Include="..\..\3rdparty\nvtt\bc7\avpcl_mode4.cpp">
      <Filter>3rdparty\nvtt\bc7</Filter>
    </ClCompile>
    <ClCompile Include="..\..\3rdparty\nvtt\bc7\avpcl_mode5.cpp">
      <Filter>3rdparty\nvtt\bc7</Filter>
    </ClCompile>
    <ClCompile Include="..\..\3rdparty\nvtt\bc7\avpcl_mode6.cpp">
      <Filter>3rdparty\nvtt\bc7</Filter>
    </ClCompile>
    <ClCompile Include="..\..\3rdparty\nvtt\bc7\avpcl_mode7.cpp">
      <Filter>3rdparty\nvtt\bc7</Filter>
    </ClCompile>
    <ClCompile Include="..\..\3rdparty\nvtt\bc7\avpcl_utils.cpp">
      <Filter>3rdparty\nvtt\bc7</Filter>
    </ClCompile>
    <ClCompile Include="..\..\3rdparty\nvtt\nvmath\fitting.cpp">
      <Filter>3rdparty\nvtt\nvmath</Filter>
    </ClCompile>
    <ClCompile Include="..\..\src\mygfx\mygfx.cpp">
      <Filter>src\mygfx</Filter>
    </ClCompile>
    <ClCompile Include="..\..\src\mygfx\mygfx_p.h">
      <Filter>src\mygfx</Filter>
    </ClCompile>
  </ItemGroup>
  <ItemGroup>
    <ClInclude Include="..\..\include\bx\allocator.h">
      <Filter>include\bx</Filter>
    </ClInclude>
    <ClInclude Include="..\..\include\bx\bx.h">
      <Filter>include\bx</Filter>
    </ClInclude>
    <ClInclude Include="..\..\include\bx\commandline.h">
      <Filter>include\bx</Filter>
    </ClInclude>
    <ClInclude Include="..\..\include\bx\config.h">
      <Filter>include\bx</Filter>
    </ClInclude>
    <ClInclude Include="..\..\include\bx\cpu.h">
      <Filter>include\bx</Filter>
    </ClInclude>
    <ClInclude Include="..\..\include\bx\debug.h">
      <Filter>include\bx</Filter>
    </ClInclude>
    <ClInclude Include="..\..\include\bx\easing.h">
      <Filter>include\bx</Filter>
    </ClInclude>
    <ClInclude Include="..\..\include\bx\endian.h">
      <Filter>include\bx</Filter>
    </ClInclude>
    <ClInclude Include="..\..\include\bx\error.h">
      <Filter>include\bx</Filter>
    </ClInclude>
    <ClInclude Include="..\..\include\bx\file.h">
      <Filter>include\bx</Filter>
    </ClInclude>
    <ClInclude Include="..\..\include\bx\filepath.h">
      <Filter>include\bx</Filter>
    </ClInclude>
    <ClInclude Include="..\..\include\bx\float4x4_t.h">
      <Filter>include\bx</Filter>
    </ClInclude>
    <ClInclude Include="..\..\include\bx\handlealloc.h">
      <Filter>include\bx</Filter>
    </ClInclude>
    <ClInclude Include="..\..\include\bx\hash.h">
      <Filter>include\bx</Filter>
    </ClInclude>
    <ClInclude Include="..\..\include\bx\macros.h">
      <Filter>include\bx</Filter>
    </ClInclude>
    <ClInclude Include="..\..\include\bx\maputil.h">
      <Filter>include\bx</Filter>
    </ClInclude>
    <ClInclude Include="..\..\include\bx\math.h">
      <Filter>include\bx</Filter>
    </ClInclude>
    <ClInclude Include="..\..\include\bx\mpscqueue.h">
      <Filter>include\bx</Filter>
    </ClInclude>
    <ClInclude Include="..\..\include\bx\mutex.h">
      <Filter>include\bx</Filter>
    </ClInclude>
    <ClInclude Include="..\..\include\bx\os.h">
      <Filter>include\bx</Filter>
    </ClInclude>
    <ClInclude Include="..\..\include\bx\pixelformat.h">
      <Filter>include\bx</Filter>
    </ClInclude>
    <ClInclude Include="..\..\include\bx\platform.h">
      <Filter>include\bx</Filter>
    </ClInclude>
    <ClInclude Include="..\..\include\bx\process.h">
      <Filter>include\bx</Filter>
    </ClInclude>
    <ClInclude Include="..\..\include\bx\readerwriter.h">
      <Filter>include\bx</Filter>
    </ClInclude>
    <ClInclude Include="..\..\include\bx\ringbuffer.h">
      <Filter>include\bx</Filter>
    </ClInclude>
    <ClInclude Include="..\..\include\bx\rng.h">
      <Filter>include\bx</Filter>
    </ClInclude>
    <ClInclude Include="..\..\include\bx\semaphore.h">
      <Filter>include\bx</Filter>
    </ClInclude>
    <ClInclude Include="..\..\include\bx\settings.h">
      <Filter>include\bx</Filter>
    </ClInclude>
    <ClInclude Include="..\..\include\bx\simd_t.h">
      <Filter>include\bx</Filter>
    </ClInclude>
    <ClInclude Include="..\..\include\bx\sort.h">
      <Filter>include\bx</Filter>
    </ClInclude>
    <ClInclude Include="..\..\include\bx\spscqueue.h">
      <Filter>include\bx</Filter>
    </ClInclude>
    <ClInclude Include="..\..\include\bx\string.h">
      <Filter>include\bx</Filter>
    </ClInclude>
    <ClInclude Include="..\..\include\bx\thread.h">
      <Filter>include\bx</Filter>
    </ClInclude>
    <ClInclude Include="..\..\include\bx\timer.h">
      <Filter>include\bx</Filter>
    </ClInclude>
    <ClInclude Include="..\..\include\bx\uint32_t.h">
      <Filter>include\bx</Filter>
    </ClInclude>
    <ClInclude Include="..\..\include\bx\url.h">
      <Filter>include\bx</Filter>
    </ClInclude>
    <ClInclude Include="..\..\src\bx\bx_p.h">
      <Filter>src\bx</Filter>
    </ClInclude>
    <ClInclude Include="..\..\include\compat\msvc\alloca.h">
      <Filter>include\compat\msvc</Filter>
    </ClInclude>
    <ClInclude Include="..\..\include\compat\msvc\dirent.h">
      <Filter>include\compat\msvc</Filter>
    </ClInclude>
    <ClInclude Include="..\..\include\compat\msvc\inttypes.h">
      <Filter>include\compat\msvc</Filter>
    </ClInclude>
    <ClInclude Include="..\..\include\compat\msvc\stdbool.h">
      <Filter>include\compat\msvc</Filter>
    </ClInclude>
    <ClInclude Include="..\..\include\compat\msvc\pre1600\stdint.h">
      <Filter>include\compat\msvc\pre1600</Filter>
    </ClInclude>
    <ClInclude Include="..\..\include\bimg\bimg.h">
      <Filter>include\bimg</Filter>
    </ClInclude>
    <ClInclude Include="..\..\include\bimg\decode.h">
      <Filter>include\bimg</Filter>
    </ClInclude>
    <ClInclude Include="..\..\include\bimg\encode.h">
      <Filter>include\bimg</Filter>
    </ClInclude>
    <ClInclude Include="..\..\src\bimg\bimg_p.h">
      <Filter>src\bimg</Filter>
    </ClInclude>
    <ClInclude Include="..\..\3rdparty\iqa\include\convolve.h">
      <Filter>3rdparty\iqa\include</Filter>
    </ClInclude>
    <ClInclude Include="..\..\3rdparty\iqa\include\decimate.h">
      <Filter>3rdparty\iqa\include</Filter>
    </ClInclude>
    <ClInclude Include="..\..\3rdparty\iqa\include\iqa.h">
      <Filter>3rdparty\iqa\include</Filter>
    </ClInclude>
    <ClInclude Include="..\..\3rdparty\iqa\include\iqa_os.h">
      <Filter>3rdparty\iqa\include</Filter>
    </ClInclude>
    <ClInclude Include="..\..\3rdparty\iqa\include\math_utils.h">
      <Filter>3rdparty\iqa\include</Filter>
    </ClInclude>
    <ClInclude Include="..\..\3rdparty\iqa\include\ssim.h">
      <Filter>3rdparty\iqa\include</Filter>
    </ClInclude>
    <ClInclude Include="..\..\3rdparty\tinyexr\tinyexr.h">
      <Filter>3rdparty\tinyexr</Filter>
    </ClInclude>
    <ClInclude Include="..\..\3rdparty\astc\astc_codec_internals.h">
      <Filter>3rdparty\astc</Filter>
    </ClInclude>
    <ClInclude Include="..\..\3rdparty\astc\astc_lib.h">
      <Filter>3rdparty\astc</Filter>
    </ClInclude>
    <ClInclude Include="..\..\3rdparty\astc\mathlib.h">
      <Filter>3rdparty\astc</Filter>
    </ClInclude>
    <ClInclude Include="..\..\3rdparty\astc\softfloat.h">
      <Filter>3rdparty\astc</Filter>
    </ClInclude>
    <ClInclude Include="..\..\3rdparty\astc\vectypes.h">
      <Filter>3rdparty\astc</Filter>
    </ClInclude>
    <ClInclude Include="..\..\3rdparty\edtaa3\edtaa3func.h">
      <Filter>3rdparty\edtaa3</Filter>
    </ClInclude>
    <ClInclude Include="..\..\3rdparty\etc1\etc1.h">
      <Filter>3rdparty\etc1</Filter>
    </ClInclude>
    <ClInclude Include="..\..\3rdparty\etc2\Math.hpp">
      <Filter>3rdparty\etc2</Filter>
    </ClInclude>
    <ClInclude Include="..\..\3rdparty\etc2\ProcessCommon.hpp">
      <Filter>3rdparty\etc2</Filter>
    </ClInclude>
    <ClInclude Include="..\..\3rdparty\etc2\ProcessRGB.hpp">
      <Filter>3rdparty\etc2</Filter>
    </ClInclude>
    <ClInclude Include="..\..\3rdparty\etc2\Tables.hpp">
      <Filter>3rdparty\etc2</Filter>
    </ClInclude>
    <ClInclude Include="..\..\3rdparty\etc2\Types.hpp">
      <Filter>3rdparty\etc2</Filter>
    </ClInclude>
    <ClInclude Include="..\..\3rdparty\etc2\Vector.hpp">
      <Filter>3rdparty\etc2</Filter>
    </ClInclude>
    <ClInclude Include="..\..\3rdparty\libsquish\alpha.h">
      <Filter>3rdparty\libsquish</Filter>
    </ClInclude>
    <ClInclude Include="..\..\3rdparty\libsquish\clusterfit.h">
      <Filter>3rdparty\libsquish</Filter>
    </ClInclude>
    <ClInclude Include="..\..\3rdparty\libsquish\colourblock.h">
      <Filter>3rdparty\libsquish</Filter>
    </ClInclude>
    <ClInclude Include="..\..\3rdparty\libsquish\colourfit.h">
      <Filter>3rdparty\libsquish</Filter>
    </ClInclude>
    <ClInclude Include="..\..\3rdparty\libsquish\colourset.h">
      <Filter>3rdparty\libsquish</Filter>
    </ClInclude>
    <ClInclude Include="..\..\3rdparty\libsquish\config.h">
      <Filter>3rdparty\libsquish</Filter>
    </ClInclude>
    <ClInclude Include="..\..\3rdparty\libsquish\maths.h">
      <Filter>3rdparty\libsquish</Filter>
    </ClInclude>
    <ClInclude Include="..\..\3rdparty\libsquish\rangefit.h">
      <Filter>3rdparty\libsquish</Filter>
    </ClInclude>
    <ClInclude Include="..\..\3rdparty\libsquish\simd.h">
      <Filter>3rdparty\libsquish</Filter>
    </ClInclude>
    <ClInclude Include="..\..\3rdparty\libsquish\simd_float.h">
      <Filter>3rdparty\libsquish</Filter>
    </ClInclude>
    <ClInclude Include="..\..\3rdparty\libsquish\singlecolourfit.h">
      <Filter>3rdparty\libsquish</Filter>
    </ClInclude>
    <ClInclude Include="..\..\3rdparty\libsquish\squish.h">
      <Filter>3rdparty\libsquish</Filter>
    </ClInclude>
    <ClInclude Include="..\..\3rdparty\pvrtc\AlphaBitmap.h">
      <Filter>3rdparty\pvrtc</Filter>
    </ClInclude>
    <ClInclude Include="..\..\3rdparty\pvrtc\Bitmap.h">
      <Filter>3rdparty\pvrtc</Filter>
    </ClInclude>
    <ClInclude Include="..\..\3rdparty\pvrtc\BitScale.h">
      <Filter>3rdparty\pvrtc</Filter>
    </ClInclude>
    <ClInclude Include="..\..\3rdparty\pvrtc\BitUtility.h">
      <Filter>3rdparty\pvrtc</Filter>
    </ClInclude>
    <ClInclude Include="..\..\3rdparty\pvrtc\ColorRgba.h">
      <Filter>3rdparty\pvrtc</Filter>
    </ClInclude>
    <ClInclude Include="..\..\3rdparty\pvrtc\Interval.h">
      <Filter>3rdparty\pvrtc</Filter>
    </ClInclude>
    <ClInclude Include="..\..\3rdparty\pvrtc\MortonTable.h">
      <Filter>3rdparty\pvrtc</Filter>
    </ClInclude>
    <ClInclude Include="..\..\3rdparty\pvrtc\Point2.h">
      <Filter>3rdparty\pvrtc</Filter>
    </ClInclude>
    <ClInclude Include="..\..\3rdparty\pvrtc\PvrTcDecoder.h">
      <Filter>3rdparty\pvrtc</Filter>
    </ClInclude>
    <ClInclude Include="..\..\3rdparty\pvrtc\PvrTcEncoder.h">
      <Filter>3rdparty\pvrtc</Filter>
    </ClInclude>
    <ClInclude Include="..\..\3rdparty\pvrtc\PvrTcPacket.h">
      <Filter>3rdparty\pvrtc</Filter>
    </ClInclude>
    <ClInclude Include="..\..\3rdparty\pvrtc\RgbaBitmap.h">
      <Filter>3rdparty\pvrtc</Filter>
    </ClInclude>
    <ClInclude Include="..\..\3rdparty\pvrtc\RgbBitmap.h">
      <Filter>3rdparty\pvrtc</Filter>
    </ClInclude>
    <ClInclude Include="..\..\3rdparty\nvtt\nvtt.h">
      <Filter>3rdparty\nvtt</Filter>
    </ClInclude>
    <ClInclude Include="..\..\3rdparty\nvtt\bc6h\bits.h">
      <Filter>3rdparty\nvtt\bc6h</Filter>
    </ClInclude>
    <ClInclude Include="..\..\3rdparty\nvtt\bc6h\shapes_two.h">
      <Filter>3rdparty\nvtt\bc6h</Filter>
    </ClInclude>
    <ClInclude Include="..\..\3rdparty\nvtt\bc6h\tile.h">
      <Filter>3rdparty\nvtt\bc6h</Filter>
    </ClInclude>
    <ClInclude Include="..\..\3rdparty\nvtt\bc6h\zoh.h">
      <Filter>3rdparty\nvtt\bc6h</Filter>
    </ClInclude>
    <ClInclude Include="..\..\3rdparty\nvtt\bc6h\zoh_utils.h">
      <Filter>3rdparty\nvtt\bc6h</Filter>
    </ClInclude>
    <ClInclude Include="..\..\3rdparty\nvtt\bc7\avpcl.h">
      <Filter>3rdparty\nvtt\bc7</Filter>
    </ClInclude>
    <ClInclude Include="..\..\3rdparty\nvtt\bc7\avpcl_utils.h">
      <Filter>3rdparty\nvtt\bc7</Filter>
    </ClInclude>
    <ClInclude Include="..\..\3rdparty\nvtt\bc7\bits.h">
      <Filter>3rdparty\nvtt\bc7</Filter>
    </ClInclude>
    <ClInclude Include="..\..\3rdparty\nvtt\bc7\endpts.h">
      <Filter>3rdparty\nvtt\bc7</Filter>
    </ClInclude>
    <ClInclude Include="..\..\3rdparty\nvtt\bc7\shapes_three.h">
      <Filter>3rdparty\nvtt\bc7</Filter>
    </ClInclude>
    <ClInclude Include="..\..\3rdparty\nvtt\bc7\shapes_two.h">
      <Filter>3rdparty\nvtt\bc7</Filter>
    </ClInclude>
    <ClInclude Include="..\..\3rdparty\nvtt\bc7\tile.h">
      <Filter>3rdparty\nvtt\bc7</Filter>
    </ClInclude>
    <ClInclude Include="..\..\3rdparty\nvtt\nvmath\fitting.h">
      <Filter>3rdparty\nvtt\nvmath</Filter>
    </ClInclude>
    <ClInclude Include="..\..\3rdparty\nvtt\nvmath\matrix.h">
      <Filter>3rdparty\nvtt\nvmath</Filter>
    </ClInclude>
    <ClInclude Include="..\..\3rdparty\nvtt\nvmath\nvmath.h">
      <Filter>3rdparty\nvtt\nvmath</Filter>
    </ClInclude>
    <ClInclude Include="..\..\3rdparty\nvtt\nvmath\plane.h">
      <Filter>3rdparty\nvtt\nvmath</Filter>
    </ClInclude>
    <ClInclude Include="..\..\3rdparty\nvtt\nvmath\vector.h">
      <Filter>3rdparty\nvtt\nvmath</Filter>
    </ClInclude>
    <ClInclude Include="..\..\3rdparty\nvtt\nvcore\array.h">
      <Filter>3rdparty\nvtt\nvcore</Filter>
    </ClInclude>
    <ClInclude Include="..\..\3rdparty\nvtt\nvcore\debug.h">
      <Filter>3rdparty\nvtt\nvcore</Filter>
    </ClInclude>
    <ClInclude Include="..\..\3rdparty\nvtt\nvcore\defsgnucdarwin.h">
      <Filter>3rdparty\nvtt\nvcore</Filter>
    </ClInclude>
    <ClInclude Include="..\..\3rdparty\nvtt\nvcore\defsgnuclinux.h">
      <Filter>3rdparty\nvtt\nvcore</Filter>
    </ClInclude>
    <ClInclude Include="..\..\3rdparty\nvtt\nvcore\defsgnucwin32.h">
      <Filter>3rdparty\nvtt\nvcore</Filter>
    </ClInclude>
    <ClInclude Include="..\..\3rdparty\nvtt\nvcore\defsvcwin32.h">
      <Filter>3rdparty\nvtt\nvcore</Filter>
    </ClInclude>
    <ClInclude Include="..\..\3rdparty\nvtt\nvcore\foreach.h">
      <Filter>3rdparty\nvtt\nvcore</Filter>
    </ClInclude>
    <ClInclude Include="..\..\3rdparty\nvtt\nvcore\hash.h">
      <Filter>3rdparty\nvtt\nvcore</Filter>
    </ClInclude>
    <ClInclude Include="..\..\3rdparty\nvtt\nvcore\memory.h">
      <Filter>3rdparty\nvtt\nvcore</Filter>
    </ClInclude>
    <ClInclude Include="..\..\3rdparty\nvtt\nvcore\nvcore.h">
      <Filter>3rdparty\nvtt\nvcore</Filter>
    </ClInclude>
    <ClInclude Include="..\..\3rdparty\nvtt\nvcore\posh.h">
      <Filter>3rdparty\nvtt\nvcore</Filter>
    </ClInclude>
    <ClInclude Include="..\..\3rdparty\nvtt\nvcore\stdstream.h">
      <Filter>3rdparty\nvtt\nvcore</Filter>
    </ClInclude>
    <ClInclude Include="..\..\3rdparty\nvtt\nvcore\stream.h">
      <Filter>3rdparty\nvtt\nvcore</Filter>
    </ClInclude>
    <ClInclude Include="..\..\3rdparty\nvtt\nvcore\strlib.h">
      <Filter>3rdparty\nvtt\nvcore</Filter>
    </ClInclude>
    <ClInclude Include="..\..\3rdparty\nvtt\nvcore\utils.h">
      <Filter>3rdparty\nvtt\nvcore</Filter>
    </ClInclude>
    <ClInclude Include="..\..\include\mygfx\defines.h">
      <Filter>include\mygfx</Filter>
    </ClInclude>
    <ClInclude Include="..\..\include\mygfx\mygfx.h">
      <Filter>include\mygfx</Filter>
    </ClInclude>
    <ClInclude Include="..\..\src\mygfx\config.h">
      <Filter>src\mygfx</Filter>
    </ClInclude>
    <ClInclude Include="..\..\include\mygfx\platform.h">
      <Filter>include\mygfx</Filter>
    </ClInclude>
    <ClInclude Include="..\..\src\mygfx\shader.h">
      <Filter>src\mygfx</Filter>
    </ClInclude>
    <ClInclude Include="..\..\src\mygfx\vertexdecl.h">
      <Filter>src\mygfx</Filter>
    </ClInclude>
    <ClInclude Include="..\..\src\mygfx\context.h">
      <Filter>src\mygfx</Filter>
    </ClInclude>
  </ItemGroup>
  <ItemGroup>
    <None Include="..\..\include\bx\inline\allocator.inl">
      <Filter>include\bx\inline</Filter>
    </None>
    <None Include="..\..\include\bx\inline\bx.inl">
      <Filter>include\bx\inline</Filter>
    </None>
    <None Include="..\..\include\bx\inline\cpu.inl">
      <Filter>include\bx\inline</Filter>
    </None>
    <None Include="..\..\include\bx\inline\easing.inl">
      <Filter>include\bx\inline</Filter>
    </None>
    <None Include="..\..\include\bx\inline\endian.inl">
      <Filter>include\bx\inline</Filter>
    </None>
    <None Include="..\..\include\bx\inline\error.inl">
      <Filter>include\bx\inline</Filter>
    </None>
    <None Include="..\..\include\bx\inline\float4x4_t.inl">
      <Filter>include\bx\inline</Filter>
    </None>
    <None Include="..\..\include\bx\inline\handlealloc.inl">
      <Filter>include\bx\inline</Filter>
    </None>
    <None Include="..\..\include\bx\inline\hash.inl">
      <Filter>include\bx\inline</Filter>
    </None>
    <None Include="..\..\include\bx\inline\math.inl">
      <Filter>include\bx\inline</Filter>
    </None>
    <None Include="..\..\include\bx\inline\mpscqueue.inl">
      <Filter>include\bx\inline</Filter>
    </None>
    <None Include="..\..\include\bx\inline\mutex.inl">
      <Filter>include\bx\inline</Filter>
    </None>
    <None Include="..\..\include\bx\inline\pixelformat.inl">
      <Filter>include\bx\inline</Filter>
    </None>
    <None Include="..\..\include\bx\inline\readerwriter.inl">
      <Filter>include\bx\inline</Filter>
    </None>
    <None Include="..\..\include\bx\inline\ringbuffer.inl">
      <Filter>include\bx\inline</Filter>
    </None>
    <None Include="..\..\include\bx\inline\rng.inl">
      <Filter>include\bx\inline</Filter>
    </None>
    <None Include="..\..\include\bx\inline\simd_ni.inl">
      <Filter>include\bx\inline</Filter>
    </None>
    <None Include="..\..\include\bx\inline\simd128_langext.inl">
      <Filter>include\bx\inline</Filter>
    </None>
    <None Include="..\..\include\bx\inline\simd128_neon.inl">
      <Filter>include\bx\inline</Filter>
    </None>
    <None Include="..\..\include\bx\inline\simd128_ref.inl">
      <Filter>include\bx\inline</Filter>
    </None>
    <None Include="..\..\include\bx\inline\simd128_sse.inl">
      <Filter>include\bx\inline</Filter>
    </None>
    <None Include="..\..\include\bx\inline\simd128_swizzle.inl">
      <Filter>include\bx\inline</Filter>
    </None>
    <None Include="..\..\include\bx\inline\simd256_avx.inl">
      <Filter>include\bx\inline</Filter>
    </None>
    <None Include="..\..\include\bx\inline\simd256_ref.inl">
      <Filter>include\bx\inline</Filter>
    </None>
    <None Include="..\..\include\bx\inline\sort.inl">
      <Filter>include\bx\inline</Filter>
    </None>
    <None Include="..\..\include\bx\inline\spscqueue.inl">
      <Filter>include\bx\inline</Filter>
    </None>
    <None Include="..\..\include\bx\inline\string.inl">
      <Filter>include\bx\inline</Filter>
    </None>
    <None Include="..\..\include\bx\inline\uint32_t.inl">
      <Filter>include\bx\inline</Filter>
    </None>
    <None Include="..\..\3rdparty\libsquish\LICENSE">
      <Filter>3rdparty\libsquish</Filter>
    </None>
    <None Include="..\..\3rdparty\libsquish\README">
      <Filter>3rdparty\libsquish</Filter>
    </None>
    <None Include="..\..\3rdparty\libsquish\singlecolourlookup.inl">
      <Filter>3rdparty\libsquish</Filter>
    </None>
    <None Include="..\..\3rdparty\pvrtc\README.md">
      <Filter>3rdparty\pvrtc</Filter>
    </None>
    <None Include="..\..\3rdparty\nvtt\nvmath\matrix.inl">
      <Filter>3rdparty\nvtt\nvmath</Filter>
    </None>
    <None Include="..\..\3rdparty\nvtt\nvmath\plane.inl">
      <Filter>3rdparty\nvtt\nvmath</Filter>
    </None>
    <None Include="..\..\3rdparty\nvtt\nvmath\vector.inl">
      <Filter>3rdparty\nvtt\nvmath</Filter>
    </None>
    <None Include="..\..\3rdparty\nvtt\nvcore\array.inl">
      <Filter>3rdparty\nvtt\nvcore</Filter>
    </None>
  </ItemGroup>
  <ItemGroup>
    <Text Include="..\..\3rdparty\astc\license.txt">
      <Filter>3rdparty\astc</Filter>
    </Text>
    <Text Include="..\..\3rdparty\astc\readme.txt">
      <Filter>3rdparty\astc</Filter>
    </Text>
    <Text Include="..\..\3rdparty\pvrtc\LICENSE.TXT">
      <Filter>3rdparty\pvrtc</Filter>
    </Text>
  </ItemGroup>
</Project>